<Solution>
  <Configurations>
    <Platform Name="Any CPU" />
    <Platform Name="x64" />
    <Platform Name="x86" />
  </Configurations>
  <Folder Name="/dev/">
    <Project Path="ApiCompare/ApiCompare.csproj" />
    <Project Path="Playground/Playground.csproj" />
  </Folder>
  <Folder Name="/lib/">
    <Project Path="Microsoft.Reactive.Testing.Async/Microsoft.Reactive.Testing.Async.csproj" />
    <Project Path="System.Reactive.Async/System.Reactive.Async.csproj" />
  </Folder>
  <Folder Name="/tests/">
    <Project Path="Tests.Microsoft.Reactive.Testing.Async/Tests.Microsoft.Reactive.Testing.Async.csproj" />
  </Folder>
</Solution>
