
Microsoft Visual Studio Solution File, Format Version 12.00
# Visual Studio 15
VisualStudioVersion = 15.0.26730.3
MinimumVisualStudioVersion = 15.0.26124.0
Project("{2150E333-8FDC-42A3-9474-1A3956D46DE8}") = "lib", "lib", "{1D64A210-F73A-4F91-9598-4C51865D105D}"
EndProject
Project("{9A19103F-16F7-4668-BE54-9A1E7A4F7556}") = "System.Reactive.Async", "System.Reactive.Async\System.Reactive.Async.csproj", "{AEDF2B02-F301-4AC6-9DBC-2744746D816A}"
EndProject
Project("{2150E333-8FDC-42A3-9474-1A3956D46DE8}") = "dev", "dev", "{7D5B343C-B34D-481C-8774-B6BB14BC1B22}"
EndProject
Project("{9A19103F-16F7-4668-BE54-9A1E7A4F7556}") = "Playground", "Playground\Playground.csproj", "{3B83795B-9870-43FA-82AF-95A44CF0194F}"
EndProject
Project("{9A19103F-16F7-4668-BE54-9A1E7A4F7556}") = "ApiCompare", "ApiCompare\ApiCompare.csproj", "{84F35A01-ECC4-4635-B702-77F6B18FD54C}"
EndProject
Project("{9A19103F-16F7-4668-BE54-9A1E7A4F7556}") = "System.Reactive.Shared", "System.Reactive.Shared\System.Reactive.Shared.csproj", "{09F10630-405B-4270-9AB6-0AB8F2EE6621}"
EndProject
Project("{9A19103F-16F7-4668-BE54-9A1E7A4F7556}") = "System.Reactive.Async.Concurrency", "System.Reactive.Async.Concurrency\System.Reactive.Async.Concurrency.csproj", "{2794CB27-C6A2-4156-A919-C033A9EE474E}"
EndProject
Project("{9A19103F-16F7-4668-BE54-9A1E7A4F7556}") = "System.Reactive.Async.Disposables", "System.Reactive.Async.Disposables\System.Reactive.Async.Disposables.csproj", "{CE5036FE-9B94-40CC-8084-26ACE74D806A}"
EndProject
Project("{9A19103F-16F7-4668-BE54-9A1E7A4F7556}") = "System.Reactive.Async.Interfaces", "System.Reactive.Async.Interfaces\System.Reactive.Async.Interfaces.csproj", "{B66081C4-2DE2-451C-AE3B-6D2A8B9BE0EE}"
EndProject
Project("{9A19103F-16F7-4668-BE54-9A1E7A4F7556}") = "System.Reactive.Async.Subjects", "System.Reactive.Async.Subjects\System.Reactive.Async.Subjects.csproj", "{31A2470C-29B0-45BD-A9E8-340E7BDA15B0}"
EndProject
Project("{9A19103F-16F7-4668-BE54-9A1E7A4F7556}") = "System.Reactive.Async.Linq", "System.Reactive.Async.Linq\System.Reactive.Async.Linq.csproj", "{D3A5AA1A-1E6F-43FD-B827-3015429D6E6D}"
EndProject
Project("{9A19103F-16F7-4668-BE54-9A1E7A4F7556}") = "System.Reactive.Bcl", "System.Reactive.Bcl\System.Reactive.Bcl.csproj", "{B709ED34-B782-4617-AE83-C0170A2EEE19}"
EndProject
Project("{9A19103F-16F7-4668-BE54-9A1E7A4F7556}") = "System.Reactive.Async.Core", "System.Reactive.Async.Core\System.Reactive.Async.Core.csproj", "{9D2E636E-1C4D-4130-908D-4174B6D7AC71}"
EndProject
Global
	GlobalSection(SolutionConfigurationPlatforms) = preSolution
		Debug|Any CPU = Debug|Any CPU
		Debug|x64 = Debug|x64
		Debug|x86 = Debug|x86
		Release|Any CPU = Release|Any CPU
		Release|x64 = Release|x64
		Release|x86 = Release|x86
	EndGlobalSection
	GlobalSection(ProjectConfigurationPlatforms) = postSolution
		{AEDF2B02-F301-4AC6-9DBC-2744746D816A}.Debug|Any CPU.ActiveCfg = Debug|Any CPU
		{AEDF2B02-F301-4AC6-9DBC-2744746D816A}.Debug|Any CPU.Build.0 = Debug|Any CPU
		{AEDF2B02-F301-4AC6-9DBC-2744746D816A}.Debug|x64.ActiveCfg = Debug|Any CPU
		{AEDF2B02-F301-4AC6-9DBC-2744746D816A}.Debug|x64.Build.0 = Debug|Any CPU
		{AEDF2B02-F301-4AC6-9DBC-2744746D816A}.Debug|x86.ActiveCfg = Debug|Any CPU
		{AEDF2B02-F301-4AC6-9DBC-2744746D816A}.Debug|x86.Build.0 = Debug|Any CPU
		{AEDF2B02-F301-4AC6-9DBC-2744746D816A}.Release|Any CPU.ActiveCfg = Release|Any CPU
		{AEDF2B02-F301-4AC6-9DBC-2744746D816A}.Release|Any CPU.Build.0 = Release|Any CPU
		{AEDF2B02-F301-4AC6-9DBC-2744746D816A}.Release|x64.ActiveCfg = Release|Any CPU
		{AEDF2B02-F301-4AC6-9DBC-2744746D816A}.Release|x64.Build.0 = Release|Any CPU
		{AEDF2B02-F301-4AC6-9DBC-2744746D816A}.Release|x86.ActiveCfg = Release|Any CPU
		{AEDF2B02-F301-4AC6-9DBC-2744746D816A}.Release|x86.Build.0 = Release|Any CPU
		{3B83795B-9870-43FA-82AF-95A44CF0194F}.Debug|Any CPU.ActiveCfg = Debug|Any CPU
		{3B83795B-9870-43FA-82AF-95A44CF0194F}.Debug|Any CPU.Build.0 = Debug|Any CPU
		{3B83795B-9870-43FA-82AF-95A44CF0194F}.Debug|x64.ActiveCfg = Debug|Any CPU
		{3B83795B-9870-43FA-82AF-95A44CF0194F}.Debug|x64.Build.0 = Debug|Any CPU
		{3B83795B-9870-43FA-82AF-95A44CF0194F}.Debug|x86.ActiveCfg = Debug|Any CPU
		{3B83795B-9870-43FA-82AF-95A44CF0194F}.Debug|x86.Build.0 = Debug|Any CPU
		{3B83795B-9870-43FA-82AF-95A44CF0194F}.Release|Any CPU.ActiveCfg = Release|Any CPU
		{3B83795B-9870-43FA-82AF-95A44CF0194F}.Release|Any CPU.Build.0 = Release|Any CPU
		{3B83795B-9870-43FA-82AF-95A44CF0194F}.Release|x64.ActiveCfg = Release|Any CPU
		{3B83795B-9870-43FA-82AF-95A44CF0194F}.Release|x64.Build.0 = Release|Any CPU
		{3B83795B-9870-43FA-82AF-95A44CF0194F}.Release|x86.ActiveCfg = Release|Any CPU
		{3B83795B-9870-43FA-82AF-95A44CF0194F}.Release|x86.Build.0 = Release|Any CPU
		{84F35A01-ECC4-4635-B702-77F6B18FD54C}.Debug|Any CPU.ActiveCfg = Debug|Any CPU
		{84F35A01-ECC4-4635-B702-77F6B18FD54C}.Debug|Any CPU.Build.0 = Debug|Any CPU
		{84F35A01-ECC4-4635-B702-77F6B18FD54C}.Debug|x64.ActiveCfg = Debug|Any CPU
		{84F35A01-ECC4-4635-B702-77F6B18FD54C}.Debug|x64.Build.0 = Debug|Any CPU
		{84F35A01-ECC4-4635-B702-77F6B18FD54C}.Debug|x86.ActiveCfg = Debug|Any CPU
		{84F35A01-ECC4-4635-B702-77F6B18FD54C}.Debug|x86.Build.0 = Debug|Any CPU
		{84F35A01-ECC4-4635-B702-77F6B18FD54C}.Release|Any CPU.ActiveCfg = Release|Any CPU
		{84F35A01-ECC4-4635-B702-77F6B18FD54C}.Release|Any CPU.Build.0 = Release|Any CPU
		{84F35A01-ECC4-4635-B702-77F6B18FD54C}.Release|x64.ActiveCfg = Release|Any CPU
		{84F35A01-ECC4-4635-B702-77F6B18FD54C}.Release|x64.Build.0 = Release|Any CPU
		{84F35A01-ECC4-4635-B702-77F6B18FD54C}.Release|x86.ActiveCfg = Release|Any CPU
		{84F35A01-ECC4-4635-B702-77F6B18FD54C}.Release|x86.Build.0 = Release|Any CPU
		{09F10630-405B-4270-9AB6-0AB8F2EE6621}.Debug|Any CPU.ActiveCfg = Debug|Any CPU
		{09F10630-405B-4270-9AB6-0AB8F2EE6621}.Debug|Any CPU.Build.0 = Debug|Any CPU
		{09F10630-405B-4270-9AB6-0AB8F2EE6621}.Debug|x64.ActiveCfg = Debug|Any CPU
		{09F10630-405B-4270-9AB6-0AB8F2EE6621}.Debug|x64.Build.0 = Debug|Any CPU
		{09F10630-405B-4270-9AB6-0AB8F2EE6621}.Debug|x86.ActiveCfg = Debug|Any CPU
		{09F10630-405B-4270-9AB6-0AB8F2EE6621}.Debug|x86.Build.0 = Debug|Any CPU
		{09F10630-405B-4270-9AB6-0AB8F2EE6621}.Release|Any CPU.ActiveCfg = Release|Any CPU
		{09F10630-405B-4270-9AB6-0AB8F2EE6621}.Release|Any CPU.Build.0 = Release|Any CPU
		{09F10630-405B-4270-9AB6-0AB8F2EE6621}.Release|x64.ActiveCfg = Release|Any CPU
		{09F10630-405B-4270-9AB6-0AB8F2EE6621}.Release|x64.Build.0 = Release|Any CPU
		{09F10630-405B-4270-9AB6-0AB8F2EE6621}.Release|x86.ActiveCfg = Release|Any CPU
		{09F10630-405B-4270-9AB6-0AB8F2EE6621}.Release|x86.Build.0 = Release|Any CPU
		{2794CB27-C6A2-4156-A919-C033A9EE474E}.Debug|Any CPU.ActiveCfg = Debug|Any CPU
		{2794CB27-C6A2-4156-A919-C033A9EE474E}.Debug|Any CPU.Build.0 = Debug|Any CPU
		{2794CB27-C6A2-4156-A919-C033A9EE474E}.Debug|x64.ActiveCfg = Debug|Any CPU
		{2794CB27-C6A2-4156-A919-C033A9EE474E}.Debug|x64.Build.0 = Debug|Any CPU
		{2794CB27-C6A2-4156-A919-C033A9EE474E}.Debug|x86.ActiveCfg = Debug|Any CPU
		{2794CB27-C6A2-4156-A919-C033A9EE474E}.Debug|x86.Build.0 = Debug|Any CPU
		{2794CB27-C6A2-4156-A919-C033A9EE474E}.Release|Any CPU.ActiveCfg = Release|Any CPU
		{2794CB27-C6A2-4156-A919-C033A9EE474E}.Release|Any CPU.Build.0 = Release|Any CPU
		{2794CB27-C6A2-4156-A919-C033A9EE474E}.Release|x64.ActiveCfg = Release|Any CPU
		{2794CB27-C6A2-4156-A919-C033A9EE474E}.Release|x64.Build.0 = Release|Any CPU
		{2794CB27-C6A2-4156-A919-C033A9EE474E}.Release|x86.ActiveCfg = Release|Any CPU
		{2794CB27-C6A2-4156-A919-C033A9EE474E}.Release|x86.Build.0 = Release|Any CPU
		{CE5036FE-9B94-40CC-8084-26ACE74D806A}.Debug|Any CPU.ActiveCfg = Debug|Any CPU
		{CE5036FE-9B94-40CC-8084-26ACE74D806A}.Debug|Any CPU.Build.0 = Debug|Any CPU
		{CE5036FE-9B94-40CC-8084-26ACE74D806A}.Debug|x64.ActiveCfg = Debug|Any CPU
		{CE5036FE-9B94-40CC-8084-26ACE74D806A}.Debug|x64.Build.0 = Debug|Any CPU
		{CE5036FE-9B94-40CC-8084-26ACE74D806A}.Debug|x86.ActiveCfg = Debug|Any CPU
		{CE5036FE-9B94-40CC-8084-26ACE74D806A}.Debug|x86.Build.0 = Debug|Any CPU
		{CE5036FE-9B94-40CC-8084-26ACE74D806A}.Release|Any CPU.ActiveCfg = Release|Any CPU
		{CE5036FE-9B94-40CC-8084-26ACE74D806A}.Release|Any CPU.Build.0 = Release|Any CPU
		{CE5036FE-9B94-40CC-8084-26ACE74D806A}.Release|x64.ActiveCfg = Release|Any CPU
		{CE5036FE-9B94-40CC-8084-26ACE74D806A}.Release|x64.Build.0 = Release|Any CPU
		{CE5036FE-9B94-40CC-8084-26ACE74D806A}.Release|x86.ActiveCfg = Release|Any CPU
		{CE5036FE-9B94-40CC-8084-26ACE74D806A}.Release|x86.Build.0 = Release|Any CPU
		{B66081C4-2DE2-451C-AE3B-6D2A8B9BE0EE}.Debug|Any CPU.ActiveCfg = Debug|Any CPU
		{B66081C4-2DE2-451C-AE3B-6D2A8B9BE0EE}.Debug|Any CPU.Build.0 = Debug|Any CPU
		{B66081C4-2DE2-451C-AE3B-6D2A8B9BE0EE}.Debug|x64.ActiveCfg = Debug|Any CPU
		{B66081C4-2DE2-451C-AE3B-6D2A8B9BE0EE}.Debug|x64.Build.0 = Debug|Any CPU
		{B66081C4-2DE2-451C-AE3B-6D2A8B9BE0EE}.Debug|x86.ActiveCfg = Debug|Any CPU
		{B66081C4-2DE2-451C-AE3B-6D2A8B9BE0EE}.Debug|x86.Build.0 = Debug|Any CPU
		{B66081C4-2DE2-451C-AE3B-6D2A8B9BE0EE}.Release|Any CPU.ActiveCfg = Release|Any CPU
		{B66081C4-2DE2-451C-AE3B-6D2A8B9BE0EE}.Release|Any CPU.Build.0 = Release|Any CPU
		{B66081C4-2DE2-451C-AE3B-6D2A8B9BE0EE}.Release|x64.ActiveCfg = Release|Any CPU
		{B66081C4-2DE2-451C-AE3B-6D2A8B9BE0EE}.Release|x64.Build.0 = Release|Any CPU
		{B66081C4-2DE2-451C-AE3B-6D2A8B9BE0EE}.Release|x86.ActiveCfg = Release|Any CPU
		{B66081C4-2DE2-451C-AE3B-6D2A8B9BE0EE}.Release|x86.Build.0 = Release|Any CPU
		{31A2470C-29B0-45BD-A9E8-340E7BDA15B0}.Debug|Any CPU.ActiveCfg = Debug|Any CPU
		{31A2470C-29B0-45BD-A9E8-340E7BDA15B0}.Debug|Any CPU.Build.0 = Debug|Any CPU
		{31A2470C-29B0-45BD-A9E8-340E7BDA15B0}.Debug|x64.ActiveCfg = Debug|Any CPU
		{31A2470C-29B0-45BD-A9E8-340E7BDA15B0}.Debug|x64.Build.0 = Debug|Any CPU
		{31A2470C-29B0-45BD-A9E8-340E7BDA15B0}.Debug|x86.ActiveCfg = Debug|Any CPU
		{31A2470C-29B0-45BD-A9E8-340E7BDA15B0}.Debug|x86.Build.0 = Debug|Any CPU
		{31A2470C-29B0-45BD-A9E8-340E7BDA15B0}.Release|Any CPU.ActiveCfg = Release|Any CPU
		{31A2470C-29B0-45BD-A9E8-340E7BDA15B0}.Release|Any CPU.Build.0 = Release|Any CPU
		{31A2470C-29B0-45BD-A9E8-340E7BDA15B0}.Release|x64.ActiveCfg = Release|Any CPU
		{31A2470C-29B0-45BD-A9E8-340E7BDA15B0}.Release|x64.Build.0 = Release|Any CPU
		{31A2470C-29B0-45BD-A9E8-340E7BDA15B0}.Release|x86.ActiveCfg = Release|Any CPU
		{31A2470C-29B0-45BD-A9E8-340E7BDA15B0}.Release|x86.Build.0 = Release|Any CPU
		{D3A5AA1A-1E6F-43FD-B827-3015429D6E6D}.Debug|Any CPU.ActiveCfg = Debug|Any CPU
		{D3A5AA1A-1E6F-43FD-B827-3015429D6E6D}.Debug|Any CPU.Build.0 = Debug|Any CPU
		{D3A5AA1A-1E6F-43FD-B827-3015429D6E6D}.Debug|x64.ActiveCfg = Debug|Any CPU
		{D3A5AA1A-1E6F-43FD-B827-3015429D6E6D}.Debug|x64.Build.0 = Debug|Any CPU
		{D3A5AA1A-1E6F-43FD-B827-3015429D6E6D}.Debug|x86.ActiveCfg = Debug|Any CPU
		{D3A5AA1A-1E6F-43FD-B827-3015429D6E6D}.Debug|x86.Build.0 = Debug|Any CPU
		{D3A5AA1A-1E6F-43FD-B827-3015429D6E6D}.Release|Any CPU.ActiveCfg = Release|Any CPU
		{D3A5AA1A-1E6F-43FD-B827-3015429D6E6D}.Release|Any CPU.Build.0 = Release|Any CPU
		{D3A5AA1A-1E6F-43FD-B827-3015429D6E6D}.Release|x64.ActiveCfg = Release|Any CPU
		{D3A5AA1A-1E6F-43FD-B827-3015429D6E6D}.Release|x64.Build.0 = Release|Any CPU
		{D3A5AA1A-1E6F-43FD-B827-3015429D6E6D}.Release|x86.ActiveCfg = Release|Any CPU
		{D3A5AA1A-1E6F-43FD-B827-3015429D6E6D}.Release|x86.Build.0 = Release|Any CPU
		{B709ED34-B782-4617-AE83-C0170A2EEE19}.Debug|Any CPU.ActiveCfg = Debug|Any CPU
		{B709ED34-B782-4617-AE83-C0170A2EEE19}.Debug|Any CPU.Build.0 = Debug|Any CPU
		{B709ED34-B782-4617-AE83-C0170A2EEE19}.Debug|x64.ActiveCfg = Debug|Any CPU
		{B709ED34-B782-4617-AE83-C0170A2EEE19}.Debug|x64.Build.0 = Debug|Any CPU
		{B709ED34-B782-4617-AE83-C0170A2EEE19}.Debug|x86.ActiveCfg = Debug|Any CPU
		{B709ED34-B782-4617-AE83-C0170A2EEE19}.Debug|x86.Build.0 = Debug|Any CPU
		{B709ED34-B782-4617-AE83-C0170A2EEE19}.Release|Any CPU.ActiveCfg = Release|Any CPU
		{B709ED34-B782-4617-AE83-C0170A2EEE19}.Release|Any CPU.Build.0 = Release|Any CPU
		{B709ED34-B782-4617-AE83-C0170A2EEE19}.Release|x64.ActiveCfg = Release|Any CPU
		{B709ED34-B782-4617-AE83-C0170A2EEE19}.Release|x64.Build.0 = Release|Any CPU
		{B709ED34-B782-4617-AE83-C0170A2EEE19}.Release|x86.ActiveCfg = Release|Any CPU
		{B709ED34-B782-4617-AE83-C0170A2EEE19}.Release|x86.Build.0 = Release|Any CPU
		{9D2E636E-1C4D-4130-908D-4174B6D7AC71}.Debug|Any CPU.ActiveCfg = Debug|Any CPU
		{9D2E636E-1C4D-4130-908D-4174B6D7AC71}.Debug|Any CPU.Build.0 = Debug|Any CPU
		{9D2E636E-1C4D-4130-908D-4174B6D7AC71}.Debug|x64.ActiveCfg = Debug|Any CPU
		{9D2E636E-1C4D-4130-908D-4174B6D7AC71}.Debug|x64.Build.0 = Debug|Any CPU
		{9D2E636E-1C4D-4130-908D-4174B6D7AC71}.Debug|x86.ActiveCfg = Debug|Any CPU
		{9D2E636E-1C4D-4130-908D-4174B6D7AC71}.Debug|x86.Build.0 = Debug|Any CPU
		{9D2E636E-1C4D-4130-908D-4174B6D7AC71}.Release|Any CPU.ActiveCfg = Release|Any CPU
		{9D2E636E-1C4D-4130-908D-4174B6D7AC71}.Release|Any CPU.Build.0 = Release|Any CPU
		{9D2E636E-1C4D-4130-908D-4174B6D7AC71}.Release|x64.ActiveCfg = Release|Any CPU
		{9D2E636E-1C4D-4130-908D-4174B6D7AC71}.Release|x64.Build.0 = Release|Any CPU
		{9D2E636E-1C4D-4130-908D-4174B6D7AC71}.Release|x86.ActiveCfg = Release|Any CPU
		{9D2E636E-1C4D-4130-908D-4174B6D7AC71}.Release|x86.Build.0 = Release|Any CPU
	EndGlobalSection
	GlobalSection(SolutionProperties) = preSolution
		HideSolutionNode = FALSE
	EndGlobalSection
	GlobalSection(NestedProjects) = preSolution
		{AEDF2B02-F301-4AC6-9DBC-2744746D816A} = {1D64A210-F73A-4F91-9598-4C51865D105D}
		{3B83795B-9870-43FA-82AF-95A44CF0194F} = {7D5B343C-B34D-481C-8774-B6BB14BC1B22}
		{84F35A01-ECC4-4635-B702-77F6B18FD54C} = {7D5B343C-B34D-481C-8774-B6BB14BC1B22}
		{09F10630-405B-4270-9AB6-0AB8F2EE6621} = {1D64A210-F73A-4F91-9598-4C51865D105D}
		{2794CB27-C6A2-4156-A919-C033A9EE474E} = {1D64A210-F73A-4F91-9598-4C51865D105D}
		{CE5036FE-9B94-40CC-8084-26ACE74D806A} = {1D64A210-F73A-4F91-9598-4C51865D105D}
		{B66081C4-2DE2-451C-AE3B-6D2A8B9BE0EE} = {1D64A210-F73A-4F91-9598-4C51865D105D}
		{31A2470C-29B0-45BD-A9E8-340E7BDA15B0} = {1D64A210-F73A-4F91-9598-4C51865D105D}
		{D3A5AA1A-1E6F-43FD-B827-3015429D6E6D} = {1D64A210-F73A-4F91-9598-4C51865D105D}
		{B709ED34-B782-4617-AE83-C0170A2EEE19} = {1D64A210-F73A-4F91-9598-4C51865D105D}
		{9D2E636E-1C4D-4130-908D-4174B6D7AC71} = {1D64A210-F73A-4F91-9598-4C51865D105D}
	EndGlobalSection
	GlobalSection(ExtensibilityGlobals) = postSolution
		SolutionGuid = {836C3B9A-682A-4E6F-8053-92BFC9D29D89}
	EndGlobalSection
EndGlobal
