
Microsoft Visual Studio Solution File, Format Version 12.00
# Visual Studio 2012
Project("{FAE04EC0-301F-11D3-BF4B-00C04F79EFBC}") = "ConsoleApp45", "ConsoleApp45\ConsoleApp45.csproj", "{B6121879-D99F-4F3E-BB7E-6A8FD21C8D23}"
EndProject
Project("{FAE04EC0-301F-11D3-BF4B-00C04F79EFBC}") = "PortableLibraryProfile78", "PortableLibraryProfile7\PortableLibraryProfile78.csproj", "{D1A0CCFC-74AB-411C-B031-8CAE34D128AE}"
EndProject
Project("{FAE04EC0-301F-11D3-BF4B-00C04F79EFBC}") = "ConsoleApp45_NoPlatformServices", "ConsoleApp45_NoPlatformServices\ConsoleApp45_NoPlatformServices.csproj", "{EFB25023-A3B1-49AE-97ED-381C3EB1C7DE}"
EndProject
Project("{FAE04EC0-301F-11D3-BF4B-00C04F79EFBC}") = "WpfApp45", "WpfApp45\WpfApp45.csproj", "{BC782FCE-D176-417B-B4CE-1DA8391BDD14}"
EndProject
Project("{FAE04EC0-301F-11D3-BF4B-00C04F79EFBC}") = "WinFormsApp45", "WinFormsApp45\WinFormsApp45.csproj", "{9BE013D1-B801-4AB3-B1A6-E7AE8B8340C7}"
EndProject
Project("{FAE04EC0-301F-11D3-BF4B-00C04F79EFBC}") = "WpfXbapApp45", "WpfXbapApp45\WpfXbapApp45.csproj", "{82B61A8E-30F3-4AF5-89F6-16FF74002A27}"
EndProject
Project("{FAE04EC0-301F-11D3-BF4B-00C04F79EFBC}") = "SilverlightApp5", "SilverlightApp5\SilverlightApp5.csproj", "{1F443979-B0CD-4AB2-B84E-E7EBF3DB47CB}"
EndProject
Project("{FAE04EC0-301F-11D3-BF4B-00C04F79EFBC}") = "SilverlightApp5_NoPlatformServices", "SilverlightApp5_NoPlatformServices\SilverlightApp5_NoPlatformServices.csproj", "{A5F7FB02-2C13-4136-802A-D437B2CC74D9}"
EndProject
Project("{FAE04EC0-301F-11D3-BF4B-00C04F79EFBC}") = "WindowsPhoneApp7", "WindowsPhoneApp7\WindowsPhoneApp7.csproj", "{FD823BD9-F491-47B5-BAFB-487F70C76CEB}"
EndProject
Project("{FAE04EC0-301F-11D3-BF4B-00C04F79EFBC}") = "WindowsPhoneApp7_NoPlatformServices", "WindowsPhoneApp7_NoPlatformServices\WindowsPhoneApp7_NoPlatformServices.csproj", "{6C94F10E-615F-4C3F-AE97-F4256871512D}"
EndProject
Project("{FAE04EC0-301F-11D3-BF4B-00C04F79EFBC}") = "WindowsPhoneAgent7", "WindowsPhoneAgent7\WindowsPhoneAgent7.csproj", "{2EC6C827-1C79-418E-AFAD-F19B04595132}"
EndProject
Project("{FAE04EC0-301F-11D3-BF4B-00C04F79EFBC}") = "WindowsStoreApp8", "WindowsStoreApp8\WindowsStoreApp8.csproj", "{3C5D57EF-E97C-460C-83B3-AE907343212C}"
EndProject
Project("{FAE04EC0-301F-11D3-BF4B-00C04F79EFBC}") = "ConsoleApp45_NuGet", "ConsoleApp45_NuGet\ConsoleApp45_NuGet.csproj", "{D29AD031-E726-4EDF-8AA8-8DD8817EC30F}"
EndProject
Project("{FAE04EC0-301F-11D3-BF4B-00C04F79EFBC}") = "WinFormsApp45_NuGet", "WinFormsApp45_NuGet\WinFormsApp45_NuGet.csproj", "{F0830B04-35BA-4159-B7A0-85D038875802}"
EndProject
Project("{FAE04EC0-301F-11D3-BF4B-00C04F79EFBC}") = "WpfApp45_NuGet", "WpfApp45_NuGet\WpfApp45_NuGet.csproj", "{9D77F3F8-3C10-4FF8-9E32-6FDA2A69852A}"
EndProject
Project("{FAE04EC0-301F-11D3-BF4B-00C04F79EFBC}") = "WpfXbapApp45_NuGet", "WpfXbapApp45_NuGet\WpfXbapApp45_NuGet.csproj", "{DD45DAA1-64CB-47A7-AE25-2382873BFD2F}"
EndProject
Project("{FAE04EC0-301F-11D3-BF4B-00C04F79EFBC}") = "WindowsPhoneApp7_NuGet", "WindowsPhoneApp7_NuGet\WindowsPhoneApp7_NuGet.csproj", "{3C4980E2-DA4E-4400-8C68-DE5DED6925F6}"
EndProject
Project("{FAE04EC0-301F-11D3-BF4B-00C04F79EFBC}") = "WindowsStoreApp8_NuGet", "WindowsStoreApp8_NuGet\WindowsStoreApp8_NuGet.csproj", "{5E52DD4D-85C0-41A7-BC2C-B8FF2838DEDE}"
EndProject
Project("{FAE04EC0-301F-11D3-BF4B-00C04F79EFBC}") = "WindowsPhoneApp8", "WindowsPhoneApp8\WindowsPhoneApp8.csproj", "{BE0AB9DB-781C-4551-A75F-6FE28A1C0FFE}"
EndProject
Project("{FAE04EC0-301F-11D3-BF4B-00C04F79EFBC}") = "WindowsPhoneAgent8", "WindowsPhoneAgent8\WindowsPhoneAgent8.csproj", "{851CE25F-2123-4136-9C92-F6176AE8BB73}"
EndProject
Project("{FAE04EC0-301F-11D3-BF4B-00C04F79EFBC}") = "PortableLibraryProfile78_NuGet", "PortableLibraryProfile78_NuGet\PortableLibraryProfile78_NuGet.csproj", "{A8EFF824-9D19-4A20-A59C-64846B9B9346}"
EndProject
Global
	GlobalSection(TeamFoundationVersionControl) = preSolution
		SccNumberOfProjects = 22
		SccEnterpriseProvider = {4CA58AB2-18FA-4F8D-95D4-32DDF27D184C}
		SccTeamFoundationServer = http://sqlbuvsts01:8080/main
		SccLocalPath0 = .
		SccProjectUniqueName1 = ConsoleApp45\\ConsoleApp45.csproj
		SccProjectName1 = ConsoleApp45
		SccLocalPath1 = ConsoleApp45
		SccProjectUniqueName2 = ConsoleApp45_NoPlatformServices\\ConsoleApp45_NoPlatformServices.csproj
		SccProjectName2 = ConsoleApp45_NoPlatformServices
		SccLocalPath2 = ConsoleApp45_NoPlatformServices
		SccProjectUniqueName3 = WpfApp45\\WpfApp45.csproj
		SccProjectName3 = WpfApp45
		SccLocalPath3 = WpfApp45
		SccProjectUniqueName4 = WinFormsApp45\\WinFormsApp45.csproj
		SccProjectName4 = WinFormsApp45
		SccLocalPath4 = WinFormsApp45
		SccProjectUniqueName5 = WpfXbapApp45\\WpfXbapApp45.csproj
		SccProjectName5 = WpfXbapApp45
		SccLocalPath5 = WpfXbapApp45
		SccProjectUniqueName6 = SilverlightApp5\\SilverlightApp5.csproj
		SccProjectName6 = SilverlightApp5
		SccLocalPath6 = SilverlightApp5
		SccProjectUniqueName7 = SilverlightApp5_NoPlatformServices\\SilverlightApp5_NoPlatformServices.csproj
		SccProjectName7 = SilverlightApp5_NoPlatformServices
		SccLocalPath7 = SilverlightApp5_NoPlatformServices
		SccProjectUniqueName8 = WindowsPhoneApp7\\WindowsPhoneApp7.csproj
		SccProjectName8 = WindowsPhoneApp7
		SccLocalPath8 = WindowsPhoneApp7
		SccProjectUniqueName9 = WindowsPhoneApp7_NoPlatformServices\\WindowsPhoneApp7_NoPlatformServices.csproj
		SccProjectName9 = WindowsPhoneApp7_NoPlatformServices
		SccLocalPath9 = WindowsPhoneApp7_NoPlatformServices
		SccProjectUniqueName10 = WindowsPhoneAgent7\\WindowsPhoneAgent7.csproj
		SccProjectName10 = WindowsPhoneAgent7
		SccLocalPath10 = WindowsPhoneAgent7
		SccProjectUniqueName11 = WindowsStoreApp8\\WindowsStoreApp8.csproj
		SccProjectName11 = WindowsStoreApp8
		SccLocalPath11 = WindowsStoreApp8
		SccProjectUniqueName12 = ConsoleApp45_NuGet\\ConsoleApp45_NuGet.csproj
		SccProjectName12 = ConsoleApp45_NuGet
		SccLocalPath12 = ConsoleApp45_NuGet
		SccProjectUniqueName13 = WinFormsApp45_NuGet\\WinFormsApp45_NuGet.csproj
		SccProjectName13 = WinFormsApp45_NuGet
		SccLocalPath13 = WinFormsApp45_NuGet
		SccProjectUniqueName14 = WpfApp45_NuGet\\WpfApp45_NuGet.csproj
		SccProjectName14 = WpfApp45_NuGet
		SccLocalPath14 = WpfApp45_NuGet
		SccProjectUniqueName15 = WpfXbapApp45_NuGet\\WpfXbapApp45_NuGet.csproj
		SccProjectName15 = WpfXbapApp45_NuGet
		SccLocalPath15 = WpfXbapApp45_NuGet
		SccProjectUniqueName16 = WindowsPhoneApp7_NuGet\\WindowsPhoneApp7_NuGet.csproj
		SccProjectName16 = WindowsPhoneApp7_NuGet
		SccLocalPath16 = WindowsPhoneApp7_NuGet
		SccProjectUniqueName17 = WindowsStoreApp8_NuGet\\WindowsStoreApp8_NuGet.csproj
		SccProjectName17 = WindowsStoreApp8_NuGet
		SccLocalPath17 = WindowsStoreApp8_NuGet
		SccProjectUniqueName18 = PortableLibraryProfile7\\PortableLibraryProfile78.csproj
		SccProjectName18 = PortableLibraryProfile7
		SccLocalPath18 = PortableLibraryProfile7
		SccProjectUniqueName19 = WindowsPhoneApp8\\WindowsPhoneApp8.csproj
		SccProjectName19 = WindowsPhoneApp8
		SccLocalPath19 = WindowsPhoneApp8
		SccProjectUniqueName20 = WindowsPhoneAgent8\\WindowsPhoneAgent8.csproj
		SccProjectName20 = WindowsPhoneAgent8
		SccLocalPath20 = WindowsPhoneAgent8
		SccProjectUniqueName21 = PortableLibraryProfile78_NuGet\\PortableLibraryProfile78_NuGet.csproj
		SccProjectName21 = PortableLibraryProfile78_NuGet
		SccLocalPath21 = PortableLibraryProfile78_NuGet
	EndGlobalSection
	GlobalSection(SolutionConfigurationPlatforms) = preSolution
		Debug|Any CPU = Debug|Any CPU
		Debug|ARM = Debug|ARM
		Debug|x64 = Debug|x64
		Debug|x86 = Debug|x86
		Release|Any CPU = Release|Any CPU
		Release|ARM = Release|ARM
		Release|x64 = Release|x64
		Release|x86 = Release|x86
	EndGlobalSection
	GlobalSection(ProjectConfigurationPlatforms) = postSolution
		{B6121879-D99F-4F3E-BB7E-6A8FD21C8D23}.Debug|Any CPU.ActiveCfg = Debug|Any CPU
		{B6121879-D99F-4F3E-BB7E-6A8FD21C8D23}.Debug|Any CPU.Build.0 = Debug|Any CPU
		{B6121879-D99F-4F3E-BB7E-6A8FD21C8D23}.Debug|ARM.ActiveCfg = Debug|Any CPU
		{B6121879-D99F-4F3E-BB7E-6A8FD21C8D23}.Debug|x64.ActiveCfg = Debug|Any CPU
		{B6121879-D99F-4F3E-BB7E-6A8FD21C8D23}.Debug|x86.ActiveCfg = Debug|Any CPU
		{B6121879-D99F-4F3E-BB7E-6A8FD21C8D23}.Release|Any CPU.ActiveCfg = Release|Any CPU
		{B6121879-D99F-4F3E-BB7E-6A8FD21C8D23}.Release|Any CPU.Build.0 = Release|Any CPU
		{B6121879-D99F-4F3E-BB7E-6A8FD21C8D23}.Release|ARM.ActiveCfg = Release|Any CPU
		{B6121879-D99F-4F3E-BB7E-6A8FD21C8D23}.Release|x64.ActiveCfg = Release|Any CPU
		{B6121879-D99F-4F3E-BB7E-6A8FD21C8D23}.Release|x86.ActiveCfg = Release|Any CPU
		{D1A0CCFC-74AB-411C-B031-8CAE34D128AE}.Debug|Any CPU.ActiveCfg = Debug|Any CPU
		{D1A0CCFC-74AB-411C-B031-8CAE34D128AE}.Debug|Any CPU.Build.0 = Debug|Any CPU
		{D1A0CCFC-74AB-411C-B031-8CAE34D128AE}.Debug|ARM.ActiveCfg = Debug|Any CPU
		{D1A0CCFC-74AB-411C-B031-8CAE34D128AE}.Debug|x64.ActiveCfg = Debug|Any CPU
		{D1A0CCFC-74AB-411C-B031-8CAE34D128AE}.Debug|x86.ActiveCfg = Debug|Any CPU
		{D1A0CCFC-74AB-411C-B031-8CAE34D128AE}.Release|Any CPU.ActiveCfg = Release|Any CPU
		{D1A0CCFC-74AB-411C-B031-8CAE34D128AE}.Release|Any CPU.Build.0 = Release|Any CPU
		{D1A0CCFC-74AB-411C-B031-8CAE34D128AE}.Release|ARM.ActiveCfg = Release|Any CPU
		{D1A0CCFC-74AB-411C-B031-8CAE34D128AE}.Release|x64.ActiveCfg = Release|Any CPU
		{D1A0CCFC-74AB-411C-B031-8CAE34D128AE}.Release|x86.ActiveCfg = Release|Any CPU
		{EFB25023-A3B1-49AE-97ED-381C3EB1C7DE}.Debug|Any CPU.ActiveCfg = Debug|Any CPU
		{EFB25023-A3B1-49AE-97ED-381C3EB1C7DE}.Debug|Any CPU.Build.0 = Debug|Any CPU
		{EFB25023-A3B1-49AE-97ED-381C3EB1C7DE}.Debug|ARM.ActiveCfg = Debug|Any CPU
		{EFB25023-A3B1-49AE-97ED-381C3EB1C7DE}.Debug|x64.ActiveCfg = Debug|Any CPU
		{EFB25023-A3B1-49AE-97ED-381C3EB1C7DE}.Debug|x86.ActiveCfg = Debug|Any CPU
		{EFB25023-A3B1-49AE-97ED-381C3EB1C7DE}.Release|Any CPU.ActiveCfg = Release|Any CPU
		{EFB25023-A3B1-49AE-97ED-381C3EB1C7DE}.Release|Any CPU.Build.0 = Release|Any CPU
		{EFB25023-A3B1-49AE-97ED-381C3EB1C7DE}.Release|ARM.ActiveCfg = Release|Any CPU
		{EFB25023-A3B1-49AE-97ED-381C3EB1C7DE}.Release|x64.ActiveCfg = Release|Any CPU
		{EFB25023-A3B1-49AE-97ED-381C3EB1C7DE}.Release|x86.ActiveCfg = Release|Any CPU
		{BC782FCE-D176-417B-B4CE-1DA8391BDD14}.Debug|Any CPU.ActiveCfg = Debug|Any CPU
		{BC782FCE-D176-417B-B4CE-1DA8391BDD14}.Debug|Any CPU.Build.0 = Debug|Any CPU
		{BC782FCE-D176-417B-B4CE-1DA8391BDD14}.Debug|ARM.ActiveCfg = Debug|Any CPU
		{BC782FCE-D176-417B-B4CE-1DA8391BDD14}.Debug|x64.ActiveCfg = Debug|Any CPU
		{BC782FCE-D176-417B-B4CE-1DA8391BDD14}.Debug|x86.ActiveCfg = Debug|Any CPU
		{BC782FCE-D176-417B-B4CE-1DA8391BDD14}.Release|Any CPU.ActiveCfg = Release|Any CPU
		{BC782FCE-D176-417B-B4CE-1DA8391BDD14}.Release|Any CPU.Build.0 = Release|Any CPU
		{BC782FCE-D176-417B-B4CE-1DA8391BDD14}.Release|ARM.ActiveCfg = Release|Any CPU
		{BC782FCE-D176-417B-B4CE-1DA8391BDD14}.Release|x64.ActiveCfg = Release|Any CPU
		{BC782FCE-D176-417B-B4CE-1DA8391BDD14}.Release|x86.ActiveCfg = Release|Any CPU
		{9BE013D1-B801-4AB3-B1A6-E7AE8B8340C7}.Debug|Any CPU.ActiveCfg = Debug|Any CPU
		{9BE013D1-B801-4AB3-B1A6-E7AE8B8340C7}.Debug|Any CPU.Build.0 = Debug|Any CPU
		{9BE013D1-B801-4AB3-B1A6-E7AE8B8340C7}.Debug|ARM.ActiveCfg = Debug|Any CPU
		{9BE013D1-B801-4AB3-B1A6-E7AE8B8340C7}.Debug|x64.ActiveCfg = Debug|Any CPU
		{9BE013D1-B801-4AB3-B1A6-E7AE8B8340C7}.Debug|x86.ActiveCfg = Debug|Any CPU
		{9BE013D1-B801-4AB3-B1A6-E7AE8B8340C7}.Release|Any CPU.ActiveCfg = Release|Any CPU
		{9BE013D1-B801-4AB3-B1A6-E7AE8B8340C7}.Release|Any CPU.Build.0 = Release|Any CPU
		{9BE013D1-B801-4AB3-B1A6-E7AE8B8340C7}.Release|ARM.ActiveCfg = Release|Any CPU
		{9BE013D1-B801-4AB3-B1A6-E7AE8B8340C7}.Release|x64.ActiveCfg = Release|Any CPU
		{9BE013D1-B801-4AB3-B1A6-E7AE8B8340C7}.Release|x86.ActiveCfg = Release|Any CPU
		{82B61A8E-30F3-4AF5-89F6-16FF74002A27}.Debug|Any CPU.ActiveCfg = Debug|Any CPU
		{82B61A8E-30F3-4AF5-89F6-16FF74002A27}.Debug|Any CPU.Build.0 = Debug|Any CPU
		{82B61A8E-30F3-4AF5-89F6-16FF74002A27}.Debug|ARM.ActiveCfg = Debug|Any CPU
		{82B61A8E-30F3-4AF5-89F6-16FF74002A27}.Debug|x64.ActiveCfg = Debug|Any CPU
		{82B61A8E-30F3-4AF5-89F6-16FF74002A27}.Debug|x86.ActiveCfg = Debug|Any CPU
		{82B61A8E-30F3-4AF5-89F6-16FF74002A27}.Release|Any CPU.ActiveCfg = Release|Any CPU
		{82B61A8E-30F3-4AF5-89F6-16FF74002A27}.Release|Any CPU.Build.0 = Release|Any CPU
		{82B61A8E-30F3-4AF5-89F6-16FF74002A27}.Release|ARM.ActiveCfg = Release|Any CPU
		{82B61A8E-30F3-4AF5-89F6-16FF74002A27}.Release|x64.ActiveCfg = Release|Any CPU
		{82B61A8E-30F3-4AF5-89F6-16FF74002A27}.Release|x86.ActiveCfg = Release|Any CPU
		{1F443979-B0CD-4AB2-B84E-E7EBF3DB47CB}.Debug|Any CPU.ActiveCfg = Debug|Any CPU
		{1F443979-B0CD-4AB2-B84E-E7EBF3DB47CB}.Debug|Any CPU.Build.0 = Debug|Any CPU
		{1F443979-B0CD-4AB2-B84E-E7EBF3DB47CB}.Debug|ARM.ActiveCfg = Debug|Any CPU
		{1F443979-B0CD-4AB2-B84E-E7EBF3DB47CB}.Debug|x64.ActiveCfg = Debug|Any CPU
		{1F443979-B0CD-4AB2-B84E-E7EBF3DB47CB}.Debug|x86.ActiveCfg = Debug|Any CPU
		{1F443979-B0CD-4AB2-B84E-E7EBF3DB47CB}.Release|Any CPU.ActiveCfg = Release|Any CPU
		{1F443979-B0CD-4AB2-B84E-E7EBF3DB47CB}.Release|Any CPU.Build.0 = Release|Any CPU
		{1F443979-B0CD-4AB2-B84E-E7EBF3DB47CB}.Release|ARM.ActiveCfg = Release|Any CPU
		{1F443979-B0CD-4AB2-B84E-E7EBF3DB47CB}.Release|x64.ActiveCfg = Release|Any CPU
		{1F443979-B0CD-4AB2-B84E-E7EBF3DB47CB}.Release|x86.ActiveCfg = Release|Any CPU
		{A5F7FB02-2C13-4136-802A-D437B2CC74D9}.Debug|Any CPU.ActiveCfg = Debug|Any CPU
		{A5F7FB02-2C13-4136-802A-D437B2CC74D9}.Debug|Any CPU.Build.0 = Debug|Any CPU
		{A5F7FB02-2C13-4136-802A-D437B2CC74D9}.Debug|ARM.ActiveCfg = Debug|Any CPU
		{A5F7FB02-2C13-4136-802A-D437B2CC74D9}.Debug|x64.ActiveCfg = Debug|Any CPU
		{A5F7FB02-2C13-4136-802A-D437B2CC74D9}.Debug|x86.ActiveCfg = Debug|Any CPU
		{A5F7FB02-2C13-4136-802A-D437B2CC74D9}.Release|Any CPU.ActiveCfg = Release|Any CPU
		{A5F7FB02-2C13-4136-802A-D437B2CC74D9}.Release|Any CPU.Build.0 = Release|Any CPU
		{A5F7FB02-2C13-4136-802A-D437B2CC74D9}.Release|ARM.ActiveCfg = Release|Any CPU
		{A5F7FB02-2C13-4136-802A-D437B2CC74D9}.Release|x64.ActiveCfg = Release|Any CPU
		{A5F7FB02-2C13-4136-802A-D437B2CC74D9}.Release|x86.ActiveCfg = Release|Any CPU
		{FD823BD9-F491-47B5-BAFB-487F70C76CEB}.Debug|Any CPU.ActiveCfg = Debug|Any CPU
		{FD823BD9-F491-47B5-BAFB-487F70C76CEB}.Debug|Any CPU.Build.0 = Debug|Any CPU
		{FD823BD9-F491-47B5-BAFB-487F70C76CEB}.Debug|Any CPU.Deploy.0 = Debug|Any CPU
		{FD823BD9-F491-47B5-BAFB-487F70C76CEB}.Debug|ARM.ActiveCfg = Debug|Any CPU
		{FD823BD9-F491-47B5-BAFB-487F70C76CEB}.Debug|x64.ActiveCfg = Debug|Any CPU
		{FD823BD9-F491-47B5-BAFB-487F70C76CEB}.Debug|x86.ActiveCfg = Debug|Any CPU
		{FD823BD9-F491-47B5-BAFB-487F70C76CEB}.Release|Any CPU.ActiveCfg = Release|Any CPU
		{FD823BD9-F491-47B5-BAFB-487F70C76CEB}.Release|Any CPU.Build.0 = Release|Any CPU
		{FD823BD9-F491-47B5-BAFB-487F70C76CEB}.Release|Any CPU.Deploy.0 = Release|Any CPU
		{FD823BD9-F491-47B5-BAFB-487F70C76CEB}.Release|ARM.ActiveCfg = Release|Any CPU
		{FD823BD9-F491-47B5-BAFB-487F70C76CEB}.Release|x64.ActiveCfg = Release|Any CPU
		{FD823BD9-F491-47B5-BAFB-487F70C76CEB}.Release|x86.ActiveCfg = Release|Any CPU
		{6C94F10E-615F-4C3F-AE97-F4256871512D}.Debug|Any CPU.ActiveCfg = Debug|Any CPU
		{6C94F10E-615F-4C3F-AE97-F4256871512D}.Debug|Any CPU.Build.0 = Debug|Any CPU
		{6C94F10E-615F-4C3F-AE97-F4256871512D}.Debug|Any CPU.Deploy.0 = Debug|Any CPU
		{6C94F10E-615F-4C3F-AE97-F4256871512D}.Debug|ARM.ActiveCfg = Debug|Any CPU
		{6C94F10E-615F-4C3F-AE97-F4256871512D}.Debug|x64.ActiveCfg = Debug|Any CPU
		{6C94F10E-615F-4C3F-AE97-F4256871512D}.Debug|x86.ActiveCfg = Debug|Any CPU
		{6C94F10E-615F-4C3F-AE97-F4256871512D}.Release|Any CPU.ActiveCfg = Release|Any CPU
		{6C94F10E-615F-4C3F-AE97-F4256871512D}.Release|Any CPU.Build.0 = Release|Any CPU
		{6C94F10E-615F-4C3F-AE97-F4256871512D}.Release|Any CPU.Deploy.0 = Release|Any CPU
		{6C94F10E-615F-4C3F-AE97-F4256871512D}.Release|ARM.ActiveCfg = Release|Any CPU
		{6C94F10E-615F-4C3F-AE97-F4256871512D}.Release|x64.ActiveCfg = Release|Any CPU
		{6C94F10E-615F-4C3F-AE97-F4256871512D}.Release|x86.ActiveCfg = Release|Any CPU
		{2EC6C827-1C79-418E-AFAD-F19B04595132}.Debug|Any CPU.ActiveCfg = Debug|Any CPU
		{2EC6C827-1C79-418E-AFAD-F19B04595132}.Debug|Any CPU.Build.0 = Debug|Any CPU
		{2EC6C827-1C79-418E-AFAD-F19B04595132}.Debug|ARM.ActiveCfg = Debug|Any CPU
		{2EC6C827-1C79-418E-AFAD-F19B04595132}.Debug|x64.ActiveCfg = Debug|Any CPU
		{2EC6C827-1C79-418E-AFAD-F19B04595132}.Debug|x86.ActiveCfg = Debug|Any CPU
		{2EC6C827-1C79-418E-AFAD-F19B04595132}.Release|Any CPU.ActiveCfg = Release|Any CPU
		{2EC6C827-1C79-418E-AFAD-F19B04595132}.Release|Any CPU.Build.0 = Release|Any CPU
		{2EC6C827-1C79-418E-AFAD-F19B04595132}.Release|ARM.ActiveCfg = Release|Any CPU
		{2EC6C827-1C79-418E-AFAD-F19B04595132}.Release|x64.ActiveCfg = Release|Any CPU
		{2EC6C827-1C79-418E-AFAD-F19B04595132}.Release|x86.ActiveCfg = Release|Any CPU
		{3C5D57EF-E97C-460C-83B3-AE907343212C}.Debug|Any CPU.ActiveCfg = Debug|Any CPU
		{3C5D57EF-E97C-460C-83B3-AE907343212C}.Debug|Any CPU.Build.0 = Debug|Any CPU
		{3C5D57EF-E97C-460C-83B3-AE907343212C}.Debug|Any CPU.Deploy.0 = Debug|Any CPU
		{3C5D57EF-E97C-460C-83B3-AE907343212C}.Debug|ARM.ActiveCfg = Debug|ARM
		{3C5D57EF-E97C-460C-83B3-AE907343212C}.Debug|ARM.Build.0 = Debug|ARM
		{3C5D57EF-E97C-460C-83B3-AE907343212C}.Debug|ARM.Deploy.0 = Debug|ARM
		{3C5D57EF-E97C-460C-83B3-AE907343212C}.Debug|x64.ActiveCfg = Debug|x64
		{3C5D57EF-E97C-460C-83B3-AE907343212C}.Debug|x64.Build.0 = Debug|x64
		{3C5D57EF-E97C-460C-83B3-AE907343212C}.Debug|x64.Deploy.0 = Debug|x64
		{3C5D57EF-E97C-460C-83B3-AE907343212C}.Debug|x86.ActiveCfg = Debug|x86
		{3C5D57EF-E97C-460C-83B3-AE907343212C}.Debug|x86.Build.0 = Debug|x86
		{3C5D57EF-E97C-460C-83B3-AE907343212C}.Debug|x86.Deploy.0 = Debug|x86
		{3C5D57EF-E97C-460C-83B3-AE907343212C}.Release|Any CPU.ActiveCfg = Release|Any CPU
		{3C5D57EF-E97C-460C-83B3-AE907343212C}.Release|Any CPU.Build.0 = Release|Any CPU
		{3C5D57EF-E97C-460C-83B3-AE907343212C}.Release|Any CPU.Deploy.0 = Release|Any CPU
		{3C5D57EF-E97C-460C-83B3-AE907343212C}.Release|ARM.ActiveCfg = Release|ARM
		{3C5D57EF-E97C-460C-83B3-AE907343212C}.Release|ARM.Build.0 = Release|ARM
		{3C5D57EF-E97C-460C-83B3-AE907343212C}.Release|ARM.Deploy.0 = Release|ARM
		{3C5D57EF-E97C-460C-83B3-AE907343212C}.Release|x64.ActiveCfg = Release|x64
		{3C5D57EF-E97C-460C-83B3-AE907343212C}.Release|x64.Build.0 = Release|x64
		{3C5D57EF-E97C-460C-83B3-AE907343212C}.Release|x64.Deploy.0 = Release|x64
		{3C5D57EF-E97C-460C-83B3-AE907343212C}.Release|x86.ActiveCfg = Release|x86
		{3C5D57EF-E97C-460C-83B3-AE907343212C}.Release|x86.Build.0 = Release|x86
		{3C5D57EF-E97C-460C-83B3-AE907343212C}.Release|x86.Deploy.0 = Release|x86
		{D29AD031-E726-4EDF-8AA8-8DD8817EC30F}.Debug|Any CPU.ActiveCfg = Debug|Any CPU
		{D29AD031-E726-4EDF-8AA8-8DD8817EC30F}.Debug|Any CPU.Build.0 = Debug|Any CPU
		{D29AD031-E726-4EDF-8AA8-8DD8817EC30F}.Debug|ARM.ActiveCfg = Debug|Any CPU
		{D29AD031-E726-4EDF-8AA8-8DD8817EC30F}.Debug|x64.ActiveCfg = Debug|Any CPU
		{D29AD031-E726-4EDF-8AA8-8DD8817EC30F}.Debug|x86.ActiveCfg = Debug|Any CPU
		{D29AD031-E726-4EDF-8AA8-8DD8817EC30F}.Release|Any CPU.ActiveCfg = Release|Any CPU
		{D29AD031-E726-4EDF-8AA8-8DD8817EC30F}.Release|Any CPU.Build.0 = Release|Any CPU
		{D29AD031-E726-4EDF-8AA8-8DD8817EC30F}.Release|ARM.ActiveCfg = Release|Any CPU
		{D29AD031-E726-4EDF-8AA8-8DD8817EC30F}.Release|x64.ActiveCfg = Release|Any CPU
		{D29AD031-E726-4EDF-8AA8-8DD8817EC30F}.Release|x86.ActiveCfg = Release|Any CPU
		{F0830B04-35BA-4159-B7A0-85D038875802}.Debug|Any CPU.ActiveCfg = Debug|Any CPU
		{F0830B04-35BA-4159-B7A0-85D038875802}.Debug|Any CPU.Build.0 = Debug|Any CPU
		{F0830B04-35BA-4159-B7A0-85D038875802}.Debug|ARM.ActiveCfg = Debug|Any CPU
		{F0830B04-35BA-4159-B7A0-85D038875802}.Debug|x64.ActiveCfg = Debug|Any CPU
		{F0830B04-35BA-4159-B7A0-85D038875802}.Debug|x86.ActiveCfg = Debug|Any CPU
		{F0830B04-35BA-4159-B7A0-85D038875802}.Release|Any CPU.ActiveCfg = Release|Any CPU
		{F0830B04-35BA-4159-B7A0-85D038875802}.Release|Any CPU.Build.0 = Release|Any CPU
		{F0830B04-35BA-4159-B7A0-85D038875802}.Release|ARM.ActiveCfg = Release|Any CPU
		{F0830B04-35BA-4159-B7A0-85D038875802}.Release|x64.ActiveCfg = Release|Any CPU
		{F0830B04-35BA-4159-B7A0-85D038875802}.Release|x86.ActiveCfg = Release|Any CPU
		{9D77F3F8-3C10-4FF8-9E32-6FDA2A69852A}.Debug|Any CPU.ActiveCfg = Debug|Any CPU
		{9D77F3F8-3C10-4FF8-9E32-6FDA2A69852A}.Debug|Any CPU.Build.0 = Debug|Any CPU
		{9D77F3F8-3C10-4FF8-9E32-6FDA2A69852A}.Debug|ARM.ActiveCfg = Debug|Any CPU
		{9D77F3F8-3C10-4FF8-9E32-6FDA2A69852A}.Debug|x64.ActiveCfg = Debug|Any CPU
		{9D77F3F8-3C10-4FF8-9E32-6FDA2A69852A}.Debug|x86.ActiveCfg = Debug|Any CPU
		{9D77F3F8-3C10-4FF8-9E32-6FDA2A69852A}.Release|Any CPU.ActiveCfg = Release|Any CPU
		{9D77F3F8-3C10-4FF8-9E32-6FDA2A69852A}.Release|Any CPU.Build.0 = Release|Any CPU
		{9D77F3F8-3C10-4FF8-9E32-6FDA2A69852A}.Release|ARM.ActiveCfg = Release|Any CPU
		{9D77F3F8-3C10-4FF8-9E32-6FDA2A69852A}.Release|x64.ActiveCfg = Release|Any CPU
		{9D77F3F8-3C10-4FF8-9E32-6FDA2A69852A}.Release|x86.ActiveCfg = Release|Any CPU
		{DD45DAA1-64CB-47A7-AE25-2382873BFD2F}.Debug|Any CPU.ActiveCfg = Debug|Any CPU
		{DD45DAA1-64CB-47A7-AE25-2382873BFD2F}.Debug|Any CPU.Build.0 = Debug|Any CPU
		{DD45DAA1-64CB-47A7-AE25-2382873BFD2F}.Debug|ARM.ActiveCfg = Debug|Any CPU
		{DD45DAA1-64CB-47A7-AE25-2382873BFD2F}.Debug|x64.ActiveCfg = Debug|Any CPU
		{DD45DAA1-64CB-47A7-AE25-2382873BFD2F}.Debug|x86.ActiveCfg = Debug|Any CPU
		{DD45DAA1-64CB-47A7-AE25-2382873BFD2F}.Release|Any CPU.ActiveCfg = Release|Any CPU
		{DD45DAA1-64CB-47A7-AE25-2382873BFD2F}.Release|Any CPU.Build.0 = Release|Any CPU
		{DD45DAA1-64CB-47A7-AE25-2382873BFD2F}.Release|ARM.ActiveCfg = Release|Any CPU
		{DD45DAA1-64CB-47A7-AE25-2382873BFD2F}.Release|x64.ActiveCfg = Release|Any CPU
		{DD45DAA1-64CB-47A7-AE25-2382873BFD2F}.Release|x86.ActiveCfg = Release|Any CPU
		{3C4980E2-DA4E-4400-8C68-DE5DED6925F6}.Debug|Any CPU.ActiveCfg = Debug|Any CPU
		{3C4980E2-DA4E-4400-8C68-DE5DED6925F6}.Debug|Any CPU.Build.0 = Debug|Any CPU
		{3C4980E2-DA4E-4400-8C68-DE5DED6925F6}.Debug|Any CPU.Deploy.0 = Debug|Any CPU
		{3C4980E2-DA4E-4400-8C68-DE5DED6925F6}.Debug|ARM.ActiveCfg = Debug|Any CPU
		{3C4980E2-DA4E-4400-8C68-DE5DED6925F6}.Debug|x64.ActiveCfg = Debug|Any CPU
		{3C4980E2-DA4E-4400-8C68-DE5DED6925F6}.Debug|x86.ActiveCfg = Debug|Any CPU
		{3C4980E2-DA4E-4400-8C68-DE5DED6925F6}.Release|Any CPU.ActiveCfg = Release|Any CPU
		{3C4980E2-DA4E-4400-8C68-DE5DED6925F6}.Release|Any CPU.Build.0 = Release|Any CPU
		{3C4980E2-DA4E-4400-8C68-DE5DED6925F6}.Release|Any CPU.Deploy.0 = Release|Any CPU
		{3C4980E2-DA4E-4400-8C68-DE5DED6925F6}.Release|ARM.ActiveCfg = Release|Any CPU
		{3C4980E2-DA4E-4400-8C68-DE5DED6925F6}.Release|x64.ActiveCfg = Release|Any CPU
		{3C4980E2-DA4E-4400-8C68-DE5DED6925F6}.Release|x86.ActiveCfg = Release|Any CPU
		{5E52DD4D-85C0-41A7-BC2C-B8FF2838DEDE}.Debug|Any CPU.ActiveCfg = Debug|Any CPU
		{5E52DD4D-85C0-41A7-BC2C-B8FF2838DEDE}.Debug|Any CPU.Build.0 = Debug|Any CPU
		{5E52DD4D-85C0-41A7-BC2C-B8FF2838DEDE}.Debug|Any CPU.Deploy.0 = Debug|Any CPU
		{5E52DD4D-85C0-41A7-BC2C-B8FF2838DEDE}.Debug|ARM.ActiveCfg = Debug|ARM
		{5E52DD4D-85C0-41A7-BC2C-B8FF2838DEDE}.Debug|ARM.Build.0 = Debug|ARM
		{5E52DD4D-85C0-41A7-BC2C-B8FF2838DEDE}.Debug|ARM.Deploy.0 = Debug|ARM
		{5E52DD4D-85C0-41A7-BC2C-B8FF2838DEDE}.Debug|x64.ActiveCfg = Debug|x64
		{5E52DD4D-85C0-41A7-BC2C-B8FF2838DEDE}.Debug|x64.Build.0 = Debug|x64
		{5E52DD4D-85C0-41A7-BC2C-B8FF2838DEDE}.Debug|x64.Deploy.0 = Debug|x64
		{5E52DD4D-85C0-41A7-BC2C-B8FF2838DEDE}.Debug|x86.ActiveCfg = Debug|x86
		{5E52DD4D-85C0-41A7-BC2C-B8FF2838DEDE}.Debug|x86.Build.0 = Debug|x86
		{5E52DD4D-85C0-41A7-BC2C-B8FF2838DEDE}.Debug|x86.Deploy.0 = Debug|x86
		{5E52DD4D-85C0-41A7-BC2C-B8FF2838DEDE}.Release|Any CPU.ActiveCfg = Release|Any CPU
		{5E52DD4D-85C0-41A7-BC2C-B8FF2838DEDE}.Release|Any CPU.Build.0 = Release|Any CPU
		{5E52DD4D-85C0-41A7-BC2C-B8FF2838DEDE}.Release|Any CPU.Deploy.0 = Release|Any CPU
		{5E52DD4D-85C0-41A7-BC2C-B8FF2838DEDE}.Release|ARM.ActiveCfg = Release|ARM
		{5E52DD4D-85C0-41A7-BC2C-B8FF2838DEDE}.Release|ARM.Build.0 = Release|ARM
		{5E52DD4D-85C0-41A7-BC2C-B8FF2838DEDE}.Release|ARM.Deploy.0 = Release|ARM
		{5E52DD4D-85C0-41A7-BC2C-B8FF2838DEDE}.Release|x64.ActiveCfg = Release|x64
		{5E52DD4D-85C0-41A7-BC2C-B8FF2838DEDE}.Release|x64.Build.0 = Release|x64
		{5E52DD4D-85C0-41A7-BC2C-B8FF2838DEDE}.Release|x64.Deploy.0 = Release|x64
		{5E52DD4D-85C0-41A7-BC2C-B8FF2838DEDE}.Release|x86.ActiveCfg = Release|x86
		{5E52DD4D-85C0-41A7-BC2C-B8FF2838DEDE}.Release|x86.Build.0 = Release|x86
		{5E52DD4D-85C0-41A7-BC2C-B8FF2838DEDE}.Release|x86.Deploy.0 = Release|x86
		{BE0AB9DB-781C-4551-A75F-6FE28A1C0FFE}.Debug|Any CPU.ActiveCfg = Debug|Any CPU
		{BE0AB9DB-781C-4551-A75F-6FE28A1C0FFE}.Debug|Any CPU.Build.0 = Debug|Any CPU
		{BE0AB9DB-781C-4551-A75F-6FE28A1C0FFE}.Debug|Any CPU.Deploy.0 = Debug|Any CPU
		{BE0AB9DB-781C-4551-A75F-6FE28A1C0FFE}.Debug|ARM.ActiveCfg = Debug|ARM
		{BE0AB9DB-781C-4551-A75F-6FE28A1C0FFE}.Debug|ARM.Build.0 = Debug|ARM
		{BE0AB9DB-781C-4551-A75F-6FE28A1C0FFE}.Debug|ARM.Deploy.0 = Debug|ARM
		{BE0AB9DB-781C-4551-A75F-6FE28A1C0FFE}.Debug|x64.ActiveCfg = Debug|Any CPU
		{BE0AB9DB-781C-4551-A75F-6FE28A1C0FFE}.Debug|x86.ActiveCfg = Debug|x86
		{BE0AB9DB-781C-4551-A75F-6FE28A1C0FFE}.Debug|x86.Build.0 = Debug|x86
		{BE0AB9DB-781C-4551-A75F-6FE28A1C0FFE}.Debug|x86.Deploy.0 = Debug|x86
		{BE0AB9DB-781C-4551-A75F-6FE28A1C0FFE}.Release|Any CPU.ActiveCfg = Release|Any CPU
		{BE0AB9DB-781C-4551-A75F-6FE28A1C0FFE}.Release|Any CPU.Build.0 = Release|Any CPU
		{BE0AB9DB-781C-4551-A75F-6FE28A1C0FFE}.Release|Any CPU.Deploy.0 = Release|Any CPU
		{BE0AB9DB-781C-4551-A75F-6FE28A1C0FFE}.Release|ARM.ActiveCfg = Release|ARM
		{BE0AB9DB-781C-4551-A75F-6FE28A1C0FFE}.Release|ARM.Build.0 = Release|ARM
		{BE0AB9DB-781C-4551-A75F-6FE28A1C0FFE}.Release|ARM.Deploy.0 = Release|ARM
		{BE0AB9DB-781C-4551-A75F-6FE28A1C0FFE}.Release|x64.ActiveCfg = Release|Any CPU
		{BE0AB9DB-781C-4551-A75F-6FE28A1C0FFE}.Release|x86.ActiveCfg = Release|x86
		{BE0AB9DB-781C-4551-A75F-6FE28A1C0FFE}.Release|x86.Build.0 = Release|x86
		{BE0AB9DB-781C-4551-A75F-6FE28A1C0FFE}.Release|x86.Deploy.0 = Release|x86
		{851CE25F-2123-4136-9C92-F6176AE8BB73}.Debug|Any CPU.ActiveCfg = Debug|Any CPU
		{851CE25F-2123-4136-9C92-F6176AE8BB73}.Debug|Any CPU.Build.0 = Debug|Any CPU
		{851CE25F-2123-4136-9C92-F6176AE8BB73}.Debug|ARM.ActiveCfg = Debug|ARM
		{851CE25F-2123-4136-9C92-F6176AE8BB73}.Debug|ARM.Build.0 = Debug|ARM
		{851CE25F-2123-4136-9C92-F6176AE8BB73}.Debug|x64.ActiveCfg = Debug|Any CPU
		{851CE25F-2123-4136-9C92-F6176AE8BB73}.Debug|x86.ActiveCfg = Debug|x86
		{851CE25F-2123-4136-9C92-F6176AE8BB73}.Debug|x86.Build.0 = Debug|x86
		{851CE25F-2123-4136-9C92-F6176AE8BB73}.Release|Any CPU.ActiveCfg = Release|Any CPU
		{851CE25F-2123-4136-9C92-F6176AE8BB73}.Release|Any CPU.Build.0 = Release|Any CPU
		{851CE25F-2123-4136-9C92-F6176AE8BB73}.Release|ARM.ActiveCfg = Release|ARM
		{851CE25F-2123-4136-9C92-F6176AE8BB73}.Release|ARM.Build.0 = Release|ARM
		{851CE25F-2123-4136-9C92-F6176AE8BB73}.Release|x64.ActiveCfg = Release|Any CPU
		{851CE25F-2123-4136-9C92-F6176AE8BB73}.Release|x86.ActiveCfg = Release|x86
		{851CE25F-2123-4136-9C92-F6176AE8BB73}.Release|x86.Build.0 = Release|x86
		{A8EFF824-9D19-4A20-A59C-64846B9B9346}.Debug|Any CPU.ActiveCfg = Debug|Any CPU
		{A8EFF824-9D19-4A20-A59C-64846B9B9346}.Debug|Any CPU.Build.0 = Debug|Any CPU
		{A8EFF824-9D19-4A20-A59C-64846B9B9346}.Debug|ARM.ActiveCfg = Debug|Any CPU
		{A8EFF824-9D19-4A20-A59C-64846B9B9346}.Debug|x64.ActiveCfg = Debug|Any CPU
		{A8EFF824-9D19-4A20-A59C-64846B9B9346}.Debug|x86.ActiveCfg = Debug|Any CPU
		{A8EFF824-9D19-4A20-A59C-64846B9B9346}.Release|Any CPU.ActiveCfg = Release|Any CPU
		{A8EFF824-9D19-4A20-A59C-64846B9B9346}.Release|Any CPU.Build.0 = Release|Any CPU
		{A8EFF824-9D19-4A20-A59C-64846B9B9346}.Release|ARM.ActiveCfg = Release|Any CPU
		{A8EFF824-9D19-4A20-A59C-64846B9B9346}.Release|x64.ActiveCfg = Release|Any CPU
		{A8EFF824-9D19-4A20-A59C-64846B9B9346}.Release|x86.ActiveCfg = Release|Any CPU
	EndGlobalSection
	GlobalSection(SolutionProperties) = preSolution
		HideSolutionNode = FALSE
	EndGlobalSection
EndGlobal
