Microsoft Visual Studio Solution File, Format Version 12.00
# Visual Studio 14
VisualStudioVersion = 14.0.24720.0
MinimumVisualStudioVersion = 10.0.40219.1
Project("{8BB2217D-0F2D-49D1-97BC-3654ED321F3B}") = "System.Reactive.Core", "System.Reactive.Core\System.Reactive.Core.xproj", "{FDA62C35-4174-44B0-BEBE-61E80B2515BA}"
EndProject
Project("{8BB2217D-0F2D-49D1-97BC-3654ED321F3B}") = "System.Reactive.Interfaces", "System.Reactive.Interfaces\System.Reactive.Interfaces.xproj", "{430061B8-8504-483F-A532-CEB69FF04128}"
EndProject
Project("{8BB2217D-0F2D-49D1-97BC-3654ED321F3B}") = "System.Reactive.Linq", "System.Reactive.Linq\System.Reactive.Linq.xproj", "{A5508FF0-93B9-4241-B666-07B05189C435}"
EndProject
Project("{8BB2217D-0F2D-49D1-97BC-3654ED321F3B}") = "System.Reactive.PlatformServices", "System.Reactive.PlatformServices\System.Reactive.PlatformServices.xproj", "{7DD3DDA0-0B73-4A7F-ACAF-15111AC2EB93}"
EndProject
Project("{8BB2217D-0F2D-49D1-97BC-3654ED321F3B}") = "System.Reactive.Observable.Aliases", "System.Reactive.Observable.Aliases\System.Reactive.Observable.Aliases.xproj", "{5965A929-C3E5-42AD-8328-3641F8967E72}"
EndProject
Project("{8BB2217D-0F2D-49D1-97BC-3654ED321F3B}") = "System.Reactive.Providers", "System.Reactive.Providers\System.Reactive.Providers.xproj", "{845E4FBF-A6C0-4870-9D1A-C832E262D956}"
EndProject
Project("{8BB2217D-0F2D-49D1-97BC-3654ED321F3B}") = "System.Reactive.Experimental", "System.Reactive.Experimental\System.Reactive.Experimental.xproj", "{FB2DB31D-FCFA-45CE-A3A8-7B7C14ECD77A}"
EndProject
Project("{8BB2217D-0F2D-49D1-97BC-3654ED321F3B}") = "System.Reactive.Windows.Threading", "System.Reactive.Windows.Threading\System.Reactive.Windows.Threading.xproj", "{C18C6FE5-7408-4F3B-B562-7A563E01701E}"
EndProject
Project("{8BB2217D-0F2D-49D1-97BC-3654ED321F3B}") = "System.Reactive.Runtime.Remoting", "System.Reactive.Runtime.Remoting\System.Reactive.Runtime.Remoting.xproj", "{A22F3131-6D20-4D67-9A9F-314FE3691EA1}"
EndProject
Project("{2150E333-8FDC-42A3-9474-1A3956D46DE8}") = "Core", "Core", "{0410EFCB-757C-46BA-99AA-A82A06A79F64}"
EndProject
Project("{2150E333-8FDC-42A3-9474-1A3956D46DE8}") = "Extra", "Extra", "{16A2D2FA-6D59-498E-8160-66518531792E}"
EndProject
Project("{8BB2217D-0F2D-49D1-97BC-3654ED321F3B}") = "System.Reactive.Windows.Forms", "System.Reactive.Windows.Forms\System.Reactive.Windows.Forms.xproj", "{C17D3BD1-222F-4DCC-BBF8-44A04399701B}"
EndProject
Project("{8BB2217D-0F2D-49D1-97BC-3654ED321F3B}") = "Microsoft.Reactive.Testing", "Microsoft.Reactive.Testing\Microsoft.Reactive.Testing.xproj", "{A0FA7FB5-BC2B-4E9F-9807-40BC26894AD5}"
EndProject
Project("{8BB2217D-0F2D-49D1-97BC-3654ED321F3B}") = "System.Reactive.WindowsRuntime", "System.Reactive.WindowsRuntime\System.Reactive.WindowsRuntime.xproj", "{4B697BE9-1D48-4855-9070-C9C5C3BD341C}"
EndProject
Global
	GlobalSection(SolutionConfigurationPlatforms) = preSolution
		Debug|Any CPU = Debug|Any CPU
		Debug35|Any CPU = Debug35|Any CPU
		Debug40|Any CPU = Debug40|Any CPU
		Debug45|Any CPU = Debug45|Any CPU
		Debug46|Any CPU = Debug46|Any CPU
		Debug8|Any CPU = Debug8|Any CPU
		Debug81|Any CPU = Debug81|Any CPU
		DebugCF35|Any CPU = DebugCF35|Any CPU
		DebugPL|Any CPU = DebugPL|Any CPU
		DebugPLLITE|Any CPU = DebugPLLITE|Any CPU
		DebugSL3|Any CPU = DebugSL3|Any CPU
		DebugSL4|Any CPU = DebugSL4|Any CPU
		DebugSL5|Any CPU = DebugSL5|Any CPU
		DebugWP7|Any CPU = DebugWP7|Any CPU
		DebugWP8|Any CPU = DebugWP8|Any CPU
		DebugXNA4|Any CPU = DebugXNA4|Any CPU
		Release|Any CPU = Release|Any CPU
		Release35|Any CPU = Release35|Any CPU
		Release40|Any CPU = Release40|Any CPU
		Release45|Any CPU = Release45|Any CPU
		Release46|Any CPU = Release46|Any CPU
		Release8|Any CPU = Release8|Any CPU
		Release81|Any CPU = Release81|Any CPU
		ReleaseCF35|Any CPU = ReleaseCF35|Any CPU
		ReleasePL|Any CPU = ReleasePL|Any CPU
		ReleasePLLITE|Any CPU = ReleasePLLITE|Any CPU
		ReleaseSL3|Any CPU = ReleaseSL3|Any CPU
		ReleaseSL4|Any CPU = ReleaseSL4|Any CPU
		ReleaseSL5|Any CPU = ReleaseSL5|Any CPU
		ReleaseWP7|Any CPU = ReleaseWP7|Any CPU
		ReleaseWP8|Any CPU = ReleaseWP8|Any CPU
		ReleaseXNA4|Any CPU = ReleaseXNA4|Any CPU
	EndGlobalSection
	GlobalSection(ProjectConfigurationPlatforms) = postSolution
		{FDA62C35-4174-44B0-BEBE-61E80B2515BA}.Debug|Any CPU.ActiveCfg = Debug|Any CPU
		{FDA62C35-4174-44B0-BEBE-61E80B2515BA}.Debug|Any CPU.Build.0 = Debug|Any CPU
		{FDA62C35-4174-44B0-BEBE-61E80B2515BA}.Debug35|Any CPU.ActiveCfg = Debug|Any CPU
		{FDA62C35-4174-44B0-BEBE-61E80B2515BA}.Debug35|Any CPU.Build.0 = Debug|Any CPU
		{FDA62C35-4174-44B0-BEBE-61E80B2515BA}.Debug40|Any CPU.ActiveCfg = Debug|Any CPU
		{FDA62C35-4174-44B0-BEBE-61E80B2515BA}.Debug40|Any CPU.Build.0 = Debug|Any CPU
		{FDA62C35-4174-44B0-BEBE-61E80B2515BA}.Debug45|Any CPU.ActiveCfg = Debug|Any CPU
		{FDA62C35-4174-44B0-BEBE-61E80B2515BA}.Debug45|Any CPU.Build.0 = Debug|Any CPU
		{FDA62C35-4174-44B0-BEBE-61E80B2515BA}.Debug46|Any CPU.ActiveCfg = Debug|Any CPU
		{FDA62C35-4174-44B0-BEBE-61E80B2515BA}.Debug46|Any CPU.Build.0 = Debug|Any CPU
		{FDA62C35-4174-44B0-BEBE-61E80B2515BA}.Debug8|Any CPU.ActiveCfg = Debug|Any CPU
		{FDA62C35-4174-44B0-BEBE-61E80B2515BA}.Debug8|Any CPU.Build.0 = Debug|Any CPU
		{FDA62C35-4174-44B0-BEBE-61E80B2515BA}.Debug81|Any CPU.ActiveCfg = Debug|Any CPU
		{FDA62C35-4174-44B0-BEBE-61E80B2515BA}.Debug81|Any CPU.Build.0 = Debug|Any CPU
		{FDA62C35-4174-44B0-BEBE-61E80B2515BA}.DebugCF35|Any CPU.ActiveCfg = Debug|Any CPU
		{FDA62C35-4174-44B0-BEBE-61E80B2515BA}.DebugCF35|Any CPU.Build.0 = Debug|Any CPU
		{FDA62C35-4174-44B0-BEBE-61E80B2515BA}.DebugPL|Any CPU.ActiveCfg = Debug|Any CPU
		{FDA62C35-4174-44B0-BEBE-61E80B2515BA}.DebugPL|Any CPU.Build.0 = Debug|Any CPU
		{FDA62C35-4174-44B0-BEBE-61E80B2515BA}.DebugPLLITE|Any CPU.ActiveCfg = Debug|Any CPU
		{FDA62C35-4174-44B0-BEBE-61E80B2515BA}.DebugPLLITE|Any CPU.Build.0 = Debug|Any CPU
		{FDA62C35-4174-44B0-BEBE-61E80B2515BA}.DebugSL3|Any CPU.ActiveCfg = Debug|Any CPU
		{FDA62C35-4174-44B0-BEBE-61E80B2515BA}.DebugSL3|Any CPU.Build.0 = Debug|Any CPU
		{FDA62C35-4174-44B0-BEBE-61E80B2515BA}.DebugSL4|Any CPU.ActiveCfg = Debug|Any CPU
		{FDA62C35-4174-44B0-BEBE-61E80B2515BA}.DebugSL4|Any CPU.Build.0 = Debug|Any CPU
		{FDA62C35-4174-44B0-BEBE-61E80B2515BA}.DebugSL5|Any CPU.ActiveCfg = Debug|Any CPU
		{FDA62C35-4174-44B0-BEBE-61E80B2515BA}.DebugSL5|Any CPU.Build.0 = Debug|Any CPU
		{FDA62C35-4174-44B0-BEBE-61E80B2515BA}.DebugWP7|Any CPU.ActiveCfg = Debug|Any CPU
		{FDA62C35-4174-44B0-BEBE-61E80B2515BA}.DebugWP7|Any CPU.Build.0 = Debug|Any CPU
		{FDA62C35-4174-44B0-BEBE-61E80B2515BA}.DebugWP8|Any CPU.ActiveCfg = Debug|Any CPU
		{FDA62C35-4174-44B0-BEBE-61E80B2515BA}.DebugWP8|Any CPU.Build.0 = Debug|Any CPU
		{FDA62C35-4174-44B0-BEBE-61E80B2515BA}.DebugXNA4|Any CPU.ActiveCfg = Debug|Any CPU
		{FDA62C35-4174-44B0-BEBE-61E80B2515BA}.DebugXNA4|Any CPU.Build.0 = Debug|Any CPU
		{FDA62C35-4174-44B0-BEBE-61E80B2515BA}.Release|Any CPU.ActiveCfg = Release|Any CPU
		{FDA62C35-4174-44B0-BEBE-61E80B2515BA}.Release|Any CPU.Build.0 = Release|Any CPU
		{FDA62C35-4174-44B0-BEBE-61E80B2515BA}.Release35|Any CPU.ActiveCfg = Release|Any CPU
		{FDA62C35-4174-44B0-BEBE-61E80B2515BA}.Release35|Any CPU.Build.0 = Release|Any CPU
		{FDA62C35-4174-44B0-BEBE-61E80B2515BA}.Release40|Any CPU.ActiveCfg = Release|Any CPU
		{FDA62C35-4174-44B0-BEBE-61E80B2515BA}.Release40|Any CPU.Build.0 = Release|Any CPU
		{FDA62C35-4174-44B0-BEBE-61E80B2515BA}.Release45|Any CPU.ActiveCfg = Release|Any CPU
		{FDA62C35-4174-44B0-BEBE-61E80B2515BA}.Release45|Any CPU.Build.0 = Release|Any CPU
		{FDA62C35-4174-44B0-BEBE-61E80B2515BA}.Release46|Any CPU.ActiveCfg = Release|Any CPU
		{FDA62C35-4174-44B0-BEBE-61E80B2515BA}.Release46|Any CPU.Build.0 = Release|Any CPU
		{FDA62C35-4174-44B0-BEBE-61E80B2515BA}.Release8|Any CPU.ActiveCfg = Release|Any CPU
		{FDA62C35-4174-44B0-BEBE-61E80B2515BA}.Release8|Any CPU.Build.0 = Release|Any CPU
		{FDA62C35-4174-44B0-BEBE-61E80B2515BA}.Release81|Any CPU.ActiveCfg = Release|Any CPU
		{FDA62C35-4174-44B0-BEBE-61E80B2515BA}.Release81|Any CPU.Build.0 = Release|Any CPU
		{FDA62C35-4174-44B0-BEBE-61E80B2515BA}.ReleaseCF35|Any CPU.ActiveCfg = Release|Any CPU
		{FDA62C35-4174-44B0-BEBE-61E80B2515BA}.ReleaseCF35|Any CPU.Build.0 = Release|Any CPU
		{FDA62C35-4174-44B0-BEBE-61E80B2515BA}.ReleasePL|Any CPU.ActiveCfg = Release|Any CPU
		{FDA62C35-4174-44B0-BEBE-61E80B2515BA}.ReleasePL|Any CPU.Build.0 = Release|Any CPU
		{FDA62C35-4174-44B0-BEBE-61E80B2515BA}.ReleasePLLITE|Any CPU.ActiveCfg = Release|Any CPU
		{FDA62C35-4174-44B0-BEBE-61E80B2515BA}.ReleasePLLITE|Any CPU.Build.0 = Release|Any CPU
		{FDA62C35-4174-44B0-BEBE-61E80B2515BA}.ReleaseSL3|Any CPU.ActiveCfg = Release|Any CPU
		{FDA62C35-4174-44B0-BEBE-61E80B2515BA}.ReleaseSL3|Any CPU.Build.0 = Release|Any CPU
		{FDA62C35-4174-44B0-BEBE-61E80B2515BA}.ReleaseSL4|Any CPU.ActiveCfg = Release|Any CPU
		{FDA62C35-4174-44B0-BEBE-61E80B2515BA}.ReleaseSL4|Any CPU.Build.0 = Release|Any CPU
		{FDA62C35-4174-44B0-BEBE-61E80B2515BA}.ReleaseSL5|Any CPU.ActiveCfg = Release|Any CPU
		{FDA62C35-4174-44B0-BEBE-61E80B2515BA}.ReleaseSL5|Any CPU.Build.0 = Release|Any CPU
		{FDA62C35-4174-44B0-BEBE-61E80B2515BA}.ReleaseWP7|Any CPU.ActiveCfg = Release|Any CPU
		{FDA62C35-4174-44B0-BEBE-61E80B2515BA}.ReleaseWP7|Any CPU.Build.0 = Release|Any CPU
		{FDA62C35-4174-44B0-BEBE-61E80B2515BA}.ReleaseWP8|Any CPU.ActiveCfg = Release|Any CPU
		{FDA62C35-4174-44B0-BEBE-61E80B2515BA}.ReleaseWP8|Any CPU.Build.0 = Release|Any CPU
		{FDA62C35-4174-44B0-BEBE-61E80B2515BA}.ReleaseXNA4|Any CPU.ActiveCfg = Release|Any CPU
		{FDA62C35-4174-44B0-BEBE-61E80B2515BA}.ReleaseXNA4|Any CPU.Build.0 = Release|Any CPU
		{430061B8-8504-483F-A532-CEB69FF04128}.Debug|Any CPU.ActiveCfg = Debug|Any CPU
		{430061B8-8504-483F-A532-CEB69FF04128}.Debug|Any CPU.Build.0 = Debug|Any CPU
		{430061B8-8504-483F-A532-CEB69FF04128}.Debug35|Any CPU.ActiveCfg = Debug|Any CPU
		{430061B8-8504-483F-A532-CEB69FF04128}.Debug35|Any CPU.Build.0 = Debug|Any CPU
		{430061B8-8504-483F-A532-CEB69FF04128}.Debug40|Any CPU.ActiveCfg = Debug|Any CPU
		{430061B8-8504-483F-A532-CEB69FF04128}.Debug40|Any CPU.Build.0 = Debug|Any CPU
		{430061B8-8504-483F-A532-CEB69FF04128}.Debug45|Any CPU.ActiveCfg = Debug|Any CPU
		{430061B8-8504-483F-A532-CEB69FF04128}.Debug45|Any CPU.Build.0 = Debug|Any CPU
		{430061B8-8504-483F-A532-CEB69FF04128}.Debug46|Any CPU.ActiveCfg = Debug|Any CPU
		{430061B8-8504-483F-A532-CEB69FF04128}.Debug46|Any CPU.Build.0 = Debug|Any CPU
		{430061B8-8504-483F-A532-CEB69FF04128}.Debug8|Any CPU.ActiveCfg = Debug|Any CPU
		{430061B8-8504-483F-A532-CEB69FF04128}.Debug8|Any CPU.Build.0 = Debug|Any CPU
		{430061B8-8504-483F-A532-CEB69FF04128}.Debug81|Any CPU.ActiveCfg = Debug|Any CPU
		{430061B8-8504-483F-A532-CEB69FF04128}.Debug81|Any CPU.Build.0 = Debug|Any CPU
		{430061B8-8504-483F-A532-CEB69FF04128}.DebugCF35|Any CPU.ActiveCfg = Debug|Any CPU
		{430061B8-8504-483F-A532-CEB69FF04128}.DebugCF35|Any CPU.Build.0 = Debug|Any CPU
		{430061B8-8504-483F-A532-CEB69FF04128}.DebugPL|Any CPU.ActiveCfg = Debug|Any CPU
		{430061B8-8504-483F-A532-CEB69FF04128}.DebugPL|Any CPU.Build.0 = Debug|Any CPU
		{430061B8-8504-483F-A532-CEB69FF04128}.DebugPLLITE|Any CPU.ActiveCfg = Debug|Any CPU
		{430061B8-8504-483F-A532-CEB69FF04128}.DebugPLLITE|Any CPU.Build.0 = Debug|Any CPU
		{430061B8-8504-483F-A532-CEB69FF04128}.DebugSL3|Any CPU.ActiveCfg = Debug|Any CPU
		{430061B8-8504-483F-A532-CEB69FF04128}.DebugSL3|Any CPU.Build.0 = Debug|Any CPU
		{430061B8-8504-483F-A532-CEB69FF04128}.DebugSL4|Any CPU.ActiveCfg = Debug|Any CPU
		{430061B8-8504-483F-A532-CEB69FF04128}.DebugSL4|Any CPU.Build.0 = Debug|Any CPU
		{430061B8-8504-483F-A532-CEB69FF04128}.DebugSL5|Any CPU.ActiveCfg = Debug|Any CPU
		{430061B8-8504-483F-A532-CEB69FF04128}.DebugSL5|Any CPU.Build.0 = Debug|Any CPU
		{430061B8-8504-483F-A532-CEB69FF04128}.DebugWP7|Any CPU.ActiveCfg = Debug|Any CPU
		{430061B8-8504-483F-A532-CEB69FF04128}.DebugWP7|Any CPU.Build.0 = Debug|Any CPU
		{430061B8-8504-483F-A532-CEB69FF04128}.DebugWP8|Any CPU.ActiveCfg = Debug|Any CPU
		{430061B8-8504-483F-A532-CEB69FF04128}.DebugWP8|Any CPU.Build.0 = Debug|Any CPU
		{430061B8-8504-483F-A532-CEB69FF04128}.DebugXNA4|Any CPU.ActiveCfg = Debug|Any CPU
		{430061B8-8504-483F-A532-CEB69FF04128}.DebugXNA4|Any CPU.Build.0 = Debug|Any CPU
		{430061B8-8504-483F-A532-CEB69FF04128}.Release|Any CPU.ActiveCfg = Release|Any CPU
		{430061B8-8504-483F-A532-CEB69FF04128}.Release|Any CPU.Build.0 = Release|Any CPU
		{430061B8-8504-483F-A532-CEB69FF04128}.Release35|Any CPU.ActiveCfg = Release|Any CPU
		{430061B8-8504-483F-A532-CEB69FF04128}.Release35|Any CPU.Build.0 = Release|Any CPU
		{430061B8-8504-483F-A532-CEB69FF04128}.Release40|Any CPU.ActiveCfg = Release|Any CPU
		{430061B8-8504-483F-A532-CEB69FF04128}.Release40|Any CPU.Build.0 = Release|Any CPU
		{430061B8-8504-483F-A532-CEB69FF04128}.Release45|Any CPU.ActiveCfg = Release|Any CPU
		{430061B8-8504-483F-A532-CEB69FF04128}.Release45|Any CPU.Build.0 = Release|Any CPU
		{430061B8-8504-483F-A532-CEB69FF04128}.Release46|Any CPU.ActiveCfg = Release|Any CPU
		{430061B8-8504-483F-A532-CEB69FF04128}.Release46|Any CPU.Build.0 = Release|Any CPU
		{430061B8-8504-483F-A532-CEB69FF04128}.Release8|Any CPU.ActiveCfg = Release|Any CPU
		{430061B8-8504-483F-A532-CEB69FF04128}.Release8|Any CPU.Build.0 = Release|Any CPU
		{430061B8-8504-483F-A532-CEB69FF04128}.Release81|Any CPU.ActiveCfg = Release|Any CPU
		{430061B8-8504-483F-A532-CEB69FF04128}.Release81|Any CPU.Build.0 = Release|Any CPU
		{430061B8-8504-483F-A532-CEB69FF04128}.ReleaseCF35|Any CPU.ActiveCfg = Release|Any CPU
		{430061B8-8504-483F-A532-CEB69FF04128}.ReleaseCF35|Any CPU.Build.0 = Release|Any CPU
		{430061B8-8504-483F-A532-CEB69FF04128}.ReleasePL|Any CPU.ActiveCfg = Release|Any CPU
		{430061B8-8504-483F-A532-CEB69FF04128}.ReleasePL|Any CPU.Build.0 = Release|Any CPU
		{430061B8-8504-483F-A532-CEB69FF04128}.ReleasePLLITE|Any CPU.ActiveCfg = Release|Any CPU
		{430061B8-8504-483F-A532-CEB69FF04128}.ReleasePLLITE|Any CPU.Build.0 = Release|Any CPU
		{430061B8-8504-483F-A532-CEB69FF04128}.ReleaseSL3|Any CPU.ActiveCfg = Release|Any CPU
		{430061B8-8504-483F-A532-CEB69FF04128}.ReleaseSL3|Any CPU.Build.0 = Release|Any CPU
		{430061B8-8504-483F-A532-CEB69FF04128}.ReleaseSL4|Any CPU.ActiveCfg = Release|Any CPU
		{430061B8-8504-483F-A532-CEB69FF04128}.ReleaseSL4|Any CPU.Build.0 = Release|Any CPU
		{430061B8-8504-483F-A532-CEB69FF04128}.ReleaseSL5|Any CPU.ActiveCfg = Release|Any CPU
		{430061B8-8504-483F-A532-CEB69FF04128}.ReleaseSL5|Any CPU.Build.0 = Release|Any CPU
		{430061B8-8504-483F-A532-CEB69FF04128}.ReleaseWP7|Any CPU.ActiveCfg = Release|Any CPU
		{430061B8-8504-483F-A532-CEB69FF04128}.ReleaseWP7|Any CPU.Build.0 = Release|Any CPU
		{430061B8-8504-483F-A532-CEB69FF04128}.ReleaseWP8|Any CPU.ActiveCfg = Release|Any CPU
		{430061B8-8504-483F-A532-CEB69FF04128}.ReleaseWP8|Any CPU.Build.0 = Release|Any CPU
		{430061B8-8504-483F-A532-CEB69FF04128}.ReleaseXNA4|Any CPU.ActiveCfg = Release|Any CPU
		{430061B8-8504-483F-A532-CEB69FF04128}.ReleaseXNA4|Any CPU.Build.0 = Release|Any CPU
		{A5508FF0-93B9-4241-B666-07B05189C435}.Debug|Any CPU.ActiveCfg = Debug|Any CPU
		{A5508FF0-93B9-4241-B666-07B05189C435}.Debug|Any CPU.Build.0 = Debug|Any CPU
		{A5508FF0-93B9-4241-B666-07B05189C435}.Debug35|Any CPU.ActiveCfg = Debug|Any CPU
		{A5508FF0-93B9-4241-B666-07B05189C435}.Debug35|Any CPU.Build.0 = Debug|Any CPU
		{A5508FF0-93B9-4241-B666-07B05189C435}.Debug40|Any CPU.ActiveCfg = Debug|Any CPU
		{A5508FF0-93B9-4241-B666-07B05189C435}.Debug40|Any CPU.Build.0 = Debug|Any CPU
		{A5508FF0-93B9-4241-B666-07B05189C435}.Debug45|Any CPU.ActiveCfg = Debug|Any CPU
		{A5508FF0-93B9-4241-B666-07B05189C435}.Debug45|Any CPU.Build.0 = Debug|Any CPU
		{A5508FF0-93B9-4241-B666-07B05189C435}.Debug46|Any CPU.ActiveCfg = Debug|Any CPU
		{A5508FF0-93B9-4241-B666-07B05189C435}.Debug46|Any CPU.Build.0 = Debug|Any CPU
		{A5508FF0-93B9-4241-B666-07B05189C435}.Debug8|Any CPU.ActiveCfg = Debug|Any CPU
		{A5508FF0-93B9-4241-B666-07B05189C435}.Debug8|Any CPU.Build.0 = Debug|Any CPU
		{A5508FF0-93B9-4241-B666-07B05189C435}.Debug81|Any CPU.ActiveCfg = Debug|Any CPU
		{A5508FF0-93B9-4241-B666-07B05189C435}.Debug81|Any CPU.Build.0 = Debug|Any CPU
		{A5508FF0-93B9-4241-B666-07B05189C435}.DebugCF35|Any CPU.ActiveCfg = Debug|Any CPU
		{A5508FF0-93B9-4241-B666-07B05189C435}.DebugCF35|Any CPU.Build.0 = Debug|Any CPU
		{A5508FF0-93B9-4241-B666-07B05189C435}.DebugPL|Any CPU.ActiveCfg = Debug|Any CPU
		{A5508FF0-93B9-4241-B666-07B05189C435}.DebugPL|Any CPU.Build.0 = Debug|Any CPU
		{A5508FF0-93B9-4241-B666-07B05189C435}.DebugPLLITE|Any CPU.ActiveCfg = Debug|Any CPU
		{A5508FF0-93B9-4241-B666-07B05189C435}.DebugPLLITE|Any CPU.Build.0 = Debug|Any CPU
		{A5508FF0-93B9-4241-B666-07B05189C435}.DebugSL3|Any CPU.ActiveCfg = Debug|Any CPU
		{A5508FF0-93B9-4241-B666-07B05189C435}.DebugSL3|Any CPU.Build.0 = Debug|Any CPU
		{A5508FF0-93B9-4241-B666-07B05189C435}.DebugSL4|Any CPU.ActiveCfg = Debug|Any CPU
		{A5508FF0-93B9-4241-B666-07B05189C435}.DebugSL4|Any CPU.Build.0 = Debug|Any CPU
		{A5508FF0-93B9-4241-B666-07B05189C435}.DebugSL5|Any CPU.ActiveCfg = Debug|Any CPU
		{A5508FF0-93B9-4241-B666-07B05189C435}.DebugSL5|Any CPU.Build.0 = Debug|Any CPU
		{A5508FF0-93B9-4241-B666-07B05189C435}.DebugWP7|Any CPU.ActiveCfg = Debug|Any CPU
		{A5508FF0-93B9-4241-B666-07B05189C435}.DebugWP7|Any CPU.Build.0 = Debug|Any CPU
		{A5508FF0-93B9-4241-B666-07B05189C435}.DebugWP8|Any CPU.ActiveCfg = Debug|Any CPU
		{A5508FF0-93B9-4241-B666-07B05189C435}.DebugWP8|Any CPU.Build.0 = Debug|Any CPU
		{A5508FF0-93B9-4241-B666-07B05189C435}.DebugXNA4|Any CPU.ActiveCfg = Debug|Any CPU
		{A5508FF0-93B9-4241-B666-07B05189C435}.DebugXNA4|Any CPU.Build.0 = Debug|Any CPU
		{A5508FF0-93B9-4241-B666-07B05189C435}.Release|Any CPU.ActiveCfg = Release|Any CPU
		{A5508FF0-93B9-4241-B666-07B05189C435}.Release|Any CPU.Build.0 = Release|Any CPU
		{A5508FF0-93B9-4241-B666-07B05189C435}.Release35|Any CPU.ActiveCfg = Release|Any CPU
		{A5508FF0-93B9-4241-B666-07B05189C435}.Release35|Any CPU.Build.0 = Release|Any CPU
		{A5508FF0-93B9-4241-B666-07B05189C435}.Release40|Any CPU.ActiveCfg = Release|Any CPU
		{A5508FF0-93B9-4241-B666-07B05189C435}.Release40|Any CPU.Build.0 = Release|Any CPU
		{A5508FF0-93B9-4241-B666-07B05189C435}.Release45|Any CPU.ActiveCfg = Release|Any CPU
		{A5508FF0-93B9-4241-B666-07B05189C435}.Release45|Any CPU.Build.0 = Release|Any CPU
		{A5508FF0-93B9-4241-B666-07B05189C435}.Release46|Any CPU.ActiveCfg = Release|Any CPU
		{A5508FF0-93B9-4241-B666-07B05189C435}.Release46|Any CPU.Build.0 = Release|Any CPU
		{A5508FF0-93B9-4241-B666-07B05189C435}.Release8|Any CPU.ActiveCfg = Release|Any CPU
		{A5508FF0-93B9-4241-B666-07B05189C435}.Release8|Any CPU.Build.0 = Release|Any CPU
		{A5508FF0-93B9-4241-B666-07B05189C435}.Release81|Any CPU.ActiveCfg = Release|Any CPU
		{A5508FF0-93B9-4241-B666-07B05189C435}.Release81|Any CPU.Build.0 = Release|Any CPU
		{A5508FF0-93B9-4241-B666-07B05189C435}.ReleaseCF35|Any CPU.ActiveCfg = Release|Any CPU
		{A5508FF0-93B9-4241-B666-07B05189C435}.ReleaseCF35|Any CPU.Build.0 = Release|Any CPU
		{A5508FF0-93B9-4241-B666-07B05189C435}.ReleasePL|Any CPU.ActiveCfg = Release|Any CPU
		{A5508FF0-93B9-4241-B666-07B05189C435}.ReleasePL|Any CPU.Build.0 = Release|Any CPU
		{A5508FF0-93B9-4241-B666-07B05189C435}.ReleasePLLITE|Any CPU.ActiveCfg = Release|Any CPU
		{A5508FF0-93B9-4241-B666-07B05189C435}.ReleasePLLITE|Any CPU.Build.0 = Release|Any CPU
		{A5508FF0-93B9-4241-B666-07B05189C435}.ReleaseSL3|Any CPU.ActiveCfg = Release|Any CPU
		{A5508FF0-93B9-4241-B666-07B05189C435}.ReleaseSL3|Any CPU.Build.0 = Release|Any CPU
		{A5508FF0-93B9-4241-B666-07B05189C435}.ReleaseSL4|Any CPU.ActiveCfg = Release|Any CPU
		{A5508FF0-93B9-4241-B666-07B05189C435}.ReleaseSL4|Any CPU.Build.0 = Release|Any CPU
		{A5508FF0-93B9-4241-B666-07B05189C435}.ReleaseSL5|Any CPU.ActiveCfg = Release|Any CPU
		{A5508FF0-93B9-4241-B666-07B05189C435}.ReleaseSL5|Any CPU.Build.0 = Release|Any CPU
		{A5508FF0-93B9-4241-B666-07B05189C435}.ReleaseWP7|Any CPU.ActiveCfg = Release|Any CPU
		{A5508FF0-93B9-4241-B666-07B05189C435}.ReleaseWP7|Any CPU.Build.0 = Release|Any CPU
		{A5508FF0-93B9-4241-B666-07B05189C435}.ReleaseWP8|Any CPU.ActiveCfg = Release|Any CPU
		{A5508FF0-93B9-4241-B666-07B05189C435}.ReleaseWP8|Any CPU.Build.0 = Release|Any CPU
		{A5508FF0-93B9-4241-B666-07B05189C435}.ReleaseXNA4|Any CPU.ActiveCfg = Release|Any CPU
		{A5508FF0-93B9-4241-B666-07B05189C435}.ReleaseXNA4|Any CPU.Build.0 = Release|Any CPU
		{7DD3DDA0-0B73-4A7F-ACAF-15111AC2EB93}.Debug|Any CPU.ActiveCfg = Debug|Any CPU
		{7DD3DDA0-0B73-4A7F-ACAF-15111AC2EB93}.Debug|Any CPU.Build.0 = Debug|Any CPU
		{7DD3DDA0-0B73-4A7F-ACAF-15111AC2EB93}.Debug35|Any CPU.ActiveCfg = Debug|Any CPU
		{7DD3DDA0-0B73-4A7F-ACAF-15111AC2EB93}.Debug35|Any CPU.Build.0 = Debug|Any CPU
		{7DD3DDA0-0B73-4A7F-ACAF-15111AC2EB93}.Debug40|Any CPU.ActiveCfg = Debug|Any CPU
		{7DD3DDA0-0B73-4A7F-ACAF-15111AC2EB93}.Debug40|Any CPU.Build.0 = Debug|Any CPU
		{7DD3DDA0-0B73-4A7F-ACAF-15111AC2EB93}.Debug45|Any CPU.ActiveCfg = Debug|Any CPU
		{7DD3DDA0-0B73-4A7F-ACAF-15111AC2EB93}.Debug45|Any CPU.Build.0 = Debug|Any CPU
		{7DD3DDA0-0B73-4A7F-ACAF-15111AC2EB93}.Debug46|Any CPU.ActiveCfg = Debug|Any CPU
		{7DD3DDA0-0B73-4A7F-ACAF-15111AC2EB93}.Debug46|Any CPU.Build.0 = Debug|Any CPU
		{7DD3DDA0-0B73-4A7F-ACAF-15111AC2EB93}.Debug8|Any CPU.ActiveCfg = Debug|Any CPU
		{7DD3DDA0-0B73-4A7F-ACAF-15111AC2EB93}.Debug8|Any CPU.Build.0 = Debug|Any CPU
		{7DD3DDA0-0B73-4A7F-ACAF-15111AC2EB93}.Debug81|Any CPU.ActiveCfg = Debug|Any CPU
		{7DD3DDA0-0B73-4A7F-ACAF-15111AC2EB93}.Debug81|Any CPU.Build.0 = Debug|Any CPU
		{7DD3DDA0-0B73-4A7F-ACAF-15111AC2EB93}.DebugCF35|Any CPU.ActiveCfg = Debug|Any CPU
		{7DD3DDA0-0B73-4A7F-ACAF-15111AC2EB93}.DebugCF35|Any CPU.Build.0 = Debug|Any CPU
		{7DD3DDA0-0B73-4A7F-ACAF-15111AC2EB93}.DebugPL|Any CPU.ActiveCfg = Debug|Any CPU
		{7DD3DDA0-0B73-4A7F-ACAF-15111AC2EB93}.DebugPL|Any CPU.Build.0 = Debug|Any CPU
		{7DD3DDA0-0B73-4A7F-ACAF-15111AC2EB93}.DebugPLLITE|Any CPU.ActiveCfg = Debug|Any CPU
		{7DD3DDA0-0B73-4A7F-ACAF-15111AC2EB93}.DebugPLLITE|Any CPU.Build.0 = Debug|Any CPU
		{7DD3DDA0-0B73-4A7F-ACAF-15111AC2EB93}.DebugSL3|Any CPU.ActiveCfg = Debug|Any CPU
		{7DD3DDA0-0B73-4A7F-ACAF-15111AC2EB93}.DebugSL3|Any CPU.Build.0 = Debug|Any CPU
		{7DD3DDA0-0B73-4A7F-ACAF-15111AC2EB93}.DebugSL4|Any CPU.ActiveCfg = Debug|Any CPU
		{7DD3DDA0-0B73-4A7F-ACAF-15111AC2EB93}.DebugSL4|Any CPU.Build.0 = Debug|Any CPU
		{7DD3DDA0-0B73-4A7F-ACAF-15111AC2EB93}.DebugSL5|Any CPU.ActiveCfg = Debug|Any CPU
		{7DD3DDA0-0B73-4A7F-ACAF-15111AC2EB93}.DebugSL5|Any CPU.Build.0 = Debug|Any CPU
		{7DD3DDA0-0B73-4A7F-ACAF-15111AC2EB93}.DebugWP7|Any CPU.ActiveCfg = Debug|Any CPU
		{7DD3DDA0-0B73-4A7F-ACAF-15111AC2EB93}.DebugWP7|Any CPU.Build.0 = Debug|Any CPU
		{7DD3DDA0-0B73-4A7F-ACAF-15111AC2EB93}.DebugWP8|Any CPU.ActiveCfg = Debug|Any CPU
		{7DD3DDA0-0B73-4A7F-ACAF-15111AC2EB93}.DebugWP8|Any CPU.Build.0 = Debug|Any CPU
		{7DD3DDA0-0B73-4A7F-ACAF-15111AC2EB93}.DebugXNA4|Any CPU.ActiveCfg = Debug|Any CPU
		{7DD3DDA0-0B73-4A7F-ACAF-15111AC2EB93}.DebugXNA4|Any CPU.Build.0 = Debug|Any CPU
		{7DD3DDA0-0B73-4A7F-ACAF-15111AC2EB93}.Release|Any CPU.ActiveCfg = Release|Any CPU
		{7DD3DDA0-0B73-4A7F-ACAF-15111AC2EB93}.Release|Any CPU.Build.0 = Release|Any CPU
		{7DD3DDA0-0B73-4A7F-ACAF-15111AC2EB93}.Release35|Any CPU.ActiveCfg = Release|Any CPU
		{7DD3DDA0-0B73-4A7F-ACAF-15111AC2EB93}.Release35|Any CPU.Build.0 = Release|Any CPU
		{7DD3DDA0-0B73-4A7F-ACAF-15111AC2EB93}.Release40|Any CPU.ActiveCfg = Release|Any CPU
		{7DD3DDA0-0B73-4A7F-ACAF-15111AC2EB93}.Release40|Any CPU.Build.0 = Release|Any CPU
		{7DD3DDA0-0B73-4A7F-ACAF-15111AC2EB93}.Release45|Any CPU.ActiveCfg = Release|Any CPU
		{7DD3DDA0-0B73-4A7F-ACAF-15111AC2EB93}.Release45|Any CPU.Build.0 = Release|Any CPU
		{7DD3DDA0-0B73-4A7F-ACAF-15111AC2EB93}.Release46|Any CPU.ActiveCfg = Release|Any CPU
		{7DD3DDA0-0B73-4A7F-ACAF-15111AC2EB93}.Release46|Any CPU.Build.0 = Release|Any CPU
		{7DD3DDA0-0B73-4A7F-ACAF-15111AC2EB93}.Release8|Any CPU.ActiveCfg = Release|Any CPU
		{7DD3DDA0-0B73-4A7F-ACAF-15111AC2EB93}.Release8|Any CPU.Build.0 = Release|Any CPU
		{7DD3DDA0-0B73-4A7F-ACAF-15111AC2EB93}.Release81|Any CPU.ActiveCfg = Release|Any CPU
		{7DD3DDA0-0B73-4A7F-ACAF-15111AC2EB93}.Release81|Any CPU.Build.0 = Release|Any CPU
		{7DD3DDA0-0B73-4A7F-ACAF-15111AC2EB93}.ReleaseCF35|Any CPU.ActiveCfg = Release|Any CPU
		{7DD3DDA0-0B73-4A7F-ACAF-15111AC2EB93}.ReleaseCF35|Any CPU.Build.0 = Release|Any CPU
		{7DD3DDA0-0B73-4A7F-ACAF-15111AC2EB93}.ReleasePL|Any CPU.ActiveCfg = Release|Any CPU
		{7DD3DDA0-0B73-4A7F-ACAF-15111AC2EB93}.ReleasePL|Any CPU.Build.0 = Release|Any CPU
		{7DD3DDA0-0B73-4A7F-ACAF-15111AC2EB93}.ReleasePLLITE|Any CPU.ActiveCfg = Release|Any CPU
		{7DD3DDA0-0B73-4A7F-ACAF-15111AC2EB93}.ReleasePLLITE|Any CPU.Build.0 = Release|Any CPU
		{7DD3DDA0-0B73-4A7F-ACAF-15111AC2EB93}.ReleaseSL3|Any CPU.ActiveCfg = Release|Any CPU
		{7DD3DDA0-0B73-4A7F-ACAF-15111AC2EB93}.ReleaseSL3|Any CPU.Build.0 = Release|Any CPU
		{7DD3DDA0-0B73-4A7F-ACAF-15111AC2EB93}.ReleaseSL4|Any CPU.ActiveCfg = Release|Any CPU
		{7DD3DDA0-0B73-4A7F-ACAF-15111AC2EB93}.ReleaseSL4|Any CPU.Build.0 = Release|Any CPU
		{7DD3DDA0-0B73-4A7F-ACAF-15111AC2EB93}.ReleaseSL5|Any CPU.ActiveCfg = Release|Any CPU
		{7DD3DDA0-0B73-4A7F-ACAF-15111AC2EB93}.ReleaseSL5|Any CPU.Build.0 = Release|Any CPU
		{7DD3DDA0-0B73-4A7F-ACAF-15111AC2EB93}.ReleaseWP7|Any CPU.ActiveCfg = Release|Any CPU
		{7DD3DDA0-0B73-4A7F-ACAF-15111AC2EB93}.ReleaseWP7|Any CPU.Build.0 = Release|Any CPU
		{7DD3DDA0-0B73-4A7F-ACAF-15111AC2EB93}.ReleaseWP8|Any CPU.ActiveCfg = Release|Any CPU
		{7DD3DDA0-0B73-4A7F-ACAF-15111AC2EB93}.ReleaseWP8|Any CPU.Build.0 = Release|Any CPU
		{7DD3DDA0-0B73-4A7F-ACAF-15111AC2EB93}.ReleaseXNA4|Any CPU.ActiveCfg = Release|Any CPU
		{7DD3DDA0-0B73-4A7F-ACAF-15111AC2EB93}.ReleaseXNA4|Any CPU.Build.0 = Release|Any CPU
		{5965A929-C3E5-42AD-8328-3641F8967E72}.Debug|Any CPU.ActiveCfg = Debug|Any CPU
		{5965A929-C3E5-42AD-8328-3641F8967E72}.Debug|Any CPU.Build.0 = Debug|Any CPU
		{5965A929-C3E5-42AD-8328-3641F8967E72}.Debug35|Any CPU.ActiveCfg = Debug|Any CPU
		{5965A929-C3E5-42AD-8328-3641F8967E72}.Debug35|Any CPU.Build.0 = Debug|Any CPU
		{5965A929-C3E5-42AD-8328-3641F8967E72}.Debug40|Any CPU.ActiveCfg = Debug|Any CPU
		{5965A929-C3E5-42AD-8328-3641F8967E72}.Debug40|Any CPU.Build.0 = Debug|Any CPU
		{5965A929-C3E5-42AD-8328-3641F8967E72}.Debug45|Any CPU.ActiveCfg = Debug|Any CPU
		{5965A929-C3E5-42AD-8328-3641F8967E72}.Debug45|Any CPU.Build.0 = Debug|Any CPU
		{5965A929-C3E5-42AD-8328-3641F8967E72}.Debug46|Any CPU.ActiveCfg = Debug|Any CPU
		{5965A929-C3E5-42AD-8328-3641F8967E72}.Debug46|Any CPU.Build.0 = Debug|Any CPU
		{5965A929-C3E5-42AD-8328-3641F8967E72}.Debug8|Any CPU.ActiveCfg = Debug|Any CPU
		{5965A929-C3E5-42AD-8328-3641F8967E72}.Debug8|Any CPU.Build.0 = Debug|Any CPU
		{5965A929-C3E5-42AD-8328-3641F8967E72}.Debug81|Any CPU.ActiveCfg = Debug|Any CPU
		{5965A929-C3E5-42AD-8328-3641F8967E72}.Debug81|Any CPU.Build.0 = Debug|Any CPU
		{5965A929-C3E5-42AD-8328-3641F8967E72}.DebugCF35|Any CPU.ActiveCfg = Debug|Any CPU
		{5965A929-C3E5-42AD-8328-3641F8967E72}.DebugCF35|Any CPU.Build.0 = Debug|Any CPU
		{5965A929-C3E5-42AD-8328-3641F8967E72}.DebugPL|Any CPU.ActiveCfg = Debug|Any CPU
		{5965A929-C3E5-42AD-8328-3641F8967E72}.DebugPL|Any CPU.Build.0 = Debug|Any CPU
		{5965A929-C3E5-42AD-8328-3641F8967E72}.DebugPLLITE|Any CPU.ActiveCfg = Debug|Any CPU
		{5965A929-C3E5-42AD-8328-3641F8967E72}.DebugPLLITE|Any CPU.Build.0 = Debug|Any CPU
		{5965A929-C3E5-42AD-8328-3641F8967E72}.DebugSL3|Any CPU.ActiveCfg = Debug|Any CPU
		{5965A929-C3E5-42AD-8328-3641F8967E72}.DebugSL3|Any CPU.Build.0 = Debug|Any CPU
		{5965A929-C3E5-42AD-8328-3641F8967E72}.DebugSL4|Any CPU.ActiveCfg = Debug|Any CPU
		{5965A929-C3E5-42AD-8328-3641F8967E72}.DebugSL4|Any CPU.Build.0 = Debug|Any CPU
		{5965A929-C3E5-42AD-8328-3641F8967E72}.DebugSL5|Any CPU.ActiveCfg = Debug|Any CPU
		{5965A929-C3E5-42AD-8328-3641F8967E72}.DebugSL5|Any CPU.Build.0 = Debug|Any CPU
		{5965A929-C3E5-42AD-8328-3641F8967E72}.DebugWP7|Any CPU.ActiveCfg = Debug|Any CPU
		{5965A929-C3E5-42AD-8328-3641F8967E72}.DebugWP7|Any CPU.Build.0 = Debug|Any CPU
		{5965A929-C3E5-42AD-8328-3641F8967E72}.DebugWP8|Any CPU.ActiveCfg = Debug|Any CPU
		{5965A929-C3E5-42AD-8328-3641F8967E72}.DebugWP8|Any CPU.Build.0 = Debug|Any CPU
		{5965A929-C3E5-42AD-8328-3641F8967E72}.DebugXNA4|Any CPU.ActiveCfg = Debug|Any CPU
		{5965A929-C3E5-42AD-8328-3641F8967E72}.DebugXNA4|Any CPU.Build.0 = Debug|Any CPU
		{5965A929-C3E5-42AD-8328-3641F8967E72}.Release|Any CPU.ActiveCfg = Release|Any CPU
		{5965A929-C3E5-42AD-8328-3641F8967E72}.Release|Any CPU.Build.0 = Release|Any CPU
		{5965A929-C3E5-42AD-8328-3641F8967E72}.Release35|Any CPU.ActiveCfg = Release|Any CPU
		{5965A929-C3E5-42AD-8328-3641F8967E72}.Release35|Any CPU.Build.0 = Release|Any CPU
		{5965A929-C3E5-42AD-8328-3641F8967E72}.Release40|Any CPU.ActiveCfg = Release|Any CPU
		{5965A929-C3E5-42AD-8328-3641F8967E72}.Release40|Any CPU.Build.0 = Release|Any CPU
		{5965A929-C3E5-42AD-8328-3641F8967E72}.Release45|Any CPU.ActiveCfg = Release|Any CPU
		{5965A929-C3E5-42AD-8328-3641F8967E72}.Release45|Any CPU.Build.0 = Release|Any CPU
		{5965A929-C3E5-42AD-8328-3641F8967E72}.Release46|Any CPU.ActiveCfg = Release|Any CPU
		{5965A929-C3E5-42AD-8328-3641F8967E72}.Release46|Any CPU.Build.0 = Release|Any CPU
		{5965A929-C3E5-42AD-8328-3641F8967E72}.Release8|Any CPU.ActiveCfg = Release|Any CPU
		{5965A929-C3E5-42AD-8328-3641F8967E72}.Release8|Any CPU.Build.0 = Release|Any CPU
		{5965A929-C3E5-42AD-8328-3641F8967E72}.Release81|Any CPU.ActiveCfg = Release|Any CPU
		{5965A929-C3E5-42AD-8328-3641F8967E72}.Release81|Any CPU.Build.0 = Release|Any CPU
		{5965A929-C3E5-42AD-8328-3641F8967E72}.ReleaseCF35|Any CPU.ActiveCfg = Release|Any CPU
		{5965A929-C3E5-42AD-8328-3641F8967E72}.ReleaseCF35|Any CPU.Build.0 = Release|Any CPU
		{5965A929-C3E5-42AD-8328-3641F8967E72}.ReleasePL|Any CPU.ActiveCfg = Release|Any CPU
		{5965A929-C3E5-42AD-8328-3641F8967E72}.ReleasePL|Any CPU.Build.0 = Release|Any CPU
		{5965A929-C3E5-42AD-8328-3641F8967E72}.ReleasePLLITE|Any CPU.ActiveCfg = Release|Any CPU
		{5965A929-C3E5-42AD-8328-3641F8967E72}.ReleasePLLITE|Any CPU.Build.0 = Release|Any CPU
		{5965A929-C3E5-42AD-8328-3641F8967E72}.ReleaseSL3|Any CPU.ActiveCfg = Release|Any CPU
		{5965A929-C3E5-42AD-8328-3641F8967E72}.ReleaseSL3|Any CPU.Build.0 = Release|Any CPU
		{5965A929-C3E5-42AD-8328-3641F8967E72}.ReleaseSL4|Any CPU.ActiveCfg = Release|Any CPU
		{5965A929-C3E5-42AD-8328-3641F8967E72}.ReleaseSL4|Any CPU.Build.0 = Release|Any CPU
		{5965A929-C3E5-42AD-8328-3641F8967E72}.ReleaseSL5|Any CPU.ActiveCfg = Release|Any CPU
		{5965A929-C3E5-42AD-8328-3641F8967E72}.ReleaseSL5|Any CPU.Build.0 = Release|Any CPU
		{5965A929-C3E5-42AD-8328-3641F8967E72}.ReleaseWP7|Any CPU.ActiveCfg = Release|Any CPU
		{5965A929-C3E5-42AD-8328-3641F8967E72}.ReleaseWP7|Any CPU.Build.0 = Release|Any CPU
		{5965A929-C3E5-42AD-8328-3641F8967E72}.ReleaseWP8|Any CPU.ActiveCfg = Release|Any CPU
		{5965A929-C3E5-42AD-8328-3641F8967E72}.ReleaseWP8|Any CPU.Build.0 = Release|Any CPU
		{5965A929-C3E5-42AD-8328-3641F8967E72}.ReleaseXNA4|Any CPU.ActiveCfg = Release|Any CPU
		{5965A929-C3E5-42AD-8328-3641F8967E72}.ReleaseXNA4|Any CPU.Build.0 = Release|Any CPU
		{845E4FBF-A6C0-4870-9D1A-C832E262D956}.Debug|Any CPU.ActiveCfg = Debug|Any CPU
		{845E4FBF-A6C0-4870-9D1A-C832E262D956}.Debug|Any CPU.Build.0 = Debug|Any CPU
		{845E4FBF-A6C0-4870-9D1A-C832E262D956}.Debug35|Any CPU.ActiveCfg = Debug|Any CPU
		{845E4FBF-A6C0-4870-9D1A-C832E262D956}.Debug35|Any CPU.Build.0 = Debug|Any CPU
		{845E4FBF-A6C0-4870-9D1A-C832E262D956}.Debug40|Any CPU.ActiveCfg = Debug|Any CPU
		{845E4FBF-A6C0-4870-9D1A-C832E262D956}.Debug40|Any CPU.Build.0 = Debug|Any CPU
		{845E4FBF-A6C0-4870-9D1A-C832E262D956}.Debug45|Any CPU.ActiveCfg = Debug|Any CPU
		{845E4FBF-A6C0-4870-9D1A-C832E262D956}.Debug45|Any CPU.Build.0 = Debug|Any CPU
		{845E4FBF-A6C0-4870-9D1A-C832E262D956}.Debug46|Any CPU.ActiveCfg = Debug|Any CPU
		{845E4FBF-A6C0-4870-9D1A-C832E262D956}.Debug46|Any CPU.Build.0 = Debug|Any CPU
		{845E4FBF-A6C0-4870-9D1A-C832E262D956}.Debug8|Any CPU.ActiveCfg = Debug|Any CPU
		{845E4FBF-A6C0-4870-9D1A-C832E262D956}.Debug8|Any CPU.Build.0 = Debug|Any CPU
		{845E4FBF-A6C0-4870-9D1A-C832E262D956}.Debug81|Any CPU.ActiveCfg = Debug|Any CPU
		{845E4FBF-A6C0-4870-9D1A-C832E262D956}.Debug81|Any CPU.Build.0 = Debug|Any CPU
		{845E4FBF-A6C0-4870-9D1A-C832E262D956}.DebugCF35|Any CPU.ActiveCfg = Debug|Any CPU
		{845E4FBF-A6C0-4870-9D1A-C832E262D956}.DebugCF35|Any CPU.Build.0 = Debug|Any CPU
		{845E4FBF-A6C0-4870-9D1A-C832E262D956}.DebugPL|Any CPU.ActiveCfg = Debug|Any CPU
		{845E4FBF-A6C0-4870-9D1A-C832E262D956}.DebugPL|Any CPU.Build.0 = Debug|Any CPU
		{845E4FBF-A6C0-4870-9D1A-C832E262D956}.DebugPLLITE|Any CPU.ActiveCfg = Debug|Any CPU
		{845E4FBF-A6C0-4870-9D1A-C832E262D956}.DebugPLLITE|Any CPU.Build.0 = Debug|Any CPU
		{845E4FBF-A6C0-4870-9D1A-C832E262D956}.DebugSL3|Any CPU.ActiveCfg = Debug|Any CPU
		{845E4FBF-A6C0-4870-9D1A-C832E262D956}.DebugSL3|Any CPU.Build.0 = Debug|Any CPU
		{845E4FBF-A6C0-4870-9D1A-C832E262D956}.DebugSL4|Any CPU.ActiveCfg = Debug|Any CPU
		{845E4FBF-A6C0-4870-9D1A-C832E262D956}.DebugSL4|Any CPU.Build.0 = Debug|Any CPU
		{845E4FBF-A6C0-4870-9D1A-C832E262D956}.DebugSL5|Any CPU.ActiveCfg = Debug|Any CPU
		{845E4FBF-A6C0-4870-9D1A-C832E262D956}.DebugSL5|Any CPU.Build.0 = Debug|Any CPU
		{845E4FBF-A6C0-4870-9D1A-C832E262D956}.DebugWP7|Any CPU.ActiveCfg = Debug|Any CPU
		{845E4FBF-A6C0-4870-9D1A-C832E262D956}.DebugWP7|Any CPU.Build.0 = Debug|Any CPU
		{845E4FBF-A6C0-4870-9D1A-C832E262D956}.DebugWP8|Any CPU.ActiveCfg = Debug|Any CPU
		{845E4FBF-A6C0-4870-9D1A-C832E262D956}.DebugWP8|Any CPU.Build.0 = Debug|Any CPU
		{845E4FBF-A6C0-4870-9D1A-C832E262D956}.DebugXNA4|Any CPU.ActiveCfg = Debug|Any CPU
		{845E4FBF-A6C0-4870-9D1A-C832E262D956}.DebugXNA4|Any CPU.Build.0 = Debug|Any CPU
		{845E4FBF-A6C0-4870-9D1A-C832E262D956}.Release|Any CPU.ActiveCfg = Release|Any CPU
		{845E4FBF-A6C0-4870-9D1A-C832E262D956}.Release|Any CPU.Build.0 = Release|Any CPU
		{845E4FBF-A6C0-4870-9D1A-C832E262D956}.Release35|Any CPU.ActiveCfg = Release|Any CPU
		{845E4FBF-A6C0-4870-9D1A-C832E262D956}.Release35|Any CPU.Build.0 = Release|Any CPU
		{845E4FBF-A6C0-4870-9D1A-C832E262D956}.Release40|Any CPU.ActiveCfg = Release|Any CPU
		{845E4FBF-A6C0-4870-9D1A-C832E262D956}.Release40|Any CPU.Build.0 = Release|Any CPU
		{845E4FBF-A6C0-4870-9D1A-C832E262D956}.Release45|Any CPU.ActiveCfg = Release|Any CPU
		{845E4FBF-A6C0-4870-9D1A-C832E262D956}.Release45|Any CPU.Build.0 = Release|Any CPU
		{845E4FBF-A6C0-4870-9D1A-C832E262D956}.Release46|Any CPU.ActiveCfg = Release|Any CPU
		{845E4FBF-A6C0-4870-9D1A-C832E262D956}.Release46|Any CPU.Build.0 = Release|Any CPU
		{845E4FBF-A6C0-4870-9D1A-C832E262D956}.Release8|Any CPU.ActiveCfg = Release|Any CPU
		{845E4FBF-A6C0-4870-9D1A-C832E262D956}.Release8|Any CPU.Build.0 = Release|Any CPU
		{845E4FBF-A6C0-4870-9D1A-C832E262D956}.Release81|Any CPU.ActiveCfg = Release|Any CPU
		{845E4FBF-A6C0-4870-9D1A-C832E262D956}.Release81|Any CPU.Build.0 = Release|Any CPU
		{845E4FBF-A6C0-4870-9D1A-C832E262D956}.ReleaseCF35|Any CPU.ActiveCfg = Release|Any CPU
		{845E4FBF-A6C0-4870-9D1A-C832E262D956}.ReleaseCF35|Any CPU.Build.0 = Release|Any CPU
		{845E4FBF-A6C0-4870-9D1A-C832E262D956}.ReleasePL|Any CPU.ActiveCfg = Release|Any CPU
		{845E4FBF-A6C0-4870-9D1A-C832E262D956}.ReleasePL|Any CPU.Build.0 = Release|Any CPU
		{845E4FBF-A6C0-4870-9D1A-C832E262D956}.ReleasePLLITE|Any CPU.ActiveCfg = Release|Any CPU
		{845E4FBF-A6C0-4870-9D1A-C832E262D956}.ReleasePLLITE|Any CPU.Build.0 = Release|Any CPU
		{845E4FBF-A6C0-4870-9D1A-C832E262D956}.ReleaseSL3|Any CPU.ActiveCfg = Release|Any CPU
		{845E4FBF-A6C0-4870-9D1A-C832E262D956}.ReleaseSL3|Any CPU.Build.0 = Release|Any CPU
		{845E4FBF-A6C0-4870-9D1A-C832E262D956}.ReleaseSL4|Any CPU.ActiveCfg = Release|Any CPU
		{845E4FBF-A6C0-4870-9D1A-C832E262D956}.ReleaseSL4|Any CPU.Build.0 = Release|Any CPU
		{845E4FBF-A6C0-4870-9D1A-C832E262D956}.ReleaseSL5|Any CPU.ActiveCfg = Release|Any CPU
		{845E4FBF-A6C0-4870-9D1A-C832E262D956}.ReleaseSL5|Any CPU.Build.0 = Release|Any CPU
		{845E4FBF-A6C0-4870-9D1A-C832E262D956}.ReleaseWP7|Any CPU.ActiveCfg = Release|Any CPU
		{845E4FBF-A6C0-4870-9D1A-C832E262D956}.ReleaseWP7|Any CPU.Build.0 = Release|Any CPU
		{845E4FBF-A6C0-4870-9D1A-C832E262D956}.ReleaseWP8|Any CPU.ActiveCfg = Release|Any CPU
		{845E4FBF-A6C0-4870-9D1A-C832E262D956}.ReleaseWP8|Any CPU.Build.0 = Release|Any CPU
		{845E4FBF-A6C0-4870-9D1A-C832E262D956}.ReleaseXNA4|Any CPU.ActiveCfg = Release|Any CPU
		{845E4FBF-A6C0-4870-9D1A-C832E262D956}.ReleaseXNA4|Any CPU.Build.0 = Release|Any CPU
		{FB2DB31D-FCFA-45CE-A3A8-7B7C14ECD77A}.Debug|Any CPU.ActiveCfg = Debug|Any CPU
		{FB2DB31D-FCFA-45CE-A3A8-7B7C14ECD77A}.Debug|Any CPU.Build.0 = Debug|Any CPU
		{FB2DB31D-FCFA-45CE-A3A8-7B7C14ECD77A}.Debug35|Any CPU.ActiveCfg = Debug|Any CPU
		{FB2DB31D-FCFA-45CE-A3A8-7B7C14ECD77A}.Debug35|Any CPU.Build.0 = Debug|Any CPU
		{FB2DB31D-FCFA-45CE-A3A8-7B7C14ECD77A}.Debug40|Any CPU.ActiveCfg = Debug|Any CPU
		{FB2DB31D-FCFA-45CE-A3A8-7B7C14ECD77A}.Debug40|Any CPU.Build.0 = Debug|Any CPU
		{FB2DB31D-FCFA-45CE-A3A8-7B7C14ECD77A}.Debug45|Any CPU.ActiveCfg = Debug|Any CPU
		{FB2DB31D-FCFA-45CE-A3A8-7B7C14ECD77A}.Debug45|Any CPU.Build.0 = Debug|Any CPU
		{FB2DB31D-FCFA-45CE-A3A8-7B7C14ECD77A}.Debug46|Any CPU.ActiveCfg = Debug|Any CPU
		{FB2DB31D-FCFA-45CE-A3A8-7B7C14ECD77A}.Debug46|Any CPU.Build.0 = Debug|Any CPU
		{FB2DB31D-FCFA-45CE-A3A8-7B7C14ECD77A}.Debug8|Any CPU.ActiveCfg = Debug|Any CPU
		{FB2DB31D-FCFA-45CE-A3A8-7B7C14ECD77A}.Debug8|Any CPU.Build.0 = Debug|Any CPU
		{FB2DB31D-FCFA-45CE-A3A8-7B7C14ECD77A}.Debug81|Any CPU.ActiveCfg = Debug|Any CPU
		{FB2DB31D-FCFA-45CE-A3A8-7B7C14ECD77A}.Debug81|Any CPU.Build.0 = Debug|Any CPU
		{FB2DB31D-FCFA-45CE-A3A8-7B7C14ECD77A}.DebugCF35|Any CPU.ActiveCfg = Debug|Any CPU
		{FB2DB31D-FCFA-45CE-A3A8-7B7C14ECD77A}.DebugCF35|Any CPU.Build.0 = Debug|Any CPU
		{FB2DB31D-FCFA-45CE-A3A8-7B7C14ECD77A}.DebugPL|Any CPU.ActiveCfg = Debug|Any CPU
		{FB2DB31D-FCFA-45CE-A3A8-7B7C14ECD77A}.DebugPL|Any CPU.Build.0 = Debug|Any CPU
		{FB2DB31D-FCFA-45CE-A3A8-7B7C14ECD77A}.DebugPLLITE|Any CPU.ActiveCfg = Debug|Any CPU
		{FB2DB31D-FCFA-45CE-A3A8-7B7C14ECD77A}.DebugPLLITE|Any CPU.Build.0 = Debug|Any CPU
		{FB2DB31D-FCFA-45CE-A3A8-7B7C14ECD77A}.DebugSL3|Any CPU.ActiveCfg = Debug|Any CPU
		{FB2DB31D-FCFA-45CE-A3A8-7B7C14ECD77A}.DebugSL3|Any CPU.Build.0 = Debug|Any CPU
		{FB2DB31D-FCFA-45CE-A3A8-7B7C14ECD77A}.DebugSL4|Any CPU.ActiveCfg = Debug|Any CPU
		{FB2DB31D-FCFA-45CE-A3A8-7B7C14ECD77A}.DebugSL4|Any CPU.Build.0 = Debug|Any CPU
		{FB2DB31D-FCFA-45CE-A3A8-7B7C14ECD77A}.DebugSL5|Any CPU.ActiveCfg = Debug|Any CPU
		{FB2DB31D-FCFA-45CE-A3A8-7B7C14ECD77A}.DebugSL5|Any CPU.Build.0 = Debug|Any CPU
		{FB2DB31D-FCFA-45CE-A3A8-7B7C14ECD77A}.DebugWP7|Any CPU.ActiveCfg = Debug|Any CPU
		{FB2DB31D-FCFA-45CE-A3A8-7B7C14ECD77A}.DebugWP7|Any CPU.Build.0 = Debug|Any CPU
		{FB2DB31D-FCFA-45CE-A3A8-7B7C14ECD77A}.DebugWP8|Any CPU.ActiveCfg = Debug|Any CPU
		{FB2DB31D-FCFA-45CE-A3A8-7B7C14ECD77A}.DebugWP8|Any CPU.Build.0 = Debug|Any CPU
		{FB2DB31D-FCFA-45CE-A3A8-7B7C14ECD77A}.DebugXNA4|Any CPU.ActiveCfg = Debug|Any CPU
		{FB2DB31D-FCFA-45CE-A3A8-7B7C14ECD77A}.DebugXNA4|Any CPU.Build.0 = Debug|Any CPU
		{FB2DB31D-FCFA-45CE-A3A8-7B7C14ECD77A}.Release|Any CPU.ActiveCfg = Release|Any CPU
		{FB2DB31D-FCFA-45CE-A3A8-7B7C14ECD77A}.Release|Any CPU.Build.0 = Release|Any CPU
		{FB2DB31D-FCFA-45CE-A3A8-7B7C14ECD77A}.Release35|Any CPU.ActiveCfg = Release|Any CPU
		{FB2DB31D-FCFA-45CE-A3A8-7B7C14ECD77A}.Release35|Any CPU.Build.0 = Release|Any CPU
		{FB2DB31D-FCFA-45CE-A3A8-7B7C14ECD77A}.Release40|Any CPU.ActiveCfg = Release|Any CPU
		{FB2DB31D-FCFA-45CE-A3A8-7B7C14ECD77A}.Release40|Any CPU.Build.0 = Release|Any CPU
		{FB2DB31D-FCFA-45CE-A3A8-7B7C14ECD77A}.Release45|Any CPU.ActiveCfg = Release|Any CPU
		{FB2DB31D-FCFA-45CE-A3A8-7B7C14ECD77A}.Release45|Any CPU.Build.0 = Release|Any CPU
		{FB2DB31D-FCFA-45CE-A3A8-7B7C14ECD77A}.Release46|Any CPU.ActiveCfg = Release|Any CPU
		{FB2DB31D-FCFA-45CE-A3A8-7B7C14ECD77A}.Release46|Any CPU.Build.0 = Release|Any CPU
		{FB2DB31D-FCFA-45CE-A3A8-7B7C14ECD77A}.Release8|Any CPU.ActiveCfg = Release|Any CPU
		{FB2DB31D-FCFA-45CE-A3A8-7B7C14ECD77A}.Release8|Any CPU.Build.0 = Release|Any CPU
		{FB2DB31D-FCFA-45CE-A3A8-7B7C14ECD77A}.Release81|Any CPU.ActiveCfg = Release|Any CPU
		{FB2DB31D-FCFA-45CE-A3A8-7B7C14ECD77A}.Release81|Any CPU.Build.0 = Release|Any CPU
		{FB2DB31D-FCFA-45CE-A3A8-7B7C14ECD77A}.ReleaseCF35|Any CPU.ActiveCfg = Release|Any CPU
		{FB2DB31D-FCFA-45CE-A3A8-7B7C14ECD77A}.ReleaseCF35|Any CPU.Build.0 = Release|Any CPU
		{FB2DB31D-FCFA-45CE-A3A8-7B7C14ECD77A}.ReleasePL|Any CPU.ActiveCfg = Release|Any CPU
		{FB2DB31D-FCFA-45CE-A3A8-7B7C14ECD77A}.ReleasePL|Any CPU.Build.0 = Release|Any CPU
		{FB2DB31D-FCFA-45CE-A3A8-7B7C14ECD77A}.ReleasePLLITE|Any CPU.ActiveCfg = Release|Any CPU
		{FB2DB31D-FCFA-45CE-A3A8-7B7C14ECD77A}.ReleasePLLITE|Any CPU.Build.0 = Release|Any CPU
		{FB2DB31D-FCFA-45CE-A3A8-7B7C14ECD77A}.ReleaseSL3|Any CPU.ActiveCfg = Release|Any CPU
		{FB2DB31D-FCFA-45CE-A3A8-7B7C14ECD77A}.ReleaseSL3|Any CPU.Build.0 = Release|Any CPU
		{FB2DB31D-FCFA-45CE-A3A8-7B7C14ECD77A}.ReleaseSL4|Any CPU.ActiveCfg = Release|Any CPU
		{FB2DB31D-FCFA-45CE-A3A8-7B7C14ECD77A}.ReleaseSL4|Any CPU.Build.0 = Release|Any CPU
		{FB2DB31D-FCFA-45CE-A3A8-7B7C14ECD77A}.ReleaseSL5|Any CPU.ActiveCfg = Release|Any CPU
		{FB2DB31D-FCFA-45CE-A3A8-7B7C14ECD77A}.ReleaseSL5|Any CPU.Build.0 = Release|Any CPU
		{FB2DB31D-FCFA-45CE-A3A8-7B7C14ECD77A}.ReleaseWP7|Any CPU.ActiveCfg = Release|Any CPU
		{FB2DB31D-FCFA-45CE-A3A8-7B7C14ECD77A}.ReleaseWP7|Any CPU.Build.0 = Release|Any CPU
		{FB2DB31D-FCFA-45CE-A3A8-7B7C14ECD77A}.ReleaseWP8|Any CPU.ActiveCfg = Release|Any CPU
		{FB2DB31D-FCFA-45CE-A3A8-7B7C14ECD77A}.ReleaseWP8|Any CPU.Build.0 = Release|Any CPU
		{FB2DB31D-FCFA-45CE-A3A8-7B7C14ECD77A}.ReleaseXNA4|Any CPU.ActiveCfg = Release|Any CPU
		{FB2DB31D-FCFA-45CE-A3A8-7B7C14ECD77A}.ReleaseXNA4|Any CPU.Build.0 = Release|Any CPU
		{C18C6FE5-7408-4F3B-B562-7A563E01701E}.Debug|Any CPU.ActiveCfg = Debug|Any CPU
		{C18C6FE5-7408-4F3B-B562-7A563E01701E}.Debug|Any CPU.Build.0 = Debug|Any CPU
		{C18C6FE5-7408-4F3B-B562-7A563E01701E}.Debug35|Any CPU.ActiveCfg = Debug|Any CPU
		{C18C6FE5-7408-4F3B-B562-7A563E01701E}.Debug35|Any CPU.Build.0 = Debug|Any CPU
		{C18C6FE5-7408-4F3B-B562-7A563E01701E}.Debug40|Any CPU.ActiveCfg = Debug|Any CPU
		{C18C6FE5-7408-4F3B-B562-7A563E01701E}.Debug40|Any CPU.Build.0 = Debug|Any CPU
		{C18C6FE5-7408-4F3B-B562-7A563E01701E}.Debug45|Any CPU.ActiveCfg = Debug|Any CPU
		{C18C6FE5-7408-4F3B-B562-7A563E01701E}.Debug45|Any CPU.Build.0 = Debug|Any CPU
		{C18C6FE5-7408-4F3B-B562-7A563E01701E}.Debug46|Any CPU.ActiveCfg = Debug|Any CPU
		{C18C6FE5-7408-4F3B-B562-7A563E01701E}.Debug46|Any CPU.Build.0 = Debug|Any CPU
		{C18C6FE5-7408-4F3B-B562-7A563E01701E}.Debug8|Any CPU.ActiveCfg = Debug|Any CPU
		{C18C6FE5-7408-4F3B-B562-7A563E01701E}.Debug8|Any CPU.Build.0 = Debug|Any CPU
		{C18C6FE5-7408-4F3B-B562-7A563E01701E}.Debug81|Any CPU.ActiveCfg = Debug|Any CPU
		{C18C6FE5-7408-4F3B-B562-7A563E01701E}.Debug81|Any CPU.Build.0 = Debug|Any CPU
		{C18C6FE5-7408-4F3B-B562-7A563E01701E}.DebugCF35|Any CPU.ActiveCfg = Debug|Any CPU
		{C18C6FE5-7408-4F3B-B562-7A563E01701E}.DebugCF35|Any CPU.Build.0 = Debug|Any CPU
		{C18C6FE5-7408-4F3B-B562-7A563E01701E}.DebugPL|Any CPU.ActiveCfg = Debug|Any CPU
		{C18C6FE5-7408-4F3B-B562-7A563E01701E}.DebugPL|Any CPU.Build.0 = Debug|Any CPU
		{C18C6FE5-7408-4F3B-B562-7A563E01701E}.DebugPLLITE|Any CPU.ActiveCfg = Debug|Any CPU
		{C18C6FE5-7408-4F3B-B562-7A563E01701E}.DebugPLLITE|Any CPU.Build.0 = Debug|Any CPU
		{C18C6FE5-7408-4F3B-B562-7A563E01701E}.DebugSL3|Any CPU.ActiveCfg = Debug|Any CPU
		{C18C6FE5-7408-4F3B-B562-7A563E01701E}.DebugSL3|Any CPU.Build.0 = Debug|Any CPU
		{C18C6FE5-7408-4F3B-B562-7A563E01701E}.DebugSL4|Any CPU.ActiveCfg = Debug|Any CPU
		{C18C6FE5-7408-4F3B-B562-7A563E01701E}.DebugSL4|Any CPU.Build.0 = Debug|Any CPU
		{C18C6FE5-7408-4F3B-B562-7A563E01701E}.DebugSL5|Any CPU.ActiveCfg = Debug|Any CPU
		{C18C6FE5-7408-4F3B-B562-7A563E01701E}.DebugSL5|Any CPU.Build.0 = Debug|Any CPU
		{C18C6FE5-7408-4F3B-B562-7A563E01701E}.DebugWP7|Any CPU.ActiveCfg = Debug|Any CPU
		{C18C6FE5-7408-4F3B-B562-7A563E01701E}.DebugWP7|Any CPU.Build.0 = Debug|Any CPU
		{C18C6FE5-7408-4F3B-B562-7A563E01701E}.DebugWP8|Any CPU.ActiveCfg = Debug|Any CPU
		{C18C6FE5-7408-4F3B-B562-7A563E01701E}.DebugWP8|Any CPU.Build.0 = Debug|Any CPU
		{C18C6FE5-7408-4F3B-B562-7A563E01701E}.DebugXNA4|Any CPU.ActiveCfg = Debug|Any CPU
		{C18C6FE5-7408-4F3B-B562-7A563E01701E}.DebugXNA4|Any CPU.Build.0 = Debug|Any CPU
		{C18C6FE5-7408-4F3B-B562-7A563E01701E}.Release|Any CPU.ActiveCfg = Release|Any CPU
		{C18C6FE5-7408-4F3B-B562-7A563E01701E}.Release|Any CPU.Build.0 = Release|Any CPU
		{C18C6FE5-7408-4F3B-B562-7A563E01701E}.Release35|Any CPU.ActiveCfg = Release|Any CPU
		{C18C6FE5-7408-4F3B-B562-7A563E01701E}.Release35|Any CPU.Build.0 = Release|Any CPU
		{C18C6FE5-7408-4F3B-B562-7A563E01701E}.Release40|Any CPU.ActiveCfg = Release|Any CPU
		{C18C6FE5-7408-4F3B-B562-7A563E01701E}.Release40|Any CPU.Build.0 = Release|Any CPU
		{C18C6FE5-7408-4F3B-B562-7A563E01701E}.Release45|Any CPU.ActiveCfg = Release|Any CPU
		{C18C6FE5-7408-4F3B-B562-7A563E01701E}.Release45|Any CPU.Build.0 = Release|Any CPU
		{C18C6FE5-7408-4F3B-B562-7A563E01701E}.Release46|Any CPU.ActiveCfg = Release|Any CPU
		{C18C6FE5-7408-4F3B-B562-7A563E01701E}.Release46|Any CPU.Build.0 = Release|Any CPU
		{C18C6FE5-7408-4F3B-B562-7A563E01701E}.Release8|Any CPU.ActiveCfg = Release|Any CPU
		{C18C6FE5-7408-4F3B-B562-7A563E01701E}.Release8|Any CPU.Build.0 = Release|Any CPU
		{C18C6FE5-7408-4F3B-B562-7A563E01701E}.Release81|Any CPU.ActiveCfg = Release|Any CPU
		{C18C6FE5-7408-4F3B-B562-7A563E01701E}.Release81|Any CPU.Build.0 = Release|Any CPU
		{C18C6FE5-7408-4F3B-B562-7A563E01701E}.ReleaseCF35|Any CPU.ActiveCfg = Release|Any CPU
		{C18C6FE5-7408-4F3B-B562-7A563E01701E}.ReleaseCF35|Any CPU.Build.0 = Release|Any CPU
		{C18C6FE5-7408-4F3B-B562-7A563E01701E}.ReleasePL|Any CPU.ActiveCfg = Release|Any CPU
		{C18C6FE5-7408-4F3B-B562-7A563E01701E}.ReleasePL|Any CPU.Build.0 = Release|Any CPU
		{C18C6FE5-7408-4F3B-B562-7A563E01701E}.ReleasePLLITE|Any CPU.ActiveCfg = Release|Any CPU
		{C18C6FE5-7408-4F3B-B562-7A563E01701E}.ReleasePLLITE|Any CPU.Build.0 = Release|Any CPU
		{C18C6FE5-7408-4F3B-B562-7A563E01701E}.ReleaseSL3|Any CPU.ActiveCfg = Release|Any CPU
		{C18C6FE5-7408-4F3B-B562-7A563E01701E}.ReleaseSL3|Any CPU.Build.0 = Release|Any CPU
		{C18C6FE5-7408-4F3B-B562-7A563E01701E}.ReleaseSL4|Any CPU.ActiveCfg = Release|Any CPU
		{C18C6FE5-7408-4F3B-B562-7A563E01701E}.ReleaseSL4|Any CPU.Build.0 = Release|Any CPU
		{C18C6FE5-7408-4F3B-B562-7A563E01701E}.ReleaseSL5|Any CPU.ActiveCfg = Release|Any CPU
		{C18C6FE5-7408-4F3B-B562-7A563E01701E}.ReleaseSL5|Any CPU.Build.0 = Release|Any CPU
		{C18C6FE5-7408-4F3B-B562-7A563E01701E}.ReleaseWP7|Any CPU.ActiveCfg = Release|Any CPU
		{C18C6FE5-7408-4F3B-B562-7A563E01701E}.ReleaseWP7|Any CPU.Build.0 = Release|Any CPU
		{C18C6FE5-7408-4F3B-B562-7A563E01701E}.ReleaseWP8|Any CPU.ActiveCfg = Release|Any CPU
		{C18C6FE5-7408-4F3B-B562-7A563E01701E}.ReleaseWP8|Any CPU.Build.0 = Release|Any CPU
		{C18C6FE5-7408-4F3B-B562-7A563E01701E}.ReleaseXNA4|Any CPU.ActiveCfg = Release|Any CPU
		{C18C6FE5-7408-4F3B-B562-7A563E01701E}.ReleaseXNA4|Any CPU.Build.0 = Release|Any CPU
		{A22F3131-6D20-4D67-9A9F-314FE3691EA1}.Debug|Any CPU.ActiveCfg = Debug|Any CPU
		{A22F3131-6D20-4D67-9A9F-314FE3691EA1}.Debug|Any CPU.Build.0 = Debug|Any CPU
		{A22F3131-6D20-4D67-9A9F-314FE3691EA1}.Debug35|Any CPU.ActiveCfg = Debug|Any CPU
		{A22F3131-6D20-4D67-9A9F-314FE3691EA1}.Debug35|Any CPU.Build.0 = Debug|Any CPU
		{A22F3131-6D20-4D67-9A9F-314FE3691EA1}.Debug40|Any CPU.ActiveCfg = Debug|Any CPU
		{A22F3131-6D20-4D67-9A9F-314FE3691EA1}.Debug40|Any CPU.Build.0 = Debug|Any CPU
		{A22F3131-6D20-4D67-9A9F-314FE3691EA1}.Debug45|Any CPU.ActiveCfg = Debug|Any CPU
		{A22F3131-6D20-4D67-9A9F-314FE3691EA1}.Debug45|Any CPU.Build.0 = Debug|Any CPU
		{A22F3131-6D20-4D67-9A9F-314FE3691EA1}.Debug46|Any CPU.ActiveCfg = Debug|Any CPU
		{A22F3131-6D20-4D67-9A9F-314FE3691EA1}.Debug46|Any CPU.Build.0 = Debug|Any CPU
		{A22F3131-6D20-4D67-9A9F-314FE3691EA1}.Debug8|Any CPU.ActiveCfg = Debug|Any CPU
		{A22F3131-6D20-4D67-9A9F-314FE3691EA1}.Debug8|Any CPU.Build.0 = Debug|Any CPU
		{A22F3131-6D20-4D67-9A9F-314FE3691EA1}.Debug81|Any CPU.ActiveCfg = Debug|Any CPU
		{A22F3131-6D20-4D67-9A9F-314FE3691EA1}.Debug81|Any CPU.Build.0 = Debug|Any CPU
		{A22F3131-6D20-4D67-9A9F-314FE3691EA1}.DebugCF35|Any CPU.ActiveCfg = Debug|Any CPU
		{A22F3131-6D20-4D67-9A9F-314FE3691EA1}.DebugCF35|Any CPU.Build.0 = Debug|Any CPU
		{A22F3131-6D20-4D67-9A9F-314FE3691EA1}.DebugPL|Any CPU.ActiveCfg = Debug|Any CPU
		{A22F3131-6D20-4D67-9A9F-314FE3691EA1}.DebugPL|Any CPU.Build.0 = Debug|Any CPU
		{A22F3131-6D20-4D67-9A9F-314FE3691EA1}.DebugPLLITE|Any CPU.ActiveCfg = Debug|Any CPU
		{A22F3131-6D20-4D67-9A9F-314FE3691EA1}.DebugPLLITE|Any CPU.Build.0 = Debug|Any CPU
		{A22F3131-6D20-4D67-9A9F-314FE3691EA1}.DebugSL3|Any CPU.ActiveCfg = Debug|Any CPU
		{A22F3131-6D20-4D67-9A9F-314FE3691EA1}.DebugSL3|Any CPU.Build.0 = Debug|Any CPU
		{A22F3131-6D20-4D67-9A9F-314FE3691EA1}.DebugSL4|Any CPU.ActiveCfg = Debug|Any CPU
		{A22F3131-6D20-4D67-9A9F-314FE3691EA1}.DebugSL4|Any CPU.Build.0 = Debug|Any CPU
		{A22F3131-6D20-4D67-9A9F-314FE3691EA1}.DebugSL5|Any CPU.ActiveCfg = Debug|Any CPU
		{A22F3131-6D20-4D67-9A9F-314FE3691EA1}.DebugSL5|Any CPU.Build.0 = Debug|Any CPU
		{A22F3131-6D20-4D67-9A9F-314FE3691EA1}.DebugWP7|Any CPU.ActiveCfg = Debug|Any CPU
		{A22F3131-6D20-4D67-9A9F-314FE3691EA1}.DebugWP7|Any CPU.Build.0 = Debug|Any CPU
		{A22F3131-6D20-4D67-9A9F-314FE3691EA1}.DebugWP8|Any CPU.ActiveCfg = Debug|Any CPU
		{A22F3131-6D20-4D67-9A9F-314FE3691EA1}.DebugWP8|Any CPU.Build.0 = Debug|Any CPU
		{A22F3131-6D20-4D67-9A9F-314FE3691EA1}.DebugXNA4|Any CPU.ActiveCfg = Debug|Any CPU
		{A22F3131-6D20-4D67-9A9F-314FE3691EA1}.DebugXNA4|Any CPU.Build.0 = Debug|Any CPU
		{A22F3131-6D20-4D67-9A9F-314FE3691EA1}.Release|Any CPU.ActiveCfg = Release|Any CPU
		{A22F3131-6D20-4D67-9A9F-314FE3691EA1}.Release|Any CPU.Build.0 = Release|Any CPU
		{A22F3131-6D20-4D67-9A9F-314FE3691EA1}.Release35|Any CPU.ActiveCfg = Release|Any CPU
		{A22F3131-6D20-4D67-9A9F-314FE3691EA1}.Release35|Any CPU.Build.0 = Release|Any CPU
		{A22F3131-6D20-4D67-9A9F-314FE3691EA1}.Release40|Any CPU.ActiveCfg = Release|Any CPU
		{A22F3131-6D20-4D67-9A9F-314FE3691EA1}.Release40|Any CPU.Build.0 = Release|Any CPU
		{A22F3131-6D20-4D67-9A9F-314FE3691EA1}.Release45|Any CPU.ActiveCfg = Release|Any CPU
		{A22F3131-6D20-4D67-9A9F-314FE3691EA1}.Release45|Any CPU.Build.0 = Release|Any CPU
		{A22F3131-6D20-4D67-9A9F-314FE3691EA1}.Release46|Any CPU.ActiveCfg = Release|Any CPU
		{A22F3131-6D20-4D67-9A9F-314FE3691EA1}.Release46|Any CPU.Build.0 = Release|Any CPU
		{A22F3131-6D20-4D67-9A9F-314FE3691EA1}.Release8|Any CPU.ActiveCfg = Release|Any CPU
		{A22F3131-6D20-4D67-9A9F-314FE3691EA1}.Release8|Any CPU.Build.0 = Release|Any CPU
		{A22F3131-6D20-4D67-9A9F-314FE3691EA1}.Release81|Any CPU.ActiveCfg = Release|Any CPU
		{A22F3131-6D20-4D67-9A9F-314FE3691EA1}.Release81|Any CPU.Build.0 = Release|Any CPU
		{A22F3131-6D20-4D67-9A9F-314FE3691EA1}.ReleaseCF35|Any CPU.ActiveCfg = Release|Any CPU
		{A22F3131-6D20-4D67-9A9F-314FE3691EA1}.ReleaseCF35|Any CPU.Build.0 = Release|Any CPU
		{A22F3131-6D20-4D67-9A9F-314FE3691EA1}.ReleasePL|Any CPU.ActiveCfg = Release|Any CPU
		{A22F3131-6D20-4D67-9A9F-314FE3691EA1}.ReleasePL|Any CPU.Build.0 = Release|Any CPU
		{A22F3131-6D20-4D67-9A9F-314FE3691EA1}.ReleasePLLITE|Any CPU.ActiveCfg = Release|Any CPU
		{A22F3131-6D20-4D67-9A9F-314FE3691EA1}.ReleasePLLITE|Any CPU.Build.0 = Release|Any CPU
		{A22F3131-6D20-4D67-9A9F-314FE3691EA1}.ReleaseSL3|Any CPU.ActiveCfg = Release|Any CPU
		{A22F3131-6D20-4D67-9A9F-314FE3691EA1}.ReleaseSL3|Any CPU.Build.0 = Release|Any CPU
		{A22F3131-6D20-4D67-9A9F-314FE3691EA1}.ReleaseSL4|Any CPU.ActiveCfg = Release|Any CPU
		{A22F3131-6D20-4D67-9A9F-314FE3691EA1}.ReleaseSL4|Any CPU.Build.0 = Release|Any CPU
		{A22F3131-6D20-4D67-9A9F-314FE3691EA1}.ReleaseSL5|Any CPU.ActiveCfg = Release|Any CPU
		{A22F3131-6D20-4D67-9A9F-314FE3691EA1}.ReleaseSL5|Any CPU.Build.0 = Release|Any CPU
		{A22F3131-6D20-4D67-9A9F-314FE3691EA1}.ReleaseWP7|Any CPU.ActiveCfg = Release|Any CPU
		{A22F3131-6D20-4D67-9A9F-314FE3691EA1}.ReleaseWP7|Any CPU.Build.0 = Release|Any CPU
		{A22F3131-6D20-4D67-9A9F-314FE3691EA1}.ReleaseWP8|Any CPU.ActiveCfg = Release|Any CPU
		{A22F3131-6D20-4D67-9A9F-314FE3691EA1}.ReleaseWP8|Any CPU.Build.0 = Release|Any CPU
		{A22F3131-6D20-4D67-9A9F-314FE3691EA1}.ReleaseXNA4|Any CPU.ActiveCfg = Release|Any CPU
		{A22F3131-6D20-4D67-9A9F-314FE3691EA1}.ReleaseXNA4|Any CPU.Build.0 = Release|Any CPU
		{C17D3BD1-222F-4DCC-BBF8-44A04399701B}.Debug|Any CPU.ActiveCfg = Debug|Any CPU
		{C17D3BD1-222F-4DCC-BBF8-44A04399701B}.Debug|Any CPU.Build.0 = Debug|Any CPU
		{C17D3BD1-222F-4DCC-BBF8-44A04399701B}.Debug35|Any CPU.ActiveCfg = Debug|Any CPU
		{C17D3BD1-222F-4DCC-BBF8-44A04399701B}.Debug35|Any CPU.Build.0 = Debug|Any CPU
		{C17D3BD1-222F-4DCC-BBF8-44A04399701B}.Debug40|Any CPU.ActiveCfg = Debug|Any CPU
		{C17D3BD1-222F-4DCC-BBF8-44A04399701B}.Debug40|Any CPU.Build.0 = Debug|Any CPU
		{C17D3BD1-222F-4DCC-BBF8-44A04399701B}.Debug45|Any CPU.ActiveCfg = Debug|Any CPU
		{C17D3BD1-222F-4DCC-BBF8-44A04399701B}.Debug45|Any CPU.Build.0 = Debug|Any CPU
		{C17D3BD1-222F-4DCC-BBF8-44A04399701B}.Debug46|Any CPU.ActiveCfg = Debug|Any CPU
		{C17D3BD1-222F-4DCC-BBF8-44A04399701B}.Debug46|Any CPU.Build.0 = Debug|Any CPU
		{C17D3BD1-222F-4DCC-BBF8-44A04399701B}.Debug8|Any CPU.ActiveCfg = Debug|Any CPU
		{C17D3BD1-222F-4DCC-BBF8-44A04399701B}.Debug8|Any CPU.Build.0 = Debug|Any CPU
		{C17D3BD1-222F-4DCC-BBF8-44A04399701B}.Debug81|Any CPU.ActiveCfg = Debug|Any CPU
		{C17D3BD1-222F-4DCC-BBF8-44A04399701B}.Debug81|Any CPU.Build.0 = Debug|Any CPU
		{C17D3BD1-222F-4DCC-BBF8-44A04399701B}.DebugCF35|Any CPU.ActiveCfg = Debug|Any CPU
		{C17D3BD1-222F-4DCC-BBF8-44A04399701B}.DebugCF35|Any CPU.Build.0 = Debug|Any CPU
		{C17D3BD1-222F-4DCC-BBF8-44A04399701B}.DebugPL|Any CPU.ActiveCfg = Debug|Any CPU
		{C17D3BD1-222F-4DCC-BBF8-44A04399701B}.DebugPL|Any CPU.Build.0 = Debug|Any CPU
		{C17D3BD1-222F-4DCC-BBF8-44A04399701B}.DebugPLLITE|Any CPU.ActiveCfg = Debug|Any CPU
		{C17D3BD1-222F-4DCC-BBF8-44A04399701B}.DebugPLLITE|Any CPU.Build.0 = Debug|Any CPU
		{C17D3BD1-222F-4DCC-BBF8-44A04399701B}.DebugSL3|Any CPU.ActiveCfg = Debug|Any CPU
		{C17D3BD1-222F-4DCC-BBF8-44A04399701B}.DebugSL3|Any CPU.Build.0 = Debug|Any CPU
		{C17D3BD1-222F-4DCC-BBF8-44A04399701B}.DebugSL4|Any CPU.ActiveCfg = Debug|Any CPU
		{C17D3BD1-222F-4DCC-BBF8-44A04399701B}.DebugSL4|Any CPU.Build.0 = Debug|Any CPU
		{C17D3BD1-222F-4DCC-BBF8-44A04399701B}.DebugSL5|Any CPU.ActiveCfg = Debug|Any CPU
		{C17D3BD1-222F-4DCC-BBF8-44A04399701B}.DebugSL5|Any CPU.Build.0 = Debug|Any CPU
		{C17D3BD1-222F-4DCC-BBF8-44A04399701B}.DebugWP7|Any CPU.ActiveCfg = Debug|Any CPU
		{C17D3BD1-222F-4DCC-BBF8-44A04399701B}.DebugWP7|Any CPU.Build.0 = Debug|Any CPU
		{C17D3BD1-222F-4DCC-BBF8-44A04399701B}.DebugWP8|Any CPU.ActiveCfg = Debug|Any CPU
		{C17D3BD1-222F-4DCC-BBF8-44A04399701B}.DebugWP8|Any CPU.Build.0 = Debug|Any CPU
		{C17D3BD1-222F-4DCC-BBF8-44A04399701B}.DebugXNA4|Any CPU.ActiveCfg = Debug|Any CPU
		{C17D3BD1-222F-4DCC-BBF8-44A04399701B}.DebugXNA4|Any CPU.Build.0 = Debug|Any CPU
		{C17D3BD1-222F-4DCC-BBF8-44A04399701B}.Release|Any CPU.ActiveCfg = Release|Any CPU
		{C17D3BD1-222F-4DCC-BBF8-44A04399701B}.Release|Any CPU.Build.0 = Release|Any CPU
		{C17D3BD1-222F-4DCC-BBF8-44A04399701B}.Release35|Any CPU.ActiveCfg = Release|Any CPU
		{C17D3BD1-222F-4DCC-BBF8-44A04399701B}.Release35|Any CPU.Build.0 = Release|Any CPU
		{C17D3BD1-222F-4DCC-BBF8-44A04399701B}.Release40|Any CPU.ActiveCfg = Release|Any CPU
		{C17D3BD1-222F-4DCC-BBF8-44A04399701B}.Release40|Any CPU.Build.0 = Release|Any CPU
		{C17D3BD1-222F-4DCC-BBF8-44A04399701B}.Release45|Any CPU.ActiveCfg = Release|Any CPU
		{C17D3BD1-222F-4DCC-BBF8-44A04399701B}.Release45|Any CPU.Build.0 = Release|Any CPU
		{C17D3BD1-222F-4DCC-BBF8-44A04399701B}.Release46|Any CPU.ActiveCfg = Release|Any CPU
		{C17D3BD1-222F-4DCC-BBF8-44A04399701B}.Release46|Any CPU.Build.0 = Release|Any CPU
		{C17D3BD1-222F-4DCC-BBF8-44A04399701B}.Release8|Any CPU.ActiveCfg = Release|Any CPU
		{C17D3BD1-222F-4DCC-BBF8-44A04399701B}.Release8|Any CPU.Build.0 = Release|Any CPU
		{C17D3BD1-222F-4DCC-BBF8-44A04399701B}.Release81|Any CPU.ActiveCfg = Release|Any CPU
		{C17D3BD1-222F-4DCC-BBF8-44A04399701B}.Release81|Any CPU.Build.0 = Release|Any CPU
		{C17D3BD1-222F-4DCC-BBF8-44A04399701B}.ReleaseCF35|Any CPU.ActiveCfg = Release|Any CPU
		{C17D3BD1-222F-4DCC-BBF8-44A04399701B}.ReleaseCF35|Any CPU.Build.0 = Release|Any CPU
		{C17D3BD1-222F-4DCC-BBF8-44A04399701B}.ReleasePL|Any CPU.ActiveCfg = Release|Any CPU
		{C17D3BD1-222F-4DCC-BBF8-44A04399701B}.ReleasePL|Any CPU.Build.0 = Release|Any CPU
		{C17D3BD1-222F-4DCC-BBF8-44A04399701B}.ReleasePLLITE|Any CPU.ActiveCfg = Release|Any CPU
		{C17D3BD1-222F-4DCC-BBF8-44A04399701B}.ReleasePLLITE|Any CPU.Build.0 = Release|Any CPU
		{C17D3BD1-222F-4DCC-BBF8-44A04399701B}.ReleaseSL3|Any CPU.ActiveCfg = Release|Any CPU
		{C17D3BD1-222F-4DCC-BBF8-44A04399701B}.ReleaseSL3|Any CPU.Build.0 = Release|Any CPU
		{C17D3BD1-222F-4DCC-BBF8-44A04399701B}.ReleaseSL4|Any CPU.ActiveCfg = Release|Any CPU
		{C17D3BD1-222F-4DCC-BBF8-44A04399701B}.ReleaseSL4|Any CPU.Build.0 = Release|Any CPU
		{C17D3BD1-222F-4DCC-BBF8-44A04399701B}.ReleaseSL5|Any CPU.ActiveCfg = Release|Any CPU
		{C17D3BD1-222F-4DCC-BBF8-44A04399701B}.ReleaseSL5|Any CPU.Build.0 = Release|Any CPU
		{C17D3BD1-222F-4DCC-BBF8-44A04399701B}.ReleaseWP7|Any CPU.ActiveCfg = Release|Any CPU
		{C17D3BD1-222F-4DCC-BBF8-44A04399701B}.ReleaseWP7|Any CPU.Build.0 = Release|Any CPU
		{C17D3BD1-222F-4DCC-BBF8-44A04399701B}.ReleaseWP8|Any CPU.ActiveCfg = Release|Any CPU
		{C17D3BD1-222F-4DCC-BBF8-44A04399701B}.ReleaseWP8|Any CPU.Build.0 = Release|Any CPU
		{C17D3BD1-222F-4DCC-BBF8-44A04399701B}.ReleaseXNA4|Any CPU.ActiveCfg = Release|Any CPU
		{C17D3BD1-222F-4DCC-BBF8-44A04399701B}.ReleaseXNA4|Any CPU.Build.0 = Release|Any CPU
		{A0FA7FB5-BC2B-4E9F-9807-40BC26894AD5}.Debug|Any CPU.ActiveCfg = Debug|Any CPU
		{A0FA7FB5-BC2B-4E9F-9807-40BC26894AD5}.Debug|Any CPU.Build.0 = Debug|Any CPU
		{A0FA7FB5-BC2B-4E9F-9807-40BC26894AD5}.Debug35|Any CPU.ActiveCfg = Debug|Any CPU
		{A0FA7FB5-BC2B-4E9F-9807-40BC26894AD5}.Debug35|Any CPU.Build.0 = Debug|Any CPU
		{A0FA7FB5-BC2B-4E9F-9807-40BC26894AD5}.Debug40|Any CPU.ActiveCfg = Debug|Any CPU
		{A0FA7FB5-BC2B-4E9F-9807-40BC26894AD5}.Debug40|Any CPU.Build.0 = Debug|Any CPU
		{A0FA7FB5-BC2B-4E9F-9807-40BC26894AD5}.Debug45|Any CPU.ActiveCfg = Debug|Any CPU
		{A0FA7FB5-BC2B-4E9F-9807-40BC26894AD5}.Debug45|Any CPU.Build.0 = Debug|Any CPU
		{A0FA7FB5-BC2B-4E9F-9807-40BC26894AD5}.Debug46|Any CPU.ActiveCfg = Debug|Any CPU
		{A0FA7FB5-BC2B-4E9F-9807-40BC26894AD5}.Debug46|Any CPU.Build.0 = Debug|Any CPU
		{A0FA7FB5-BC2B-4E9F-9807-40BC26894AD5}.Debug8|Any CPU.ActiveCfg = Debug|Any CPU
		{A0FA7FB5-BC2B-4E9F-9807-40BC26894AD5}.Debug8|Any CPU.Build.0 = Debug|Any CPU
		{A0FA7FB5-BC2B-4E9F-9807-40BC26894AD5}.Debug81|Any CPU.ActiveCfg = Debug|Any CPU
		{A0FA7FB5-BC2B-4E9F-9807-40BC26894AD5}.Debug81|Any CPU.Build.0 = Debug|Any CPU
		{A0FA7FB5-BC2B-4E9F-9807-40BC26894AD5}.DebugCF35|Any CPU.ActiveCfg = Debug|Any CPU
		{A0FA7FB5-BC2B-4E9F-9807-40BC26894AD5}.DebugCF35|Any CPU.Build.0 = Debug|Any CPU
		{A0FA7FB5-BC2B-4E9F-9807-40BC26894AD5}.DebugPL|Any CPU.ActiveCfg = Debug|Any CPU
		{A0FA7FB5-BC2B-4E9F-9807-40BC26894AD5}.DebugPL|Any CPU.Build.0 = Debug|Any CPU
		{A0FA7FB5-BC2B-4E9F-9807-40BC26894AD5}.DebugPLLITE|Any CPU.ActiveCfg = Debug|Any CPU
		{A0FA7FB5-BC2B-4E9F-9807-40BC26894AD5}.DebugPLLITE|Any CPU.Build.0 = Debug|Any CPU
		{A0FA7FB5-BC2B-4E9F-9807-40BC26894AD5}.DebugSL3|Any CPU.ActiveCfg = Debug|Any CPU
		{A0FA7FB5-BC2B-4E9F-9807-40BC26894AD5}.DebugSL3|Any CPU.Build.0 = Debug|Any CPU
		{A0FA7FB5-BC2B-4E9F-9807-40BC26894AD5}.DebugSL4|Any CPU.ActiveCfg = Debug|Any CPU
		{A0FA7FB5-BC2B-4E9F-9807-40BC26894AD5}.DebugSL4|Any CPU.Build.0 = Debug|Any CPU
		{A0FA7FB5-BC2B-4E9F-9807-40BC26894AD5}.DebugSL5|Any CPU.ActiveCfg = Debug|Any CPU
		{A0FA7FB5-BC2B-4E9F-9807-40BC26894AD5}.DebugSL5|Any CPU.Build.0 = Debug|Any CPU
		{A0FA7FB5-BC2B-4E9F-9807-40BC26894AD5}.DebugWP7|Any CPU.ActiveCfg = Debug|Any CPU
		{A0FA7FB5-BC2B-4E9F-9807-40BC26894AD5}.DebugWP7|Any CPU.Build.0 = Debug|Any CPU
		{A0FA7FB5-BC2B-4E9F-9807-40BC26894AD5}.DebugWP8|Any CPU.ActiveCfg = Debug|Any CPU
		{A0FA7FB5-BC2B-4E9F-9807-40BC26894AD5}.DebugWP8|Any CPU.Build.0 = Debug|Any CPU
		{A0FA7FB5-BC2B-4E9F-9807-40BC26894AD5}.DebugXNA4|Any CPU.ActiveCfg = Debug|Any CPU
		{A0FA7FB5-BC2B-4E9F-9807-40BC26894AD5}.DebugXNA4|Any CPU.Build.0 = Debug|Any CPU
		{A0FA7FB5-BC2B-4E9F-9807-40BC26894AD5}.Release|Any CPU.ActiveCfg = Release|Any CPU
		{A0FA7FB5-BC2B-4E9F-9807-40BC26894AD5}.Release|Any CPU.Build.0 = Release|Any CPU
		{A0FA7FB5-BC2B-4E9F-9807-40BC26894AD5}.Release35|Any CPU.ActiveCfg = Release|Any CPU
		{A0FA7FB5-BC2B-4E9F-9807-40BC26894AD5}.Release35|Any CPU.Build.0 = Release|Any CPU
		{A0FA7FB5-BC2B-4E9F-9807-40BC26894AD5}.Release40|Any CPU.ActiveCfg = Release|Any CPU
		{A0FA7FB5-BC2B-4E9F-9807-40BC26894AD5}.Release40|Any CPU.Build.0 = Release|Any CPU
		{A0FA7FB5-BC2B-4E9F-9807-40BC26894AD5}.Release45|Any CPU.ActiveCfg = Release|Any CPU
		{A0FA7FB5-BC2B-4E9F-9807-40BC26894AD5}.Release45|Any CPU.Build.0 = Release|Any CPU
		{A0FA7FB5-BC2B-4E9F-9807-40BC26894AD5}.Release46|Any CPU.ActiveCfg = Release|Any CPU
		{A0FA7FB5-BC2B-4E9F-9807-40BC26894AD5}.Release46|Any CPU.Build.0 = Release|Any CPU
		{A0FA7FB5-BC2B-4E9F-9807-40BC26894AD5}.Release8|Any CPU.ActiveCfg = Release|Any CPU
		{A0FA7FB5-BC2B-4E9F-9807-40BC26894AD5}.Release8|Any CPU.Build.0 = Release|Any CPU
		{A0FA7FB5-BC2B-4E9F-9807-40BC26894AD5}.Release81|Any CPU.ActiveCfg = Release|Any CPU
		{A0FA7FB5-BC2B-4E9F-9807-40BC26894AD5}.Release81|Any CPU.Build.0 = Release|Any CPU
		{A0FA7FB5-BC2B-4E9F-9807-40BC26894AD5}.ReleaseCF35|Any CPU.ActiveCfg = Release|Any CPU
		{A0FA7FB5-BC2B-4E9F-9807-40BC26894AD5}.ReleaseCF35|Any CPU.Build.0 = Release|Any CPU
		{A0FA7FB5-BC2B-4E9F-9807-40BC26894AD5}.ReleasePL|Any CPU.ActiveCfg = Release|Any CPU
		{A0FA7FB5-BC2B-4E9F-9807-40BC26894AD5}.ReleasePL|Any CPU.Build.0 = Release|Any CPU
		{A0FA7FB5-BC2B-4E9F-9807-40BC26894AD5}.ReleasePLLITE|Any CPU.ActiveCfg = Release|Any CPU
		{A0FA7FB5-BC2B-4E9F-9807-40BC26894AD5}.ReleasePLLITE|Any CPU.Build.0 = Release|Any CPU
		{A0FA7FB5-BC2B-4E9F-9807-40BC26894AD5}.ReleaseSL3|Any CPU.ActiveCfg = Release|Any CPU
		{A0FA7FB5-BC2B-4E9F-9807-40BC26894AD5}.ReleaseSL3|Any CPU.Build.0 = Release|Any CPU
		{A0FA7FB5-BC2B-4E9F-9807-40BC26894AD5}.ReleaseSL4|Any CPU.ActiveCfg = Release|Any CPU
		{A0FA7FB5-BC2B-4E9F-9807-40BC26894AD5}.ReleaseSL4|Any CPU.Build.0 = Release|Any CPU
		{A0FA7FB5-BC2B-4E9F-9807-40BC26894AD5}.ReleaseSL5|Any CPU.ActiveCfg = Release|Any CPU
		{A0FA7FB5-BC2B-4E9F-9807-40BC26894AD5}.ReleaseSL5|Any CPU.Build.0 = Release|Any CPU
		{A0FA7FB5-BC2B-4E9F-9807-40BC26894AD5}.ReleaseWP7|Any CPU.ActiveCfg = Release|Any CPU
		{A0FA7FB5-BC2B-4E9F-9807-40BC26894AD5}.ReleaseWP7|Any CPU.Build.0 = Release|Any CPU
		{A0FA7FB5-BC2B-4E9F-9807-40BC26894AD5}.ReleaseWP8|Any CPU.ActiveCfg = Release|Any CPU
		{A0FA7FB5-BC2B-4E9F-9807-40BC26894AD5}.ReleaseWP8|Any CPU.Build.0 = Release|Any CPU
		{A0FA7FB5-BC2B-4E9F-9807-40BC26894AD5}.ReleaseXNA4|Any CPU.ActiveCfg = Release|Any CPU
		{A0FA7FB5-BC2B-4E9F-9807-40BC26894AD5}.ReleaseXNA4|Any CPU.Build.0 = Release|Any CPU
		{4B697BE9-1D48-4855-9070-C9C5C3BD341C}.Debug|Any CPU.ActiveCfg = Debug|Any CPU
		{4B697BE9-1D48-4855-9070-C9C5C3BD341C}.Debug|Any CPU.Build.0 = Debug|Any CPU
		{4B697BE9-1D48-4855-9070-C9C5C3BD341C}.Debug35|Any CPU.ActiveCfg = Debug|Any CPU
		{4B697BE9-1D48-4855-9070-C9C5C3BD341C}.Debug40|Any CPU.ActiveCfg = Debug|Any CPU
		{4B697BE9-1D48-4855-9070-C9C5C3BD341C}.Debug45|Any CPU.ActiveCfg = Debug|Any CPU
		{4B697BE9-1D48-4855-9070-C9C5C3BD341C}.Debug46|Any CPU.ActiveCfg = Debug|Any CPU
		{4B697BE9-1D48-4855-9070-C9C5C3BD341C}.Debug8|Any CPU.ActiveCfg = Debug|Any CPU
		{4B697BE9-1D48-4855-9070-C9C5C3BD341C}.Debug81|Any CPU.ActiveCfg = Debug|Any CPU
		{4B697BE9-1D48-4855-9070-C9C5C3BD341C}.DebugCF35|Any CPU.ActiveCfg = Debug|Any CPU
		{4B697BE9-1D48-4855-9070-C9C5C3BD341C}.DebugPL|Any CPU.ActiveCfg = Debug|Any CPU
		{4B697BE9-1D48-4855-9070-C9C5C3BD341C}.DebugPLLITE|Any CPU.ActiveCfg = Debug|Any CPU
		{4B697BE9-1D48-4855-9070-C9C5C3BD341C}.DebugSL3|Any CPU.ActiveCfg = Debug|Any CPU
		{4B697BE9-1D48-4855-9070-C9C5C3BD341C}.DebugSL4|Any CPU.ActiveCfg = Debug|Any CPU
		{4B697BE9-1D48-4855-9070-C9C5C3BD341C}.DebugSL5|Any CPU.ActiveCfg = Debug|Any CPU
		{4B697BE9-1D48-4855-9070-C9C5C3BD341C}.DebugWP7|Any CPU.ActiveCfg = Debug|Any CPU
		{4B697BE9-1D48-4855-9070-C9C5C3BD341C}.DebugWP8|Any CPU.ActiveCfg = Debug|Any CPU
		{4B697BE9-1D48-4855-9070-C9C5C3BD341C}.DebugXNA4|Any CPU.ActiveCfg = Debug|Any CPU
		{4B697BE9-1D48-4855-9070-C9C5C3BD341C}.Release|Any CPU.ActiveCfg = Release|Any CPU
		{4B697BE9-1D48-4855-9070-C9C5C3BD341C}.Release|Any CPU.Build.0 = Release|Any CPU
		{4B697BE9-1D48-4855-9070-C9C5C3BD341C}.Release35|Any CPU.ActiveCfg = Release|Any CPU
		{4B697BE9-1D48-4855-9070-C9C5C3BD341C}.Release40|Any CPU.ActiveCfg = Release|Any CPU
		{4B697BE9-1D48-4855-9070-C9C5C3BD341C}.Release45|Any CPU.ActiveCfg = Release|Any CPU
		{4B697BE9-1D48-4855-9070-C9C5C3BD341C}.Release46|Any CPU.ActiveCfg = Release|Any CPU
		{4B697BE9-1D48-4855-9070-C9C5C3BD341C}.Release8|Any CPU.ActiveCfg = Release|Any CPU
		{4B697BE9-1D48-4855-9070-C9C5C3BD341C}.Release81|Any CPU.ActiveCfg = Release|Any CPU
		{4B697BE9-1D48-4855-9070-C9C5C3BD341C}.ReleaseCF35|Any CPU.ActiveCfg = Release|Any CPU
		{4B697BE9-1D48-4855-9070-C9C5C3BD341C}.ReleasePL|Any CPU.ActiveCfg = Release|Any CPU
		{4B697BE9-1D48-4855-9070-C9C5C3BD341C}.ReleasePLLITE|Any CPU.ActiveCfg = Release|Any CPU
		{4B697BE9-1D48-4855-9070-C9C5C3BD341C}.ReleaseSL3|Any CPU.ActiveCfg = Release|Any CPU
		{4B697BE9-1D48-4855-9070-C9C5C3BD341C}.ReleaseSL4|Any CPU.ActiveCfg = Release|Any CPU
		{4B697BE9-1D48-4855-9070-C9C5C3BD341C}.ReleaseSL5|Any CPU.ActiveCfg = Release|Any CPU
		{4B697BE9-1D48-4855-9070-C9C5C3BD341C}.ReleaseWP7|Any CPU.ActiveCfg = Release|Any CPU
		{4B697BE9-1D48-4855-9070-C9C5C3BD341C}.ReleaseWP8|Any CPU.ActiveCfg = Release|Any CPU
		{4B697BE9-1D48-4855-9070-C9C5C3BD341C}.ReleaseXNA4|Any CPU.ActiveCfg = Release|Any CPU
	EndGlobalSection
	GlobalSection(SolutionProperties) = preSolution
		HideSolutionNode = FALSE
	EndGlobalSection
	GlobalSection(NestedProjects) = preSolution
		{FDA62C35-4174-44B0-BEBE-61E80B2515BA} = {0410EFCB-757C-46BA-99AA-A82A06A79F64}
		{430061B8-8504-483F-A532-CEB69FF04128} = {0410EFCB-757C-46BA-99AA-A82A06A79F64}
		{A5508FF0-93B9-4241-B666-07B05189C435} = {0410EFCB-757C-46BA-99AA-A82A06A79F64}
		{7DD3DDA0-0B73-4A7F-ACAF-15111AC2EB93} = {0410EFCB-757C-46BA-99AA-A82A06A79F64}
		{5965A929-C3E5-42AD-8328-3641F8967E72} = {16A2D2FA-6D59-498E-8160-66518531792E}
		{845E4FBF-A6C0-4870-9D1A-C832E262D956} = {16A2D2FA-6D59-498E-8160-66518531792E}
		{FB2DB31D-FCFA-45CE-A3A8-7B7C14ECD77A} = {16A2D2FA-6D59-498E-8160-66518531792E}
		{C18C6FE5-7408-4F3B-B562-7A563E01701E} = {0410EFCB-757C-46BA-99AA-A82A06A79F64}
		{A22F3131-6D20-4D67-9A9F-314FE3691EA1} = {16A2D2FA-6D59-498E-8160-66518531792E}
		{C17D3BD1-222F-4DCC-BBF8-44A04399701B} = {0410EFCB-757C-46BA-99AA-A82A06A79F64}
		{A0FA7FB5-BC2B-4E9F-9807-40BC26894AD5} = {0410EFCB-757C-46BA-99AA-A82A06A79F64}
		{4B697BE9-1D48-4855-9070-C9C5C3BD341C} = {0410EFCB-757C-46BA-99AA-A82A06A79F64}
	EndGlobalSection
EndGlobal
