Microsoft Visual Studio Solution File, Format Version 12.00
# Visual Studio 14
VisualStudioVersion = 14.0.25402.0
MinimumVisualStudioVersion = 10.0.40219.1
Project("{8BB2217D-0F2D-49D1-97BC-3654ED321F3B}") = "System.Reactive.Core", "System.Reactive.Core\System.Reactive.Core.xproj", "{FDA62C35-4174-44B0-BEBE-61E80B2515BA}"
EndProject
Project("{8BB2217D-0F2D-49D1-97BC-3654ED321F3B}") = "System.Reactive.Interfaces", "System.Reactive.Interfaces\System.Reactive.Interfaces.xproj", "{430061B8-8504-483F-A532-CEB69FF04128}"
EndProject
Project("{8BB2217D-0F2D-49D1-97BC-3654ED321F3B}") = "System.Reactive.Linq", "System.Reactive.Linq\System.Reactive.Linq.xproj", "{A5508FF0-93B9-4241-B666-07B05189C435}"
EndProject
Project("{8BB2217D-0F2D-49D1-97BC-3654ED321F3B}") = "System.Reactive.PlatformServices", "System.Reactive.PlatformServices\System.Reactive.PlatformServices.xproj", "{7DD3DDA0-0B73-4A7F-ACAF-15111AC2EB93}"
EndProject
Project("{8BB2217D-0F2D-49D1-97BC-3654ED321F3B}") = "System.Reactive.Observable.Aliases", "System.Reactive.Observable.Aliases\System.Reactive.Observable.Aliases.xproj", "{5965A929-C3E5-42AD-8328-3641F8967E72}"
EndProject
Project("{8BB2217D-0F2D-49D1-97BC-3654ED321F3B}") = "System.Reactive.Providers", "System.Reactive.Providers\System.Reactive.Providers.xproj", "{845E4FBF-A6C0-4870-9D1A-C832E262D956}"
EndProject
Project("{8BB2217D-0F2D-49D1-97BC-3654ED321F3B}") = "System.Reactive.Experimental", "System.Reactive.Experimental\System.Reactive.Experimental.xproj", "{FB2DB31D-FCFA-45CE-A3A8-7B7C14ECD77A}"
EndProject
Project("{8BB2217D-0F2D-49D1-97BC-3654ED321F3B}") = "System.Reactive.Windows.Threading", "System.Reactive.Windows.Threading\System.Reactive.Windows.Threading.xproj", "{C18C6FE5-7408-4F3B-B562-7A563E01701E}"
EndProject
Project("{8BB2217D-0F2D-49D1-97BC-3654ED321F3B}") = "System.Reactive.Runtime.Remoting", "System.Reactive.Runtime.Remoting\System.Reactive.Runtime.Remoting.xproj", "{A22F3131-6D20-4D67-9A9F-314FE3691EA1}"
EndProject
Project("{2150E333-8FDC-42A3-9474-1A3956D46DE8}") = "Core", "Core", "{0410EFCB-757C-46BA-99AA-A82A06A79F64}"
EndProject
Project("{2150E333-8FDC-42A3-9474-1A3956D46DE8}") = "Extra", "Extra", "{16A2D2FA-6D59-498E-8160-66518531792E}"
EndProject
Project("{8BB2217D-0F2D-49D1-97BC-3654ED321F3B}") = "System.Reactive.Windows.Forms", "System.Reactive.Windows.Forms\System.Reactive.Windows.Forms.xproj", "{C17D3BD1-222F-4DCC-BBF8-44A04399701B}"
EndProject
Project("{8BB2217D-0F2D-49D1-97BC-3654ED321F3B}") = "System.Reactive.WindowsRuntime", "System.Reactive.WindowsRuntime\System.Reactive.WindowsRuntime.xproj", "{4B697BE9-1D48-4855-9070-C9C5C3BD341C}"
EndProject
Project("{8BB2217D-0F2D-49D1-97BC-3654ED321F3B}") = "Microsoft.Reactive.Testing", "Microsoft.Reactive.Testing\Microsoft.Reactive.Testing.xproj", "{A0FA7FB5-BC2B-4E9F-9807-40BC26894AD5}"
EndProject
Project("{2150E333-8FDC-42A3-9474-1A3956D46DE8}") = "Tests", "Tests", "{8DB69669-2C09-404B-B29A-79641919078B}"
EndProject
Project("{8BB2217D-0F2D-49D1-97BC-3654ED321F3B}") = "Tests.System.Reactive", "Tests.System.Reactive\Tests.System.Reactive.xproj", "{78C7DAD3-D706-4D0A-A4F9-5C7EA1CB9D6D}"
EndProject
Project("{2150E333-8FDC-42A3-9474-1A3956D46DE8}") = "Solution Items", "Solution Items", "{D561839E-B307-4A56-A64F-BA9DC33B5D71}"
	ProjectSection(SolutionItems) = preProject
		build-new.ps1 = build-new.ps1
		global.json = global.json
		NuGet.Config = NuGet.Config
	EndProjectSection
EndProject
Project("{FAE04EC0-301F-11D3-BF4B-00C04F79EFBC}") = "Tests.System.Reactive.Uwp.DeviceRunner", "Tests.System.Reactive.Uwp.DeviceRunner\Tests.System.Reactive.Uwp.DeviceRunner.csproj", "{10CC7191-D936-46CA-BA87-0646733571EA}"
	ProjectSection(ProjectDependencies) = postProject
		{FB2DB31D-FCFA-45CE-A3A8-7B7C14ECD77A} = {FB2DB31D-FCFA-45CE-A3A8-7B7C14ECD77A}
		{5965A929-C3E5-42AD-8328-3641F8967E72} = {5965A929-C3E5-42AD-8328-3641F8967E72}
		{FDA62C35-4174-44B0-BEBE-61E80B2515BA} = {FDA62C35-4174-44B0-BEBE-61E80B2515BA}
		{7DD3DDA0-0B73-4A7F-ACAF-15111AC2EB93} = {7DD3DDA0-0B73-4A7F-ACAF-15111AC2EB93}
		{A0FA7FB5-BC2B-4E9F-9807-40BC26894AD5} = {A0FA7FB5-BC2B-4E9F-9807-40BC26894AD5}
		{430061B8-8504-483F-A532-CEB69FF04128} = {430061B8-8504-483F-A532-CEB69FF04128}
		{845E4FBF-A6C0-4870-9D1A-C832E262D956} = {845E4FBF-A6C0-4870-9D1A-C832E262D956}
		{C18C6FE5-7408-4F3B-B562-7A563E01701E} = {C18C6FE5-7408-4F3B-B562-7A563E01701E}
		{4B697BE9-1D48-4855-9070-C9C5C3BD341C} = {4B697BE9-1D48-4855-9070-C9C5C3BD341C}
		{A5508FF0-93B9-4241-B666-07B05189C435} = {A5508FF0-93B9-4241-B666-07B05189C435}
	EndProjectSection
EndProject
Global
	GlobalSection(SolutionConfigurationPlatforms) = preSolution
		Debug|Any CPU = Debug|Any CPU
		Debug|ARM = Debug|ARM
		Debug|x64 = Debug|x64
		Debug|x86 = Debug|x86
		Release|Any CPU = Release|Any CPU
		Release|ARM = Release|ARM
		Release|x64 = Release|x64
		Release|x86 = Release|x86
	EndGlobalSection
	GlobalSection(ProjectConfigurationPlatforms) = postSolution
		{FDA62C35-4174-44B0-BEBE-61E80B2515BA}.Debug|Any CPU.ActiveCfg = Debug|Any CPU
		{FDA62C35-4174-44B0-BEBE-61E80B2515BA}.Debug|Any CPU.Build.0 = Debug|Any CPU
		{FDA62C35-4174-44B0-BEBE-61E80B2515BA}.Debug|ARM.ActiveCfg = Debug|Any CPU
		{FDA62C35-4174-44B0-BEBE-61E80B2515BA}.Debug|ARM.Build.0 = Debug|Any CPU
		{FDA62C35-4174-44B0-BEBE-61E80B2515BA}.Debug|x64.ActiveCfg = Debug|Any CPU
		{FDA62C35-4174-44B0-BEBE-61E80B2515BA}.Debug|x64.Build.0 = Debug|Any CPU
		{FDA62C35-4174-44B0-BEBE-61E80B2515BA}.Debug|x86.ActiveCfg = Debug|Any CPU
		{FDA62C35-4174-44B0-BEBE-61E80B2515BA}.Debug|x86.Build.0 = Debug|Any CPU
		{FDA62C35-4174-44B0-BEBE-61E80B2515BA}.Release|Any CPU.ActiveCfg = Release|Any CPU
		{FDA62C35-4174-44B0-BEBE-61E80B2515BA}.Release|Any CPU.Build.0 = Release|Any CPU
		{FDA62C35-4174-44B0-BEBE-61E80B2515BA}.Release|ARM.ActiveCfg = Release|Any CPU
		{FDA62C35-4174-44B0-BEBE-61E80B2515BA}.Release|ARM.Build.0 = Release|Any CPU
		{FDA62C35-4174-44B0-BEBE-61E80B2515BA}.Release|x64.ActiveCfg = Release|Any CPU
		{FDA62C35-4174-44B0-BEBE-61E80B2515BA}.Release|x64.Build.0 = Release|Any CPU
		{FDA62C35-4174-44B0-BEBE-61E80B2515BA}.Release|x86.ActiveCfg = Release|Any CPU
		{FDA62C35-4174-44B0-BEBE-61E80B2515BA}.Release|x86.Build.0 = Release|Any CPU
		{430061B8-8504-483F-A532-CEB69FF04128}.Debug|Any CPU.ActiveCfg = Debug|Any CPU
		{430061B8-8504-483F-A532-CEB69FF04128}.Debug|Any CPU.Build.0 = Debug|Any CPU
		{430061B8-8504-483F-A532-CEB69FF04128}.Debug|ARM.ActiveCfg = Debug|Any CPU
		{430061B8-8504-483F-A532-CEB69FF04128}.Debug|ARM.Build.0 = Debug|Any CPU
		{430061B8-8504-483F-A532-CEB69FF04128}.Debug|x64.ActiveCfg = Debug|Any CPU
		{430061B8-8504-483F-A532-CEB69FF04128}.Debug|x64.Build.0 = Debug|Any CPU
		{430061B8-8504-483F-A532-CEB69FF04128}.Debug|x86.ActiveCfg = Debug|Any CPU
		{430061B8-8504-483F-A532-CEB69FF04128}.Debug|x86.Build.0 = Debug|Any CPU
		{430061B8-8504-483F-A532-CEB69FF04128}.Release|Any CPU.ActiveCfg = Release|Any CPU
		{430061B8-8504-483F-A532-CEB69FF04128}.Release|Any CPU.Build.0 = Release|Any CPU
		{430061B8-8504-483F-A532-CEB69FF04128}.Release|ARM.ActiveCfg = Release|Any CPU
		{430061B8-8504-483F-A532-CEB69FF04128}.Release|ARM.Build.0 = Release|Any CPU
		{430061B8-8504-483F-A532-CEB69FF04128}.Release|x64.ActiveCfg = Release|Any CPU
		{430061B8-8504-483F-A532-CEB69FF04128}.Release|x64.Build.0 = Release|Any CPU
		{430061B8-8504-483F-A532-CEB69FF04128}.Release|x86.ActiveCfg = Release|Any CPU
		{430061B8-8504-483F-A532-CEB69FF04128}.Release|x86.Build.0 = Release|Any CPU
		{A5508FF0-93B9-4241-B666-07B05189C435}.Debug|Any CPU.ActiveCfg = Debug|Any CPU
		{A5508FF0-93B9-4241-B666-07B05189C435}.Debug|Any CPU.Build.0 = Debug|Any CPU
		{A5508FF0-93B9-4241-B666-07B05189C435}.Debug|ARM.ActiveCfg = Debug|Any CPU
		{A5508FF0-93B9-4241-B666-07B05189C435}.Debug|ARM.Build.0 = Debug|Any CPU
		{A5508FF0-93B9-4241-B666-07B05189C435}.Debug|x64.ActiveCfg = Debug|Any CPU
		{A5508FF0-93B9-4241-B666-07B05189C435}.Debug|x64.Build.0 = Debug|Any CPU
		{A5508FF0-93B9-4241-B666-07B05189C435}.Debug|x86.ActiveCfg = Debug|Any CPU
		{A5508FF0-93B9-4241-B666-07B05189C435}.Debug|x86.Build.0 = Debug|Any CPU
		{A5508FF0-93B9-4241-B666-07B05189C435}.Release|Any CPU.ActiveCfg = Release|Any CPU
		{A5508FF0-93B9-4241-B666-07B05189C435}.Release|Any CPU.Build.0 = Release|Any CPU
		{A5508FF0-93B9-4241-B666-07B05189C435}.Release|ARM.ActiveCfg = Release|Any CPU
		{A5508FF0-93B9-4241-B666-07B05189C435}.Release|ARM.Build.0 = Release|Any CPU
		{A5508FF0-93B9-4241-B666-07B05189C435}.Release|x64.ActiveCfg = Release|Any CPU
		{A5508FF0-93B9-4241-B666-07B05189C435}.Release|x64.Build.0 = Release|Any CPU
		{A5508FF0-93B9-4241-B666-07B05189C435}.Release|x86.ActiveCfg = Release|Any CPU
		{A5508FF0-93B9-4241-B666-07B05189C435}.Release|x86.Build.0 = Release|Any CPU
		{7DD3DDA0-0B73-4A7F-ACAF-15111AC2EB93}.Debug|Any CPU.ActiveCfg = Debug|Any CPU
		{7DD3DDA0-0B73-4A7F-ACAF-15111AC2EB93}.Debug|Any CPU.Build.0 = Debug|Any CPU
		{7DD3DDA0-0B73-4A7F-ACAF-15111AC2EB93}.Debug|ARM.ActiveCfg = Debug|Any CPU
		{7DD3DDA0-0B73-4A7F-ACAF-15111AC2EB93}.Debug|ARM.Build.0 = Debug|Any CPU
		{7DD3DDA0-0B73-4A7F-ACAF-15111AC2EB93}.Debug|x64.ActiveCfg = Debug|Any CPU
		{7DD3DDA0-0B73-4A7F-ACAF-15111AC2EB93}.Debug|x64.Build.0 = Debug|Any CPU
		{7DD3DDA0-0B73-4A7F-ACAF-15111AC2EB93}.Debug|x86.ActiveCfg = Debug|Any CPU
		{7DD3DDA0-0B73-4A7F-ACAF-15111AC2EB93}.Debug|x86.Build.0 = Debug|Any CPU
		{7DD3DDA0-0B73-4A7F-ACAF-15111AC2EB93}.Release|Any CPU.ActiveCfg = Release|Any CPU
		{7DD3DDA0-0B73-4A7F-ACAF-15111AC2EB93}.Release|Any CPU.Build.0 = Release|Any CPU
		{7DD3DDA0-0B73-4A7F-ACAF-15111AC2EB93}.Release|ARM.ActiveCfg = Release|Any CPU
		{7DD3DDA0-0B73-4A7F-ACAF-15111AC2EB93}.Release|ARM.Build.0 = Release|Any CPU
		{7DD3DDA0-0B73-4A7F-ACAF-15111AC2EB93}.Release|x64.ActiveCfg = Release|Any CPU
		{7DD3DDA0-0B73-4A7F-ACAF-15111AC2EB93}.Release|x64.Build.0 = Release|Any CPU
		{7DD3DDA0-0B73-4A7F-ACAF-15111AC2EB93}.Release|x86.ActiveCfg = Release|Any CPU
		{7DD3DDA0-0B73-4A7F-ACAF-15111AC2EB93}.Release|x86.Build.0 = Release|Any CPU
		{5965A929-C3E5-42AD-8328-3641F8967E72}.Debug|Any CPU.ActiveCfg = Debug|Any CPU
		{5965A929-C3E5-42AD-8328-3641F8967E72}.Debug|Any CPU.Build.0 = Debug|Any CPU
		{5965A929-C3E5-42AD-8328-3641F8967E72}.Debug|ARM.ActiveCfg = Debug|Any CPU
		{5965A929-C3E5-42AD-8328-3641F8967E72}.Debug|ARM.Build.0 = Debug|Any CPU
		{5965A929-C3E5-42AD-8328-3641F8967E72}.Debug|x64.ActiveCfg = Debug|Any CPU
		{5965A929-C3E5-42AD-8328-3641F8967E72}.Debug|x64.Build.0 = Debug|Any CPU
		{5965A929-C3E5-42AD-8328-3641F8967E72}.Debug|x86.ActiveCfg = Debug|Any CPU
		{5965A929-C3E5-42AD-8328-3641F8967E72}.Debug|x86.Build.0 = Debug|Any CPU
		{5965A929-C3E5-42AD-8328-3641F8967E72}.Release|Any CPU.ActiveCfg = Release|Any CPU
		{5965A929-C3E5-42AD-8328-3641F8967E72}.Release|Any CPU.Build.0 = Release|Any CPU
		{5965A929-C3E5-42AD-8328-3641F8967E72}.Release|ARM.ActiveCfg = Release|Any CPU
		{5965A929-C3E5-42AD-8328-3641F8967E72}.Release|ARM.Build.0 = Release|Any CPU
		{5965A929-C3E5-42AD-8328-3641F8967E72}.Release|x64.ActiveCfg = Release|Any CPU
		{5965A929-C3E5-42AD-8328-3641F8967E72}.Release|x64.Build.0 = Release|Any CPU
		{5965A929-C3E5-42AD-8328-3641F8967E72}.Release|x86.ActiveCfg = Release|Any CPU
		{5965A929-C3E5-42AD-8328-3641F8967E72}.Release|x86.Build.0 = Release|Any CPU
		{845E4FBF-A6C0-4870-9D1A-C832E262D956}.Debug|Any CPU.ActiveCfg = Debug|Any CPU
		{845E4FBF-A6C0-4870-9D1A-C832E262D956}.Debug|Any CPU.Build.0 = Debug|Any CPU
		{845E4FBF-A6C0-4870-9D1A-C832E262D956}.Debug|ARM.ActiveCfg = Debug|Any CPU
		{845E4FBF-A6C0-4870-9D1A-C832E262D956}.Debug|ARM.Build.0 = Debug|Any CPU
		{845E4FBF-A6C0-4870-9D1A-C832E262D956}.Debug|x64.ActiveCfg = Debug|Any CPU
		{845E4FBF-A6C0-4870-9D1A-C832E262D956}.Debug|x64.Build.0 = Debug|Any CPU
		{845E4FBF-A6C0-4870-9D1A-C832E262D956}.Debug|x86.ActiveCfg = Debug|Any CPU
		{845E4FBF-A6C0-4870-9D1A-C832E262D956}.Debug|x86.Build.0 = Debug|Any CPU
		{845E4FBF-A6C0-4870-9D1A-C832E262D956}.Release|Any CPU.ActiveCfg = Release|Any CPU
		{845E4FBF-A6C0-4870-9D1A-C832E262D956}.Release|Any CPU.Build.0 = Release|Any CPU
		{845E4FBF-A6C0-4870-9D1A-C832E262D956}.Release|ARM.ActiveCfg = Release|Any CPU
		{845E4FBF-A6C0-4870-9D1A-C832E262D956}.Release|ARM.Build.0 = Release|Any CPU
		{845E4FBF-A6C0-4870-9D1A-C832E262D956}.Release|x64.ActiveCfg = Release|Any CPU
		{845E4FBF-A6C0-4870-9D1A-C832E262D956}.Release|x64.Build.0 = Release|Any CPU
		{845E4FBF-A6C0-4870-9D1A-C832E262D956}.Release|x86.ActiveCfg = Release|Any CPU
		{845E4FBF-A6C0-4870-9D1A-C832E262D956}.Release|x86.Build.0 = Release|Any CPU
		{FB2DB31D-FCFA-45CE-A3A8-7B7C14ECD77A}.Debug|Any CPU.ActiveCfg = Debug|Any CPU
		{FB2DB31D-FCFA-45CE-A3A8-7B7C14ECD77A}.Debug|Any CPU.Build.0 = Debug|Any CPU
		{FB2DB31D-FCFA-45CE-A3A8-7B7C14ECD77A}.Debug|ARM.ActiveCfg = Debug|Any CPU
		{FB2DB31D-FCFA-45CE-A3A8-7B7C14ECD77A}.Debug|ARM.Build.0 = Debug|Any CPU
		{FB2DB31D-FCFA-45CE-A3A8-7B7C14ECD77A}.Debug|x64.ActiveCfg = Debug|Any CPU
		{FB2DB31D-FCFA-45CE-A3A8-7B7C14ECD77A}.Debug|x64.Build.0 = Debug|Any CPU
		{FB2DB31D-FCFA-45CE-A3A8-7B7C14ECD77A}.Debug|x86.ActiveCfg = Debug|Any CPU
		{FB2DB31D-FCFA-45CE-A3A8-7B7C14ECD77A}.Debug|x86.Build.0 = Debug|Any CPU
		{FB2DB31D-FCFA-45CE-A3A8-7B7C14ECD77A}.Release|Any CPU.ActiveCfg = Release|Any CPU
		{FB2DB31D-FCFA-45CE-A3A8-7B7C14ECD77A}.Release|Any CPU.Build.0 = Release|Any CPU
		{FB2DB31D-FCFA-45CE-A3A8-7B7C14ECD77A}.Release|ARM.ActiveCfg = Release|Any CPU
		{FB2DB31D-FCFA-45CE-A3A8-7B7C14ECD77A}.Release|ARM.Build.0 = Release|Any CPU
		{FB2DB31D-FCFA-45CE-A3A8-7B7C14ECD77A}.Release|x64.ActiveCfg = Release|Any CPU
		{FB2DB31D-FCFA-45CE-A3A8-7B7C14ECD77A}.Release|x64.Build.0 = Release|Any CPU
		{FB2DB31D-FCFA-45CE-A3A8-7B7C14ECD77A}.Release|x86.ActiveCfg = Release|Any CPU
		{FB2DB31D-FCFA-45CE-A3A8-7B7C14ECD77A}.Release|x86.Build.0 = Release|Any CPU
		{C18C6FE5-7408-4F3B-B562-7A563E01701E}.Debug|Any CPU.ActiveCfg = Debug|Any CPU
		{C18C6FE5-7408-4F3B-B562-7A563E01701E}.Debug|Any CPU.Build.0 = Debug|Any CPU
		{C18C6FE5-7408-4F3B-B562-7A563E01701E}.Debug|ARM.ActiveCfg = Debug|Any CPU
		{C18C6FE5-7408-4F3B-B562-7A563E01701E}.Debug|ARM.Build.0 = Debug|Any CPU
		{C18C6FE5-7408-4F3B-B562-7A563E01701E}.Debug|x64.ActiveCfg = Debug|Any CPU
		{C18C6FE5-7408-4F3B-B562-7A563E01701E}.Debug|x64.Build.0 = Debug|Any CPU
		{C18C6FE5-7408-4F3B-B562-7A563E01701E}.Debug|x86.ActiveCfg = Debug|Any CPU
		{C18C6FE5-7408-4F3B-B562-7A563E01701E}.Debug|x86.Build.0 = Debug|Any CPU
		{C18C6FE5-7408-4F3B-B562-7A563E01701E}.Release|Any CPU.ActiveCfg = Release|Any CPU
		{C18C6FE5-7408-4F3B-B562-7A563E01701E}.Release|Any CPU.Build.0 = Release|Any CPU
		{C18C6FE5-7408-4F3B-B562-7A563E01701E}.Release|ARM.ActiveCfg = Release|Any CPU
		{C18C6FE5-7408-4F3B-B562-7A563E01701E}.Release|ARM.Build.0 = Release|Any CPU
		{C18C6FE5-7408-4F3B-B562-7A563E01701E}.Release|x64.ActiveCfg = Release|Any CPU
		{C18C6FE5-7408-4F3B-B562-7A563E01701E}.Release|x64.Build.0 = Release|Any CPU
		{C18C6FE5-7408-4F3B-B562-7A563E01701E}.Release|x86.ActiveCfg = Release|Any CPU
		{C18C6FE5-7408-4F3B-B562-7A563E01701E}.Release|x86.Build.0 = Release|Any CPU
		{A22F3131-6D20-4D67-9A9F-314FE3691EA1}.Debug|Any CPU.ActiveCfg = Debug|Any CPU
		{A22F3131-6D20-4D67-9A9F-314FE3691EA1}.Debug|Any CPU.Build.0 = Debug|Any CPU
		{A22F3131-6D20-4D67-9A9F-314FE3691EA1}.Debug|ARM.ActiveCfg = Debug|Any CPU
		{A22F3131-6D20-4D67-9A9F-314FE3691EA1}.Debug|ARM.Build.0 = Debug|Any CPU
		{A22F3131-6D20-4D67-9A9F-314FE3691EA1}.Debug|x64.ActiveCfg = Debug|Any CPU
		{A22F3131-6D20-4D67-9A9F-314FE3691EA1}.Debug|x64.Build.0 = Debug|Any CPU
		{A22F3131-6D20-4D67-9A9F-314FE3691EA1}.Debug|x86.ActiveCfg = Debug|Any CPU
		{A22F3131-6D20-4D67-9A9F-314FE3691EA1}.Debug|x86.Build.0 = Debug|Any CPU
		{A22F3131-6D20-4D67-9A9F-314FE3691EA1}.Release|Any CPU.ActiveCfg = Release|Any CPU
		{A22F3131-6D20-4D67-9A9F-314FE3691EA1}.Release|Any CPU.Build.0 = Release|Any CPU
		{A22F3131-6D20-4D67-9A9F-314FE3691EA1}.Release|ARM.ActiveCfg = Release|Any CPU
		{A22F3131-6D20-4D67-9A9F-314FE3691EA1}.Release|ARM.Build.0 = Release|Any CPU
		{A22F3131-6D20-4D67-9A9F-314FE3691EA1}.Release|x64.ActiveCfg = Release|Any CPU
		{A22F3131-6D20-4D67-9A9F-314FE3691EA1}.Release|x64.Build.0 = Release|Any CPU
		{A22F3131-6D20-4D67-9A9F-314FE3691EA1}.Release|x86.ActiveCfg = Release|Any CPU
		{A22F3131-6D20-4D67-9A9F-314FE3691EA1}.Release|x86.Build.0 = Release|Any CPU
		{C17D3BD1-222F-4DCC-BBF8-44A04399701B}.Debug|Any CPU.ActiveCfg = Debug|Any CPU
		{C17D3BD1-222F-4DCC-BBF8-44A04399701B}.Debug|Any CPU.Build.0 = Debug|Any CPU
		{C17D3BD1-222F-4DCC-BBF8-44A04399701B}.Debug|ARM.ActiveCfg = Debug|Any CPU
		{C17D3BD1-222F-4DCC-BBF8-44A04399701B}.Debug|ARM.Build.0 = Debug|Any CPU
		{C17D3BD1-222F-4DCC-BBF8-44A04399701B}.Debug|x64.ActiveCfg = Debug|Any CPU
		{C17D3BD1-222F-4DCC-BBF8-44A04399701B}.Debug|x64.Build.0 = Debug|Any CPU
		{C17D3BD1-222F-4DCC-BBF8-44A04399701B}.Debug|x86.ActiveCfg = Debug|Any CPU
		{C17D3BD1-222F-4DCC-BBF8-44A04399701B}.Debug|x86.Build.0 = Debug|Any CPU
		{C17D3BD1-222F-4DCC-BBF8-44A04399701B}.Release|Any CPU.ActiveCfg = Release|Any CPU
		{C17D3BD1-222F-4DCC-BBF8-44A04399701B}.Release|Any CPU.Build.0 = Release|Any CPU
		{C17D3BD1-222F-4DCC-BBF8-44A04399701B}.Release|ARM.ActiveCfg = Release|Any CPU
		{C17D3BD1-222F-4DCC-BBF8-44A04399701B}.Release|ARM.Build.0 = Release|Any CPU
		{C17D3BD1-222F-4DCC-BBF8-44A04399701B}.Release|x64.ActiveCfg = Release|Any CPU
		{C17D3BD1-222F-4DCC-BBF8-44A04399701B}.Release|x64.Build.0 = Release|Any CPU
		{C17D3BD1-222F-4DCC-BBF8-44A04399701B}.Release|x86.ActiveCfg = Release|Any CPU
		{C17D3BD1-222F-4DCC-BBF8-44A04399701B}.Release|x86.Build.0 = Release|Any CPU
		{4B697BE9-1D48-4855-9070-C9C5C3BD341C}.Debug|Any CPU.ActiveCfg = Debug|Any CPU
		{4B697BE9-1D48-4855-9070-C9C5C3BD341C}.Debug|Any CPU.Build.0 = Debug|Any CPU
		{4B697BE9-1D48-4855-9070-C9C5C3BD341C}.Debug|ARM.ActiveCfg = Debug|Any CPU
		{4B697BE9-1D48-4855-9070-C9C5C3BD341C}.Debug|ARM.Build.0 = Debug|Any CPU
		{4B697BE9-1D48-4855-9070-C9C5C3BD341C}.Debug|x64.ActiveCfg = Debug|Any CPU
		{4B697BE9-1D48-4855-9070-C9C5C3BD341C}.Debug|x64.Build.0 = Debug|Any CPU
		{4B697BE9-1D48-4855-9070-C9C5C3BD341C}.Debug|x86.ActiveCfg = Debug|Any CPU
		{4B697BE9-1D48-4855-9070-C9C5C3BD341C}.Debug|x86.Build.0 = Debug|Any CPU
		{4B697BE9-1D48-4855-9070-C9C5C3BD341C}.Release|Any CPU.ActiveCfg = Release|Any CPU
		{4B697BE9-1D48-4855-9070-C9C5C3BD341C}.Release|Any CPU.Build.0 = Release|Any CPU
		{4B697BE9-1D48-4855-9070-C9C5C3BD341C}.Release|ARM.ActiveCfg = Release|Any CPU
		{4B697BE9-1D48-4855-9070-C9C5C3BD341C}.Release|ARM.Build.0 = Release|Any CPU
		{4B697BE9-1D48-4855-9070-C9C5C3BD341C}.Release|x64.ActiveCfg = Release|Any CPU
		{4B697BE9-1D48-4855-9070-C9C5C3BD341C}.Release|x64.Build.0 = Release|Any CPU
		{4B697BE9-1D48-4855-9070-C9C5C3BD341C}.Release|x86.ActiveCfg = Release|Any CPU
		{4B697BE9-1D48-4855-9070-C9C5C3BD341C}.Release|x86.Build.0 = Release|Any CPU
		{A0FA7FB5-BC2B-4E9F-9807-40BC26894AD5}.Debug|Any CPU.ActiveCfg = Debug|Any CPU
		{A0FA7FB5-BC2B-4E9F-9807-40BC26894AD5}.Debug|Any CPU.Build.0 = Debug|Any CPU
		{A0FA7FB5-BC2B-4E9F-9807-40BC26894AD5}.Debug|ARM.ActiveCfg = Debug|Any CPU
		{A0FA7FB5-BC2B-4E9F-9807-40BC26894AD5}.Debug|ARM.Build.0 = Debug|Any CPU
		{A0FA7FB5-BC2B-4E9F-9807-40BC26894AD5}.Debug|x64.ActiveCfg = Debug|Any CPU
		{A0FA7FB5-BC2B-4E9F-9807-40BC26894AD5}.Debug|x64.Build.0 = Debug|Any CPU
		{A0FA7FB5-BC2B-4E9F-9807-40BC26894AD5}.Debug|x86.ActiveCfg = Debug|Any CPU
		{A0FA7FB5-BC2B-4E9F-9807-40BC26894AD5}.Debug|x86.Build.0 = Debug|Any CPU
		{A0FA7FB5-BC2B-4E9F-9807-40BC26894AD5}.Release|Any CPU.ActiveCfg = Release|Any CPU
		{A0FA7FB5-BC2B-4E9F-9807-40BC26894AD5}.Release|Any CPU.Build.0 = Release|Any CPU
		{A0FA7FB5-BC2B-4E9F-9807-40BC26894AD5}.Release|ARM.ActiveCfg = Release|Any CPU
		{A0FA7FB5-BC2B-4E9F-9807-40BC26894AD5}.Release|ARM.Build.0 = Release|Any CPU
		{A0FA7FB5-BC2B-4E9F-9807-40BC26894AD5}.Release|x64.ActiveCfg = Release|Any CPU
		{A0FA7FB5-BC2B-4E9F-9807-40BC26894AD5}.Release|x64.Build.0 = Release|Any CPU
		{A0FA7FB5-BC2B-4E9F-9807-40BC26894AD5}.Release|x86.ActiveCfg = Release|Any CPU
		{A0FA7FB5-BC2B-4E9F-9807-40BC26894AD5}.Release|x86.Build.0 = Release|Any CPU
		{78C7DAD3-D706-4D0A-A4F9-5C7EA1CB9D6D}.Debug|Any CPU.ActiveCfg = Debug|Any CPU
		{78C7DAD3-D706-4D0A-A4F9-5C7EA1CB9D6D}.Debug|Any CPU.Build.0 = Debug|Any CPU
		{78C7DAD3-D706-4D0A-A4F9-5C7EA1CB9D6D}.Debug|ARM.ActiveCfg = Debug|Any CPU
		{78C7DAD3-D706-4D0A-A4F9-5C7EA1CB9D6D}.Debug|ARM.Build.0 = Debug|Any CPU
		{78C7DAD3-D706-4D0A-A4F9-5C7EA1CB9D6D}.Debug|x64.ActiveCfg = Debug|Any CPU
		{78C7DAD3-D706-4D0A-A4F9-5C7EA1CB9D6D}.Debug|x64.Build.0 = Debug|Any CPU
		{78C7DAD3-D706-4D0A-A4F9-5C7EA1CB9D6D}.Debug|x86.ActiveCfg = Debug|Any CPU
		{78C7DAD3-D706-4D0A-A4F9-5C7EA1CB9D6D}.Debug|x86.Build.0 = Debug|Any CPU
		{78C7DAD3-D706-4D0A-A4F9-5C7EA1CB9D6D}.Release|Any CPU.ActiveCfg = Release|Any CPU
		{78C7DAD3-D706-4D0A-A4F9-5C7EA1CB9D6D}.Release|Any CPU.Build.0 = Release|Any CPU
		{78C7DAD3-D706-4D0A-A4F9-5C7EA1CB9D6D}.Release|ARM.ActiveCfg = Release|Any CPU
		{78C7DAD3-D706-4D0A-A4F9-5C7EA1CB9D6D}.Release|ARM.Build.0 = Release|Any CPU
		{78C7DAD3-D706-4D0A-A4F9-5C7EA1CB9D6D}.Release|x64.ActiveCfg = Release|Any CPU
		{78C7DAD3-D706-4D0A-A4F9-5C7EA1CB9D6D}.Release|x64.Build.0 = Release|Any CPU
		{78C7DAD3-D706-4D0A-A4F9-5C7EA1CB9D6D}.Release|x86.ActiveCfg = Release|Any CPU
		{78C7DAD3-D706-4D0A-A4F9-5C7EA1CB9D6D}.Release|x86.Build.0 = Release|Any CPU
		{10CC7191-D936-46CA-BA87-0646733571EA}.Debug|Any CPU.ActiveCfg = Debug|x86
		{10CC7191-D936-46CA-BA87-0646733571EA}.Debug|Any CPU.Build.0 = Debug|x86
		{10CC7191-D936-46CA-BA87-0646733571EA}.Debug|Any CPU.Deploy.0 = Debug|x86
		{10CC7191-D936-46CA-BA87-0646733571EA}.Debug|ARM.ActiveCfg = Debug|ARM
		{10CC7191-D936-46CA-BA87-0646733571EA}.Debug|ARM.Build.0 = Debug|ARM
		{10CC7191-D936-46CA-BA87-0646733571EA}.Debug|ARM.Deploy.0 = Debug|ARM
		{10CC7191-D936-46CA-BA87-0646733571EA}.Debug|x64.ActiveCfg = Debug|x64
		{10CC7191-D936-46CA-BA87-0646733571EA}.Debug|x64.Build.0 = Debug|x64
		{10CC7191-D936-46CA-BA87-0646733571EA}.Debug|x64.Deploy.0 = Debug|x64
		{10CC7191-D936-46CA-BA87-0646733571EA}.Debug|x86.ActiveCfg = Debug|x86
		{10CC7191-D936-46CA-BA87-0646733571EA}.Debug|x86.Build.0 = Debug|x86
		{10CC7191-D936-46CA-BA87-0646733571EA}.Debug|x86.Deploy.0 = Debug|x86
		{10CC7191-D936-46CA-BA87-0646733571EA}.Release|Any CPU.ActiveCfg = Release|x86
		{10CC7191-D936-46CA-BA87-0646733571EA}.Release|Any CPU.Build.0 = Release|x86
		{10CC7191-D936-46CA-BA87-0646733571EA}.Release|Any CPU.Deploy.0 = Release|x86
		{10CC7191-D936-46CA-BA87-0646733571EA}.Release|ARM.ActiveCfg = Release|ARM
		{10CC7191-D936-46CA-BA87-0646733571EA}.Release|ARM.Build.0 = Release|ARM
		{10CC7191-D936-46CA-BA87-0646733571EA}.Release|ARM.Deploy.0 = Release|ARM
		{10CC7191-D936-46CA-BA87-0646733571EA}.Release|x64.ActiveCfg = Release|x64
		{10CC7191-D936-46CA-BA87-0646733571EA}.Release|x64.Build.0 = Release|x64
		{10CC7191-D936-46CA-BA87-0646733571EA}.Release|x64.Deploy.0 = Release|x64
		{10CC7191-D936-46CA-BA87-0646733571EA}.Release|x86.ActiveCfg = Release|x86
		{10CC7191-D936-46CA-BA87-0646733571EA}.Release|x86.Build.0 = Release|x86
		{10CC7191-D936-46CA-BA87-0646733571EA}.Release|x86.Deploy.0 = Release|x86
	EndGlobalSection
	GlobalSection(SolutionProperties) = preSolution
		HideSolutionNode = FALSE
	EndGlobalSection
	GlobalSection(NestedProjects) = preSolution
		{FDA62C35-4174-44B0-BEBE-61E80B2515BA} = {0410EFCB-757C-46BA-99AA-A82A06A79F64}
		{430061B8-8504-483F-A532-CEB69FF04128} = {0410EFCB-757C-46BA-99AA-A82A06A79F64}
		{A5508FF0-93B9-4241-B666-07B05189C435} = {0410EFCB-757C-46BA-99AA-A82A06A79F64}
		{7DD3DDA0-0B73-4A7F-ACAF-15111AC2EB93} = {0410EFCB-757C-46BA-99AA-A82A06A79F64}
		{5965A929-C3E5-42AD-8328-3641F8967E72} = {16A2D2FA-6D59-498E-8160-66518531792E}
		{845E4FBF-A6C0-4870-9D1A-C832E262D956} = {16A2D2FA-6D59-498E-8160-66518531792E}
		{FB2DB31D-FCFA-45CE-A3A8-7B7C14ECD77A} = {16A2D2FA-6D59-498E-8160-66518531792E}
		{C18C6FE5-7408-4F3B-B562-7A563E01701E} = {0410EFCB-757C-46BA-99AA-A82A06A79F64}
		{A22F3131-6D20-4D67-9A9F-314FE3691EA1} = {16A2D2FA-6D59-498E-8160-66518531792E}
		{C17D3BD1-222F-4DCC-BBF8-44A04399701B} = {0410EFCB-757C-46BA-99AA-A82A06A79F64}
		{4B697BE9-1D48-4855-9070-C9C5C3BD341C} = {0410EFCB-757C-46BA-99AA-A82A06A79F64}
		{A0FA7FB5-BC2B-4E9F-9807-40BC26894AD5} = {0410EFCB-757C-46BA-99AA-A82A06A79F64}
		{78C7DAD3-D706-4D0A-A4F9-5C7EA1CB9D6D} = {8DB69669-2C09-404B-B29A-79641919078B}
		{10CC7191-D936-46CA-BA87-0646733571EA} = {8DB69669-2C09-404B-B29A-79641919078B}
	EndGlobalSection
EndGlobal
