
Microsoft Visual Studio Solution File, Format Version 11.00
# Visual Studio 2010
Project("{FAE04EC0-301F-11D3-BF4B-00C04F79EFBC}") = "Excercise1", "Excercise1.csproj", "{64025149-E5AD-4566-9E82-7408B2176FD3}"
EndProject
Global
	GlobalSection(SolutionConfigurationPlatforms) = preSolution
		Debug|x86 = Debug|x86
		Release|x86 = Release|x86
	EndGlobalSection
	GlobalSection(ProjectConfigurationPlatforms) = postSolution
		{64025149-E5AD-4566-9E82-7408B2176FD3}.Debug|x86.ActiveCfg = Debug|x86
		{64025149-E5AD-4566-9E82-7408B2176FD3}.Debug|x86.Build.0 = Debug|x86
		{64025149-E5AD-4566-9E82-7408B2176FD3}.Release|x86.ActiveCfg = Release|x86
		{64025149-E5AD-4566-9E82-7408B2176FD3}.Release|x86.Build.0 = Release|x86
	EndGlobalSection
	GlobalSection(SolutionProperties) = preSolution
		HideSolutionNode = FALSE
	EndGlobalSection
EndGlobal
