
Microsoft Visual Studio Solution File, Format Version 12.00
# Visual Studio 2012
Project("{FAE04EC0-301F-11D3-BF4B-00C04F79EFBC}") = "System.Interactive", "System.Interactive\System.Interactive.csproj", "{8E4B04F0-915E-48F9-9796-76278C6094BD}"
EndProject
Project("{FAE04EC0-301F-11D3-BF4B-00C04F79EFBC}") = "Tests", "Tests\Tests.csproj", "{C4C8532A-F8D2-428B-962E-FD578A1E647C}"
EndProject
Project("{2150E333-8FDC-42A3-9474-1A3956D46DE8}") = "Solution Items", "Solution Items", "{01E445E3-2296-48ED-A70D-F64CE755E0B6}"
	ProjectSection(SolutionItems) = preProject
		Interactive Extensions.vsmdi = Interactive Extensions.vsmdi
		Local.testsettings = Local.testsettings
		TraceAndTestImpact.testsettings = TraceAndTestImpact.testsettings
	EndProjectSection
EndProject
Project("{FAE04EC0-301F-11D3-BF4B-00C04F79EFBC}") = "System.Interactive.Providers", "System.Interactive.Providers\System.Interactive.Providers.csproj", "{6D62E966-469D-4A99-BD43-0A17FA14FB4F}"
EndProject
Project("{FAE04EC0-301F-11D3-BF4B-00C04F79EFBC}") = "System.Interactive.Async", "System.Interactive.Async\System.Interactive.Async.csproj", "{7269A578-326A-4C3E-9874-A2D2600095BC}"
EndProject
Global
	GlobalSection(TestCaseManagementSettings) = postSolution
		CategoryFile = Interactive Extensions.vsmdi
	EndGlobalSection
	GlobalSection(SolutionConfigurationPlatforms) = preSolution
		Debug|Any CPU = Debug|Any CPU
		Debug|Mixed Platforms = Debug|Mixed Platforms
		Debug|x86 = Debug|x86
		Debug35|Any CPU = Debug35|Any CPU
		Debug35|Mixed Platforms = Debug35|Mixed Platforms
		Debug35|x86 = Debug35|x86
		Debug40|Any CPU = Debug40|Any CPU
		Debug40|Mixed Platforms = Debug40|Mixed Platforms
		Debug40|x86 = Debug40|x86
		Debug45|Any CPU = Debug45|Any CPU
		Debug45|Mixed Platforms = Debug45|Mixed Platforms
		Debug45|x86 = Debug45|x86
		DebugPL|Any CPU = DebugPL|Any CPU
		DebugPL|Mixed Platforms = DebugPL|Mixed Platforms
		DebugPL|x86 = DebugPL|x86
		DebugSL4|Any CPU = DebugSL4|Any CPU
		DebugSL4|Mixed Platforms = DebugSL4|Mixed Platforms
		DebugSL4|x86 = DebugSL4|x86
		DebugSL5|Any CPU = DebugSL5|Any CPU
		DebugSL5|Mixed Platforms = DebugSL5|Mixed Platforms
		DebugSL5|x86 = DebugSL5|x86
		DebugWP7|Any CPU = DebugWP7|Any CPU
		DebugWP7|Mixed Platforms = DebugWP7|Mixed Platforms
		DebugWP7|x86 = DebugWP7|x86
		Release|Any CPU = Release|Any CPU
		Release|Mixed Platforms = Release|Mixed Platforms
		Release|x86 = Release|x86
		Release35|Any CPU = Release35|Any CPU
		Release35|Mixed Platforms = Release35|Mixed Platforms
		Release35|x86 = Release35|x86
		Release40|Any CPU = Release40|Any CPU
		Release40|Mixed Platforms = Release40|Mixed Platforms
		Release40|x86 = Release40|x86
		Release45|Any CPU = Release45|Any CPU
		Release45|Mixed Platforms = Release45|Mixed Platforms
		Release45|x86 = Release45|x86
		ReleasePL|Any CPU = ReleasePL|Any CPU
		ReleasePL|Mixed Platforms = ReleasePL|Mixed Platforms
		ReleasePL|x86 = ReleasePL|x86
		ReleaseSL4|Any CPU = ReleaseSL4|Any CPU
		ReleaseSL4|Mixed Platforms = ReleaseSL4|Mixed Platforms
		ReleaseSL4|x86 = ReleaseSL4|x86
		ReleaseSL5|Any CPU = ReleaseSL5|Any CPU
		ReleaseSL5|Mixed Platforms = ReleaseSL5|Mixed Platforms
		ReleaseSL5|x86 = ReleaseSL5|x86
		ReleaseWP7|Any CPU = ReleaseWP7|Any CPU
		ReleaseWP7|Mixed Platforms = ReleaseWP7|Mixed Platforms
		ReleaseWP7|x86 = ReleaseWP7|x86
	EndGlobalSection
	GlobalSection(ProjectConfigurationPlatforms) = postSolution
		{8E4B04F0-915E-48F9-9796-76278C6094BD}.Debug|Any CPU.ActiveCfg = DebugPL|Any CPU
		{8E4B04F0-915E-48F9-9796-76278C6094BD}.Debug|Any CPU.Build.0 = DebugPL|Any CPU
		{8E4B04F0-915E-48F9-9796-76278C6094BD}.Debug|Mixed Platforms.ActiveCfg = DebugPL|Any CPU
		{8E4B04F0-915E-48F9-9796-76278C6094BD}.Debug|Mixed Platforms.Build.0 = DebugPL|Any CPU
		{8E4B04F0-915E-48F9-9796-76278C6094BD}.Debug|x86.ActiveCfg = DebugPL|Any CPU
		{8E4B04F0-915E-48F9-9796-76278C6094BD}.Debug35|Any CPU.ActiveCfg = Debug35|Any CPU
		{8E4B04F0-915E-48F9-9796-76278C6094BD}.Debug35|Any CPU.Build.0 = Debug35|Any CPU
		{8E4B04F0-915E-48F9-9796-76278C6094BD}.Debug35|Mixed Platforms.ActiveCfg = Debug35|Any CPU
		{8E4B04F0-915E-48F9-9796-76278C6094BD}.Debug35|Mixed Platforms.Build.0 = Debug35|Any CPU
		{8E4B04F0-915E-48F9-9796-76278C6094BD}.Debug35|x86.ActiveCfg = Debug35|Any CPU
		{8E4B04F0-915E-48F9-9796-76278C6094BD}.Debug40|Any CPU.ActiveCfg = Debug40|Any CPU
		{8E4B04F0-915E-48F9-9796-76278C6094BD}.Debug40|Any CPU.Build.0 = Debug40|Any CPU
		{8E4B04F0-915E-48F9-9796-76278C6094BD}.Debug40|Mixed Platforms.ActiveCfg = Debug40|Any CPU
		{8E4B04F0-915E-48F9-9796-76278C6094BD}.Debug40|Mixed Platforms.Build.0 = Debug40|Any CPU
		{8E4B04F0-915E-48F9-9796-76278C6094BD}.Debug40|x86.ActiveCfg = Debug40|Any CPU
		{8E4B04F0-915E-48F9-9796-76278C6094BD}.Debug45|Any CPU.ActiveCfg = Debug45|Any CPU
		{8E4B04F0-915E-48F9-9796-76278C6094BD}.Debug45|Any CPU.Build.0 = Debug45|Any CPU
		{8E4B04F0-915E-48F9-9796-76278C6094BD}.Debug45|Mixed Platforms.ActiveCfg = Debug45|Any CPU
		{8E4B04F0-915E-48F9-9796-76278C6094BD}.Debug45|Mixed Platforms.Build.0 = Debug45|Any CPU
		{8E4B04F0-915E-48F9-9796-76278C6094BD}.Debug45|x86.ActiveCfg = Debug45|Any CPU
		{8E4B04F0-915E-48F9-9796-76278C6094BD}.DebugPL|Any CPU.ActiveCfg = DebugPL|Any CPU
		{8E4B04F0-915E-48F9-9796-76278C6094BD}.DebugPL|Any CPU.Build.0 = DebugPL|Any CPU
		{8E4B04F0-915E-48F9-9796-76278C6094BD}.DebugPL|Mixed Platforms.ActiveCfg = DebugPL|Any CPU
		{8E4B04F0-915E-48F9-9796-76278C6094BD}.DebugPL|Mixed Platforms.Build.0 = DebugPL|Any CPU
		{8E4B04F0-915E-48F9-9796-76278C6094BD}.DebugPL|x86.ActiveCfg = DebugPL|Any CPU
		{8E4B04F0-915E-48F9-9796-76278C6094BD}.DebugSL4|Any CPU.ActiveCfg = DebugSL4|Any CPU
		{8E4B04F0-915E-48F9-9796-76278C6094BD}.DebugSL4|Any CPU.Build.0 = DebugSL4|Any CPU
		{8E4B04F0-915E-48F9-9796-76278C6094BD}.DebugSL4|Mixed Platforms.ActiveCfg = DebugSL4|Any CPU
		{8E4B04F0-915E-48F9-9796-76278C6094BD}.DebugSL4|Mixed Platforms.Build.0 = DebugSL4|Any CPU
		{8E4B04F0-915E-48F9-9796-76278C6094BD}.DebugSL4|x86.ActiveCfg = DebugSL4|Any CPU
		{8E4B04F0-915E-48F9-9796-76278C6094BD}.DebugSL5|Any CPU.ActiveCfg = DebugSL5|Any CPU
		{8E4B04F0-915E-48F9-9796-76278C6094BD}.DebugSL5|Any CPU.Build.0 = DebugSL5|Any CPU
		{8E4B04F0-915E-48F9-9796-76278C6094BD}.DebugSL5|Mixed Platforms.ActiveCfg = DebugSL5|Any CPU
		{8E4B04F0-915E-48F9-9796-76278C6094BD}.DebugSL5|Mixed Platforms.Build.0 = DebugSL5|Any CPU
		{8E4B04F0-915E-48F9-9796-76278C6094BD}.DebugSL5|x86.ActiveCfg = DebugSL5|Any CPU
		{8E4B04F0-915E-48F9-9796-76278C6094BD}.DebugWP7|Any CPU.ActiveCfg = DebugWP7|Any CPU
		{8E4B04F0-915E-48F9-9796-76278C6094BD}.DebugWP7|Any CPU.Build.0 = DebugWP7|Any CPU
		{8E4B04F0-915E-48F9-9796-76278C6094BD}.DebugWP7|Mixed Platforms.ActiveCfg = DebugWP7|Any CPU
		{8E4B04F0-915E-48F9-9796-76278C6094BD}.DebugWP7|Mixed Platforms.Build.0 = DebugWP7|Any CPU
		{8E4B04F0-915E-48F9-9796-76278C6094BD}.DebugWP7|x86.ActiveCfg = DebugWP7|Any CPU
		{8E4B04F0-915E-48F9-9796-76278C6094BD}.Release|Any CPU.ActiveCfg = ReleasePL|Any CPU
		{8E4B04F0-915E-48F9-9796-76278C6094BD}.Release|Any CPU.Build.0 = ReleasePL|Any CPU
		{8E4B04F0-915E-48F9-9796-76278C6094BD}.Release|Mixed Platforms.ActiveCfg = ReleasePL|Any CPU
		{8E4B04F0-915E-48F9-9796-76278C6094BD}.Release|Mixed Platforms.Build.0 = ReleasePL|Any CPU
		{8E4B04F0-915E-48F9-9796-76278C6094BD}.Release|x86.ActiveCfg = ReleasePL|Any CPU
		{8E4B04F0-915E-48F9-9796-76278C6094BD}.Release35|Any CPU.ActiveCfg = Release35|Any CPU
		{8E4B04F0-915E-48F9-9796-76278C6094BD}.Release35|Any CPU.Build.0 = Release35|Any CPU
		{8E4B04F0-915E-48F9-9796-76278C6094BD}.Release35|Mixed Platforms.ActiveCfg = Release35|Any CPU
		{8E4B04F0-915E-48F9-9796-76278C6094BD}.Release35|Mixed Platforms.Build.0 = Release35|Any CPU
		{8E4B04F0-915E-48F9-9796-76278C6094BD}.Release35|x86.ActiveCfg = Release35|Any CPU
		{8E4B04F0-915E-48F9-9796-76278C6094BD}.Release40|Any CPU.ActiveCfg = Release40|Any CPU
		{8E4B04F0-915E-48F9-9796-76278C6094BD}.Release40|Any CPU.Build.0 = Release40|Any CPU
		{8E4B04F0-915E-48F9-9796-76278C6094BD}.Release40|Mixed Platforms.ActiveCfg = Release40|Any CPU
		{8E4B04F0-915E-48F9-9796-76278C6094BD}.Release40|Mixed Platforms.Build.0 = Release40|Any CPU
		{8E4B04F0-915E-48F9-9796-76278C6094BD}.Release40|x86.ActiveCfg = Release40|Any CPU
		{8E4B04F0-915E-48F9-9796-76278C6094BD}.Release45|Any CPU.ActiveCfg = Release45|Any CPU
		{8E4B04F0-915E-48F9-9796-76278C6094BD}.Release45|Any CPU.Build.0 = Release45|Any CPU
		{8E4B04F0-915E-48F9-9796-76278C6094BD}.Release45|Mixed Platforms.ActiveCfg = Release45|Any CPU
		{8E4B04F0-915E-48F9-9796-76278C6094BD}.Release45|Mixed Platforms.Build.0 = Release45|Any CPU
		{8E4B04F0-915E-48F9-9796-76278C6094BD}.Release45|x86.ActiveCfg = Release45|Any CPU
		{8E4B04F0-915E-48F9-9796-76278C6094BD}.ReleasePL|Any CPU.ActiveCfg = ReleasePL|Any CPU
		{8E4B04F0-915E-48F9-9796-76278C6094BD}.ReleasePL|Any CPU.Build.0 = ReleasePL|Any CPU
		{8E4B04F0-915E-48F9-9796-76278C6094BD}.ReleasePL|Mixed Platforms.ActiveCfg = ReleasePL|Any CPU
		{8E4B04F0-915E-48F9-9796-76278C6094BD}.ReleasePL|Mixed Platforms.Build.0 = ReleasePL|Any CPU
		{8E4B04F0-915E-48F9-9796-76278C6094BD}.ReleasePL|x86.ActiveCfg = ReleasePL|Any CPU
		{8E4B04F0-915E-48F9-9796-76278C6094BD}.ReleaseSL4|Any CPU.ActiveCfg = ReleaseSL4|Any CPU
		{8E4B04F0-915E-48F9-9796-76278C6094BD}.ReleaseSL4|Any CPU.Build.0 = ReleaseSL4|Any CPU
		{8E4B04F0-915E-48F9-9796-76278C6094BD}.ReleaseSL4|Mixed Platforms.ActiveCfg = ReleaseSL4|Any CPU
		{8E4B04F0-915E-48F9-9796-76278C6094BD}.ReleaseSL4|Mixed Platforms.Build.0 = ReleaseSL4|Any CPU
		{8E4B04F0-915E-48F9-9796-76278C6094BD}.ReleaseSL4|x86.ActiveCfg = ReleaseSL4|Any CPU
		{8E4B04F0-915E-48F9-9796-76278C6094BD}.ReleaseSL5|Any CPU.ActiveCfg = ReleaseSL5|Any CPU
		{8E4B04F0-915E-48F9-9796-76278C6094BD}.ReleaseSL5|Any CPU.Build.0 = ReleaseSL5|Any CPU
		{8E4B04F0-915E-48F9-9796-76278C6094BD}.ReleaseSL5|Mixed Platforms.ActiveCfg = ReleaseSL5|Any CPU
		{8E4B04F0-915E-48F9-9796-76278C6094BD}.ReleaseSL5|Mixed Platforms.Build.0 = ReleaseSL5|Any CPU
		{8E4B04F0-915E-48F9-9796-76278C6094BD}.ReleaseSL5|x86.ActiveCfg = ReleaseSL5|Any CPU
		{8E4B04F0-915E-48F9-9796-76278C6094BD}.ReleaseWP7|Any CPU.ActiveCfg = ReleaseWP7|Any CPU
		{8E4B04F0-915E-48F9-9796-76278C6094BD}.ReleaseWP7|Any CPU.Build.0 = ReleaseWP7|Any CPU
		{8E4B04F0-915E-48F9-9796-76278C6094BD}.ReleaseWP7|Mixed Platforms.ActiveCfg = ReleaseWP7|Any CPU
		{8E4B04F0-915E-48F9-9796-76278C6094BD}.ReleaseWP7|Mixed Platforms.Build.0 = ReleaseWP7|Any CPU
		{8E4B04F0-915E-48F9-9796-76278C6094BD}.ReleaseWP7|x86.ActiveCfg = ReleaseWP7|Any CPU
		{C4C8532A-F8D2-428B-962E-FD578A1E647C}.Debug|Any CPU.ActiveCfg = DebugWP7|Any CPU
		{C4C8532A-F8D2-428B-962E-FD578A1E647C}.Debug|Any CPU.Build.0 = DebugWP7|Any CPU
		{C4C8532A-F8D2-428B-962E-FD578A1E647C}.Debug|Mixed Platforms.ActiveCfg = DebugWP7|Any CPU
		{C4C8532A-F8D2-428B-962E-FD578A1E647C}.Debug|Mixed Platforms.Build.0 = DebugWP7|Any CPU
		{C4C8532A-F8D2-428B-962E-FD578A1E647C}.Debug|x86.ActiveCfg = DebugWP7|Any CPU
		{C4C8532A-F8D2-428B-962E-FD578A1E647C}.Debug35|Any CPU.ActiveCfg = Debug35|Any CPU
		{C4C8532A-F8D2-428B-962E-FD578A1E647C}.Debug35|Any CPU.Build.0 = Debug35|Any CPU
		{C4C8532A-F8D2-428B-962E-FD578A1E647C}.Debug35|Mixed Platforms.ActiveCfg = Debug35|Any CPU
		{C4C8532A-F8D2-428B-962E-FD578A1E647C}.Debug35|Mixed Platforms.Build.0 = Debug35|Any CPU
		{C4C8532A-F8D2-428B-962E-FD578A1E647C}.Debug35|x86.ActiveCfg = Debug35|Any CPU
		{C4C8532A-F8D2-428B-962E-FD578A1E647C}.Debug40|Any CPU.ActiveCfg = Debug40|Any CPU
		{C4C8532A-F8D2-428B-962E-FD578A1E647C}.Debug40|Any CPU.Build.0 = Debug40|Any CPU
		{C4C8532A-F8D2-428B-962E-FD578A1E647C}.Debug40|Mixed Platforms.ActiveCfg = Debug40|Any CPU
		{C4C8532A-F8D2-428B-962E-FD578A1E647C}.Debug40|Mixed Platforms.Build.0 = Debug40|Any CPU
		{C4C8532A-F8D2-428B-962E-FD578A1E647C}.Debug40|x86.ActiveCfg = Debug40|Any CPU
		{C4C8532A-F8D2-428B-962E-FD578A1E647C}.Debug45|Any CPU.ActiveCfg = Debug45|Any CPU
		{C4C8532A-F8D2-428B-962E-FD578A1E647C}.Debug45|Any CPU.Build.0 = Debug45|Any CPU
		{C4C8532A-F8D2-428B-962E-FD578A1E647C}.Debug45|Mixed Platforms.ActiveCfg = Debug45|Any CPU
		{C4C8532A-F8D2-428B-962E-FD578A1E647C}.Debug45|Mixed Platforms.Build.0 = Debug45|Any CPU
		{C4C8532A-F8D2-428B-962E-FD578A1E647C}.Debug45|x86.ActiveCfg = Debug45|Any CPU
		{C4C8532A-F8D2-428B-962E-FD578A1E647C}.DebugPL|Any CPU.ActiveCfg = DebugWP7|Any CPU
		{C4C8532A-F8D2-428B-962E-FD578A1E647C}.DebugPL|Any CPU.Build.0 = DebugWP7|Any CPU
		{C4C8532A-F8D2-428B-962E-FD578A1E647C}.DebugPL|Mixed Platforms.ActiveCfg = DebugSL5|Any CPU
		{C4C8532A-F8D2-428B-962E-FD578A1E647C}.DebugPL|Mixed Platforms.Build.0 = DebugSL5|Any CPU
		{C4C8532A-F8D2-428B-962E-FD578A1E647C}.DebugPL|x86.ActiveCfg = DebugWP7|Any CPU
		{C4C8532A-F8D2-428B-962E-FD578A1E647C}.DebugSL4|Any CPU.ActiveCfg = DebugSL4|Any CPU
		{C4C8532A-F8D2-428B-962E-FD578A1E647C}.DebugSL4|Any CPU.Build.0 = DebugSL4|Any CPU
		{C4C8532A-F8D2-428B-962E-FD578A1E647C}.DebugSL4|Mixed Platforms.ActiveCfg = DebugSL4|Any CPU
		{C4C8532A-F8D2-428B-962E-FD578A1E647C}.DebugSL4|Mixed Platforms.Build.0 = DebugSL4|Any CPU
		{C4C8532A-F8D2-428B-962E-FD578A1E647C}.DebugSL4|x86.ActiveCfg = DebugSL4|Any CPU
		{C4C8532A-F8D2-428B-962E-FD578A1E647C}.DebugSL5|Any CPU.ActiveCfg = DebugSL5|Any CPU
		{C4C8532A-F8D2-428B-962E-FD578A1E647C}.DebugSL5|Any CPU.Build.0 = DebugSL5|Any CPU
		{C4C8532A-F8D2-428B-962E-FD578A1E647C}.DebugSL5|Mixed Platforms.ActiveCfg = DebugSL5|Any CPU
		{C4C8532A-F8D2-428B-962E-FD578A1E647C}.DebugSL5|Mixed Platforms.Build.0 = DebugSL5|Any CPU
		{C4C8532A-F8D2-428B-962E-FD578A1E647C}.DebugSL5|x86.ActiveCfg = DebugSL5|Any CPU
		{C4C8532A-F8D2-428B-962E-FD578A1E647C}.DebugWP7|Any CPU.ActiveCfg = DebugWP7|Any CPU
		{C4C8532A-F8D2-428B-962E-FD578A1E647C}.DebugWP7|Any CPU.Build.0 = DebugWP7|Any CPU
		{C4C8532A-F8D2-428B-962E-FD578A1E647C}.DebugWP7|Mixed Platforms.ActiveCfg = DebugWP7|Any CPU
		{C4C8532A-F8D2-428B-962E-FD578A1E647C}.DebugWP7|Mixed Platforms.Build.0 = DebugWP7|Any CPU
		{C4C8532A-F8D2-428B-962E-FD578A1E647C}.DebugWP7|x86.ActiveCfg = DebugWP7|Any CPU
		{C4C8532A-F8D2-428B-962E-FD578A1E647C}.Release|Any CPU.ActiveCfg = ReleaseWP7|Any CPU
		{C4C8532A-F8D2-428B-962E-FD578A1E647C}.Release|Any CPU.Build.0 = ReleaseWP7|Any CPU
		{C4C8532A-F8D2-428B-962E-FD578A1E647C}.Release|Mixed Platforms.ActiveCfg = ReleaseWP7|Any CPU
		{C4C8532A-F8D2-428B-962E-FD578A1E647C}.Release|Mixed Platforms.Build.0 = ReleaseWP7|Any CPU
		{C4C8532A-F8D2-428B-962E-FD578A1E647C}.Release|x86.ActiveCfg = ReleaseWP7|Any CPU
		{C4C8532A-F8D2-428B-962E-FD578A1E647C}.Release35|Any CPU.ActiveCfg = Release35|Any CPU
		{C4C8532A-F8D2-428B-962E-FD578A1E647C}.Release35|Any CPU.Build.0 = Release35|Any CPU
		{C4C8532A-F8D2-428B-962E-FD578A1E647C}.Release35|Mixed Platforms.ActiveCfg = Release35|Any CPU
		{C4C8532A-F8D2-428B-962E-FD578A1E647C}.Release35|Mixed Platforms.Build.0 = Release35|Any CPU
		{C4C8532A-F8D2-428B-962E-FD578A1E647C}.Release35|x86.ActiveCfg = Release35|Any CPU
		{C4C8532A-F8D2-428B-962E-FD578A1E647C}.Release40|Any CPU.ActiveCfg = Release40|Any CPU
		{C4C8532A-F8D2-428B-962E-FD578A1E647C}.Release40|Any CPU.Build.0 = Release40|Any CPU
		{C4C8532A-F8D2-428B-962E-FD578A1E647C}.Release40|Mixed Platforms.ActiveCfg = Release40|Any CPU
		{C4C8532A-F8D2-428B-962E-FD578A1E647C}.Release40|Mixed Platforms.Build.0 = Release40|Any CPU
		{C4C8532A-F8D2-428B-962E-FD578A1E647C}.Release40|x86.ActiveCfg = Release40|Any CPU
		{C4C8532A-F8D2-428B-962E-FD578A1E647C}.Release45|Any CPU.ActiveCfg = Release45|Any CPU
		{C4C8532A-F8D2-428B-962E-FD578A1E647C}.Release45|Any CPU.Build.0 = Release45|Any CPU
		{C4C8532A-F8D2-428B-962E-FD578A1E647C}.Release45|Mixed Platforms.ActiveCfg = Release45|Any CPU
		{C4C8532A-F8D2-428B-962E-FD578A1E647C}.Release45|Mixed Platforms.Build.0 = Release45|Any CPU
		{C4C8532A-F8D2-428B-962E-FD578A1E647C}.Release45|x86.ActiveCfg = Release45|Any CPU
		{C4C8532A-F8D2-428B-962E-FD578A1E647C}.ReleasePL|Any CPU.ActiveCfg = ReleaseWP7|Any CPU
		{C4C8532A-F8D2-428B-962E-FD578A1E647C}.ReleasePL|Any CPU.Build.0 = ReleaseWP7|Any CPU
		{C4C8532A-F8D2-428B-962E-FD578A1E647C}.ReleasePL|Mixed Platforms.ActiveCfg = ReleaseWP7|Any CPU
		{C4C8532A-F8D2-428B-962E-FD578A1E647C}.ReleasePL|Mixed Platforms.Build.0 = ReleaseWP7|Any CPU
		{C4C8532A-F8D2-428B-962E-FD578A1E647C}.ReleasePL|x86.ActiveCfg = ReleaseWP7|Any CPU
		{C4C8532A-F8D2-428B-962E-FD578A1E647C}.ReleaseSL4|Any CPU.ActiveCfg = ReleaseSL4|Any CPU
		{C4C8532A-F8D2-428B-962E-FD578A1E647C}.ReleaseSL4|Any CPU.Build.0 = ReleaseSL4|Any CPU
		{C4C8532A-F8D2-428B-962E-FD578A1E647C}.ReleaseSL4|Mixed Platforms.ActiveCfg = ReleaseSL4|Any CPU
		{C4C8532A-F8D2-428B-962E-FD578A1E647C}.ReleaseSL4|Mixed Platforms.Build.0 = ReleaseSL4|Any CPU
		{C4C8532A-F8D2-428B-962E-FD578A1E647C}.ReleaseSL4|x86.ActiveCfg = ReleaseSL4|Any CPU
		{C4C8532A-F8D2-428B-962E-FD578A1E647C}.ReleaseSL5|Any CPU.ActiveCfg = ReleaseSL5|Any CPU
		{C4C8532A-F8D2-428B-962E-FD578A1E647C}.ReleaseSL5|Any CPU.Build.0 = ReleaseSL5|Any CPU
		{C4C8532A-F8D2-428B-962E-FD578A1E647C}.ReleaseSL5|Mixed Platforms.ActiveCfg = ReleaseSL5|Any CPU
		{C4C8532A-F8D2-428B-962E-FD578A1E647C}.ReleaseSL5|Mixed Platforms.Build.0 = ReleaseSL5|Any CPU
		{C4C8532A-F8D2-428B-962E-FD578A1E647C}.ReleaseSL5|x86.ActiveCfg = ReleaseSL5|Any CPU
		{C4C8532A-F8D2-428B-962E-FD578A1E647C}.ReleaseWP7|Any CPU.ActiveCfg = ReleaseWP7|Any CPU
		{C4C8532A-F8D2-428B-962E-FD578A1E647C}.ReleaseWP7|Any CPU.Build.0 = ReleaseWP7|Any CPU
		{C4C8532A-F8D2-428B-962E-FD578A1E647C}.ReleaseWP7|Mixed Platforms.ActiveCfg = ReleaseWP7|Any CPU
		{C4C8532A-F8D2-428B-962E-FD578A1E647C}.ReleaseWP7|Mixed Platforms.Build.0 = ReleaseWP7|Any CPU
		{C4C8532A-F8D2-428B-962E-FD578A1E647C}.ReleaseWP7|x86.ActiveCfg = ReleaseWP7|Any CPU
		{6D62E966-469D-4A99-BD43-0A17FA14FB4F}.Debug|Any CPU.ActiveCfg = DebugPL|Any CPU
		{6D62E966-469D-4A99-BD43-0A17FA14FB4F}.Debug|Any CPU.Build.0 = DebugPL|Any CPU
		{6D62E966-469D-4A99-BD43-0A17FA14FB4F}.Debug|Mixed Platforms.ActiveCfg = DebugPL|Any CPU
		{6D62E966-469D-4A99-BD43-0A17FA14FB4F}.Debug|Mixed Platforms.Build.0 = DebugPL|Any CPU
		{6D62E966-469D-4A99-BD43-0A17FA14FB4F}.Debug|x86.ActiveCfg = DebugPL|Any CPU
		{6D62E966-469D-4A99-BD43-0A17FA14FB4F}.Debug35|Any CPU.ActiveCfg = Debug35|Any CPU
		{6D62E966-469D-4A99-BD43-0A17FA14FB4F}.Debug35|Any CPU.Build.0 = Debug35|Any CPU
		{6D62E966-469D-4A99-BD43-0A17FA14FB4F}.Debug35|Mixed Platforms.ActiveCfg = Debug35|Any CPU
		{6D62E966-469D-4A99-BD43-0A17FA14FB4F}.Debug35|Mixed Platforms.Build.0 = Debug35|Any CPU
		{6D62E966-469D-4A99-BD43-0A17FA14FB4F}.Debug35|x86.ActiveCfg = Debug35|Any CPU
		{6D62E966-469D-4A99-BD43-0A17FA14FB4F}.Debug40|Any CPU.ActiveCfg = Debug40|Any CPU
		{6D62E966-469D-4A99-BD43-0A17FA14FB4F}.Debug40|Any CPU.Build.0 = Debug40|Any CPU
		{6D62E966-469D-4A99-BD43-0A17FA14FB4F}.Debug40|Mixed Platforms.ActiveCfg = Debug40|Any CPU
		{6D62E966-469D-4A99-BD43-0A17FA14FB4F}.Debug40|Mixed Platforms.Build.0 = Debug40|Any CPU
		{6D62E966-469D-4A99-BD43-0A17FA14FB4F}.Debug40|x86.ActiveCfg = Debug40|Any CPU
		{6D62E966-469D-4A99-BD43-0A17FA14FB4F}.Debug45|Any CPU.ActiveCfg = Debug45|Any CPU
		{6D62E966-469D-4A99-BD43-0A17FA14FB4F}.Debug45|Any CPU.Build.0 = Debug45|Any CPU
		{6D62E966-469D-4A99-BD43-0A17FA14FB4F}.Debug45|Mixed Platforms.ActiveCfg = Debug45|Any CPU
		{6D62E966-469D-4A99-BD43-0A17FA14FB4F}.Debug45|Mixed Platforms.Build.0 = Debug45|Any CPU
		{6D62E966-469D-4A99-BD43-0A17FA14FB4F}.Debug45|x86.ActiveCfg = Debug45|Any CPU
		{6D62E966-469D-4A99-BD43-0A17FA14FB4F}.DebugPL|Any CPU.ActiveCfg = DebugPL|Any CPU
		{6D62E966-469D-4A99-BD43-0A17FA14FB4F}.DebugPL|Any CPU.Build.0 = DebugPL|Any CPU
		{6D62E966-469D-4A99-BD43-0A17FA14FB4F}.DebugPL|Mixed Platforms.ActiveCfg = DebugPL|Any CPU
		{6D62E966-469D-4A99-BD43-0A17FA14FB4F}.DebugPL|Mixed Platforms.Build.0 = DebugPL|Any CPU
		{6D62E966-469D-4A99-BD43-0A17FA14FB4F}.DebugPL|x86.ActiveCfg = DebugPL|Any CPU
		{6D62E966-469D-4A99-BD43-0A17FA14FB4F}.DebugSL4|Any CPU.ActiveCfg = DebugSL4|Any CPU
		{6D62E966-469D-4A99-BD43-0A17FA14FB4F}.DebugSL4|Any CPU.Build.0 = DebugSL4|Any CPU
		{6D62E966-469D-4A99-BD43-0A17FA14FB4F}.DebugSL4|Mixed Platforms.ActiveCfg = DebugSL4|Any CPU
		{6D62E966-469D-4A99-BD43-0A17FA14FB4F}.DebugSL4|Mixed Platforms.Build.0 = DebugSL4|Any CPU
		{6D62E966-469D-4A99-BD43-0A17FA14FB4F}.DebugSL4|x86.ActiveCfg = DebugSL4|Any CPU
		{6D62E966-469D-4A99-BD43-0A17FA14FB4F}.DebugSL5|Any CPU.ActiveCfg = DebugSL5|Any CPU
		{6D62E966-469D-4A99-BD43-0A17FA14FB4F}.DebugSL5|Any CPU.Build.0 = DebugSL5|Any CPU
		{6D62E966-469D-4A99-BD43-0A17FA14FB4F}.DebugSL5|Mixed Platforms.ActiveCfg = DebugSL5|Any CPU
		{6D62E966-469D-4A99-BD43-0A17FA14FB4F}.DebugSL5|Mixed Platforms.Build.0 = DebugSL5|Any CPU
		{6D62E966-469D-4A99-BD43-0A17FA14FB4F}.DebugSL5|x86.ActiveCfg = DebugSL5|Any CPU
		{6D62E966-469D-4A99-BD43-0A17FA14FB4F}.DebugWP7|Any CPU.ActiveCfg = DebugWP7|Any CPU
		{6D62E966-469D-4A99-BD43-0A17FA14FB4F}.DebugWP7|Mixed Platforms.ActiveCfg = DebugWP7|Any CPU
		{6D62E966-469D-4A99-BD43-0A17FA14FB4F}.DebugWP7|x86.ActiveCfg = DebugWP7|Any CPU
		{6D62E966-469D-4A99-BD43-0A17FA14FB4F}.Release|Any CPU.ActiveCfg = ReleasePL|Any CPU
		{6D62E966-469D-4A99-BD43-0A17FA14FB4F}.Release|Any CPU.Build.0 = ReleasePL|Any CPU
		{6D62E966-469D-4A99-BD43-0A17FA14FB4F}.Release|Mixed Platforms.ActiveCfg = ReleasePL|Any CPU
		{6D62E966-469D-4A99-BD43-0A17FA14FB4F}.Release|Mixed Platforms.Build.0 = ReleasePL|Any CPU
		{6D62E966-469D-4A99-BD43-0A17FA14FB4F}.Release|x86.ActiveCfg = ReleasePL|Any CPU
		{6D62E966-469D-4A99-BD43-0A17FA14FB4F}.Release35|Any CPU.ActiveCfg = Release35|Any CPU
		{6D62E966-469D-4A99-BD43-0A17FA14FB4F}.Release35|Any CPU.Build.0 = Release35|Any CPU
		{6D62E966-469D-4A99-BD43-0A17FA14FB4F}.Release35|Mixed Platforms.ActiveCfg = Release35|Any CPU
		{6D62E966-469D-4A99-BD43-0A17FA14FB4F}.Release35|Mixed Platforms.Build.0 = Release35|Any CPU
		{6D62E966-469D-4A99-BD43-0A17FA14FB4F}.Release35|x86.ActiveCfg = Release35|Any CPU
		{6D62E966-469D-4A99-BD43-0A17FA14FB4F}.Release40|Any CPU.ActiveCfg = Release40|Any CPU
		{6D62E966-469D-4A99-BD43-0A17FA14FB4F}.Release40|Any CPU.Build.0 = Release40|Any CPU
		{6D62E966-469D-4A99-BD43-0A17FA14FB4F}.Release40|Mixed Platforms.ActiveCfg = Release40|Any CPU
		{6D62E966-469D-4A99-BD43-0A17FA14FB4F}.Release40|Mixed Platforms.Build.0 = Release40|Any CPU
		{6D62E966-469D-4A99-BD43-0A17FA14FB4F}.Release40|x86.ActiveCfg = Release40|Any CPU
		{6D62E966-469D-4A99-BD43-0A17FA14FB4F}.Release45|Any CPU.ActiveCfg = Release45|Any CPU
		{6D62E966-469D-4A99-BD43-0A17FA14FB4F}.Release45|Any CPU.Build.0 = Release45|Any CPU
		{6D62E966-469D-4A99-BD43-0A17FA14FB4F}.Release45|Mixed Platforms.ActiveCfg = Release45|Any CPU
		{6D62E966-469D-4A99-BD43-0A17FA14FB4F}.Release45|Mixed Platforms.Build.0 = Release45|Any CPU
		{6D62E966-469D-4A99-BD43-0A17FA14FB4F}.Release45|x86.ActiveCfg = Release45|Any CPU
		{6D62E966-469D-4A99-BD43-0A17FA14FB4F}.ReleasePL|Any CPU.ActiveCfg = ReleasePL|Any CPU
		{6D62E966-469D-4A99-BD43-0A17FA14FB4F}.ReleasePL|Any CPU.Build.0 = ReleasePL|Any CPU
		{6D62E966-469D-4A99-BD43-0A17FA14FB4F}.ReleasePL|Mixed Platforms.ActiveCfg = ReleasePL|Any CPU
		{6D62E966-469D-4A99-BD43-0A17FA14FB4F}.ReleasePL|Mixed Platforms.Build.0 = ReleasePL|Any CPU
		{6D62E966-469D-4A99-BD43-0A17FA14FB4F}.ReleasePL|x86.ActiveCfg = ReleasePL|Any CPU
		{6D62E966-469D-4A99-BD43-0A17FA14FB4F}.ReleaseSL4|Any CPU.ActiveCfg = ReleaseSL4|Any CPU
		{6D62E966-469D-4A99-BD43-0A17FA14FB4F}.ReleaseSL4|Any CPU.Build.0 = ReleaseSL4|Any CPU
		{6D62E966-469D-4A99-BD43-0A17FA14FB4F}.ReleaseSL4|Mixed Platforms.ActiveCfg = ReleaseSL4|Any CPU
		{6D62E966-469D-4A99-BD43-0A17FA14FB4F}.ReleaseSL4|Mixed Platforms.Build.0 = ReleaseSL4|Any CPU
		{6D62E966-469D-4A99-BD43-0A17FA14FB4F}.ReleaseSL4|x86.ActiveCfg = ReleaseSL4|Any CPU
		{6D62E966-469D-4A99-BD43-0A17FA14FB4F}.ReleaseSL5|Any CPU.ActiveCfg = ReleaseSL5|Any CPU
		{6D62E966-469D-4A99-BD43-0A17FA14FB4F}.ReleaseSL5|Any CPU.Build.0 = ReleaseSL5|Any CPU
		{6D62E966-469D-4A99-BD43-0A17FA14FB4F}.ReleaseSL5|Mixed Platforms.ActiveCfg = ReleaseSL5|Any CPU
		{6D62E966-469D-4A99-BD43-0A17FA14FB4F}.ReleaseSL5|Mixed Platforms.Build.0 = ReleaseSL5|Any CPU
		{6D62E966-469D-4A99-BD43-0A17FA14FB4F}.ReleaseSL5|x86.ActiveCfg = ReleaseSL5|Any CPU
		{6D62E966-469D-4A99-BD43-0A17FA14FB4F}.ReleaseWP7|Any CPU.ActiveCfg = ReleaseWP7|Any CPU
		{6D62E966-469D-4A99-BD43-0A17FA14FB4F}.ReleaseWP7|Mixed Platforms.ActiveCfg = ReleaseWP7|Any CPU
		{6D62E966-469D-4A99-BD43-0A17FA14FB4F}.ReleaseWP7|x86.ActiveCfg = ReleaseWP7|Any CPU
		{7269A578-326A-4C3E-9874-A2D2600095BC}.Debug|Any CPU.ActiveCfg = DebugPL|Any CPU
		{7269A578-326A-4C3E-9874-A2D2600095BC}.Debug|Any CPU.Build.0 = DebugPL|Any CPU
		{7269A578-326A-4C3E-9874-A2D2600095BC}.Debug|Mixed Platforms.ActiveCfg = DebugPL|Any CPU
		{7269A578-326A-4C3E-9874-A2D2600095BC}.Debug|Mixed Platforms.Build.0 = DebugPL|Any CPU
		{7269A578-326A-4C3E-9874-A2D2600095BC}.Debug|x86.ActiveCfg = DebugPL|Any CPU
		{7269A578-326A-4C3E-9874-A2D2600095BC}.Debug35|Any CPU.ActiveCfg = Debug35|Any CPU
		{7269A578-326A-4C3E-9874-A2D2600095BC}.Debug35|Mixed Platforms.ActiveCfg = Debug35|Any CPU
		{7269A578-326A-4C3E-9874-A2D2600095BC}.Debug35|x86.ActiveCfg = Debug35|Any CPU
		{7269A578-326A-4C3E-9874-A2D2600095BC}.Debug40|Any CPU.ActiveCfg = Debug40|Any CPU
		{7269A578-326A-4C3E-9874-A2D2600095BC}.Debug40|Any CPU.Build.0 = Debug40|Any CPU
		{7269A578-326A-4C3E-9874-A2D2600095BC}.Debug40|Mixed Platforms.ActiveCfg = Debug40|Any CPU
		{7269A578-326A-4C3E-9874-A2D2600095BC}.Debug40|Mixed Platforms.Build.0 = Debug40|Any CPU
		{7269A578-326A-4C3E-9874-A2D2600095BC}.Debug40|x86.ActiveCfg = Debug40|Any CPU
		{7269A578-326A-4C3E-9874-A2D2600095BC}.Debug45|Any CPU.ActiveCfg = Debug45|Any CPU
		{7269A578-326A-4C3E-9874-A2D2600095BC}.Debug45|Any CPU.Build.0 = Debug45|Any CPU
		{7269A578-326A-4C3E-9874-A2D2600095BC}.Debug45|Mixed Platforms.ActiveCfg = Debug45|Any CPU
		{7269A578-326A-4C3E-9874-A2D2600095BC}.Debug45|Mixed Platforms.Build.0 = Debug45|Any CPU
		{7269A578-326A-4C3E-9874-A2D2600095BC}.Debug45|x86.ActiveCfg = Debug45|Any CPU
		{7269A578-326A-4C3E-9874-A2D2600095BC}.DebugPL|Any CPU.ActiveCfg = DebugPL|Any CPU
		{7269A578-326A-4C3E-9874-A2D2600095BC}.DebugPL|Any CPU.Build.0 = DebugPL|Any CPU
		{7269A578-326A-4C3E-9874-A2D2600095BC}.DebugPL|Mixed Platforms.ActiveCfg = DebugPL|Any CPU
		{7269A578-326A-4C3E-9874-A2D2600095BC}.DebugPL|Mixed Platforms.Build.0 = DebugPL|Any CPU
		{7269A578-326A-4C3E-9874-A2D2600095BC}.DebugPL|x86.ActiveCfg = DebugPL|Any CPU
		{7269A578-326A-4C3E-9874-A2D2600095BC}.DebugSL4|Any CPU.ActiveCfg = DebugSL4|Any CPU
		{7269A578-326A-4C3E-9874-A2D2600095BC}.DebugSL4|Mixed Platforms.ActiveCfg = DebugSL4|Any CPU
		{7269A578-326A-4C3E-9874-A2D2600095BC}.DebugSL4|x86.ActiveCfg = DebugSL4|Any CPU
		{7269A578-326A-4C3E-9874-A2D2600095BC}.DebugSL5|Any CPU.ActiveCfg = DebugSL5|Any CPU
		{7269A578-326A-4C3E-9874-A2D2600095BC}.DebugSL5|Mixed Platforms.ActiveCfg = DebugSL5|Any CPU
		{7269A578-326A-4C3E-9874-A2D2600095BC}.DebugSL5|x86.ActiveCfg = DebugSL5|Any CPU
		{7269A578-326A-4C3E-9874-A2D2600095BC}.DebugWP7|Any CPU.ActiveCfg = DebugWP7|Any CPU
		{7269A578-326A-4C3E-9874-A2D2600095BC}.DebugWP7|Mixed Platforms.ActiveCfg = DebugWP7|Any CPU
		{7269A578-326A-4C3E-9874-A2D2600095BC}.DebugWP7|x86.ActiveCfg = DebugWP7|Any CPU
		{7269A578-326A-4C3E-9874-A2D2600095BC}.Release|Any CPU.ActiveCfg = ReleasePL|Any CPU
		{7269A578-326A-4C3E-9874-A2D2600095BC}.Release|Any CPU.Build.0 = ReleasePL|Any CPU
		{7269A578-326A-4C3E-9874-A2D2600095BC}.Release|Mixed Platforms.ActiveCfg = ReleasePL|Any CPU
		{7269A578-326A-4C3E-9874-A2D2600095BC}.Release|Mixed Platforms.Build.0 = ReleasePL|Any CPU
		{7269A578-326A-4C3E-9874-A2D2600095BC}.Release|x86.ActiveCfg = ReleasePL|Any CPU
		{7269A578-326A-4C3E-9874-A2D2600095BC}.Release35|Any CPU.ActiveCfg = Release35|Any CPU
		{7269A578-326A-4C3E-9874-A2D2600095BC}.Release35|Mixed Platforms.ActiveCfg = Release35|Any CPU
		{7269A578-326A-4C3E-9874-A2D2600095BC}.Release35|x86.ActiveCfg = Release35|Any CPU
		{7269A578-326A-4C3E-9874-A2D2600095BC}.Release40|Any CPU.ActiveCfg = Release40|Any CPU
		{7269A578-326A-4C3E-9874-A2D2600095BC}.Release40|Any CPU.Build.0 = Release40|Any CPU
		{7269A578-326A-4C3E-9874-A2D2600095BC}.Release40|Mixed Platforms.ActiveCfg = Release40|Any CPU
		{7269A578-326A-4C3E-9874-A2D2600095BC}.Release40|Mixed Platforms.Build.0 = Release40|Any CPU
		{7269A578-326A-4C3E-9874-A2D2600095BC}.Release40|x86.ActiveCfg = Release40|Any CPU
		{7269A578-326A-4C3E-9874-A2D2600095BC}.Release45|Any CPU.ActiveCfg = Release45|Any CPU
		{7269A578-326A-4C3E-9874-A2D2600095BC}.Release45|Any CPU.Build.0 = Release45|Any CPU
		{7269A578-326A-4C3E-9874-A2D2600095BC}.Release45|Mixed Platforms.ActiveCfg = Release45|Any CPU
		{7269A578-326A-4C3E-9874-A2D2600095BC}.Release45|Mixed Platforms.Build.0 = Release45|Any CPU
		{7269A578-326A-4C3E-9874-A2D2600095BC}.Release45|x86.ActiveCfg = Release45|Any CPU
		{7269A578-326A-4C3E-9874-A2D2600095BC}.ReleasePL|Any CPU.ActiveCfg = ReleasePL|Any CPU
		{7269A578-326A-4C3E-9874-A2D2600095BC}.ReleasePL|Any CPU.Build.0 = ReleasePL|Any CPU
		{7269A578-326A-4C3E-9874-A2D2600095BC}.ReleasePL|Mixed Platforms.ActiveCfg = ReleasePL|Any CPU
		{7269A578-326A-4C3E-9874-A2D2600095BC}.ReleasePL|Mixed Platforms.Build.0 = ReleasePL|Any CPU
		{7269A578-326A-4C3E-9874-A2D2600095BC}.ReleasePL|x86.ActiveCfg = ReleasePL|Any CPU
		{7269A578-326A-4C3E-9874-A2D2600095BC}.ReleaseSL4|Any CPU.ActiveCfg = ReleaseSL4|Any CPU
		{7269A578-326A-4C3E-9874-A2D2600095BC}.ReleaseSL4|Mixed Platforms.ActiveCfg = ReleaseSL4|Any CPU
		{7269A578-326A-4C3E-9874-A2D2600095BC}.ReleaseSL4|x86.ActiveCfg = ReleaseSL4|Any CPU
		{7269A578-326A-4C3E-9874-A2D2600095BC}.ReleaseSL5|Any CPU.ActiveCfg = ReleaseSL5|Any CPU
		{7269A578-326A-4C3E-9874-A2D2600095BC}.ReleaseSL5|Mixed Platforms.ActiveCfg = ReleaseSL5|Any CPU
		{7269A578-326A-4C3E-9874-A2D2600095BC}.ReleaseSL5|x86.ActiveCfg = ReleaseSL5|Any CPU
		{7269A578-326A-4C3E-9874-A2D2600095BC}.ReleaseWP7|Any CPU.ActiveCfg = ReleaseWP7|Any CPU
		{7269A578-326A-4C3E-9874-A2D2600095BC}.ReleaseWP7|Mixed Platforms.ActiveCfg = ReleaseWP7|Any CPU
		{7269A578-326A-4C3E-9874-A2D2600095BC}.ReleaseWP7|x86.ActiveCfg = ReleaseWP7|Any CPU
	EndGlobalSection
	GlobalSection(SolutionProperties) = preSolution
		HideSolutionNode = FALSE
	EndGlobalSection
EndGlobal
