
Microsoft Visual Studio Solution File, Format Version 12.00
# Visual Studio Version 16
VisualStudioVersion = 16.0.28606.126
MinimumVisualStudioVersion = 10.0.40219.1
Project("{2150E333-8FDC-42A3-9474-1A3956D46DE8}") = "test", "test", "{87534290-A7A6-47A4-9A3A-D0D21A9AD1D4}"
EndProject
Project("{2150E333-8FDC-42A3-9474-1A3956D46DE8}") = "Solution Items", "Solution Items", "{B733D97A-F1ED-4FC3-BF8E-9AC47A89DE96}"
	ProjectSection(SolutionItems) = preProject
		..\..\.editorconfig = ..\..\.editorconfig
		..\..\azure-pipelines.ix.yml = ..\..\azure-pipelines.ix.yml
		CodeCoverage.runsettings = CodeCoverage.runsettings
		Directory.build.props = Directory.build.props
		Directory.build.targets = Directory.build.targets
		global.json = global.json
		NuGet.Config = NuGet.Config
		version.json = version.json
	EndProjectSection
EndProject
Project("{9A19103F-16F7-4668-BE54-9A1E7A4F7556}") = "System.Interactive", "System.Interactive\System.Interactive.csproj", "{FF97CD0F-8108-4B66-8A34-42190B459180}"
EndProject
Project("{9A19103F-16F7-4668-BE54-9A1E7A4F7556}") = "System.Interactive.Async", "System.Interactive.Async\System.Interactive.Async.csproj", "{A9F6D09B-15B9-4CE8-867F-6F3383C5F247}"
EndProject
Project("{9A19103F-16F7-4668-BE54-9A1E7A4F7556}") = "System.Interactive.Providers", "System.Interactive.Providers\System.Interactive.Providers.csproj", "{CA7B7136-13EE-4F01-BC22-722875EE8569}"
EndProject
Project("{9A19103F-16F7-4668-BE54-9A1E7A4F7556}") = "System.Interactive.Async.Providers", "System.Interactive.Async.Providers\System.Interactive.Async.Providers.csproj", "{33691BB5-DD5B-4FED-8EE3-52CEE0DE2550}"
EndProject
Project("{9A19103F-16F7-4668-BE54-9A1E7A4F7556}") = "System.Interactive.Tests", "System.Interactive.Tests\System.Interactive.Tests.csproj", "{AFD2E6EC-C5B0-4276-A14A-467D786D0DDA}"
EndProject
Project("{9A19103F-16F7-4668-BE54-9A1E7A4F7556}") = "System.Interactive.Async.Tests", "System.Interactive.Async.Tests\System.Interactive.Async.Tests.csproj", "{172BD8C4-5C3E-4928-9D3F-746CF336FFEC}"
EndProject
Project("{9A19103F-16F7-4668-BE54-9A1E7A4F7556}") = "System.Linq.Async", "System.Linq.Async\System.Linq.Async.csproj", "{9B1E5420-E8F3-4B5F-A11A-4D18578F50CE}"
EndProject
Project("{9A19103F-16F7-4668-BE54-9A1E7A4F7556}") = "System.Linq.Async.Queryable", "System.Linq.Async.Queryable\System.Linq.Async.Queryable.csproj", "{513F9ABD-4FB8-4AC1-89DA-C3300399F34C}"
EndProject
Project("{2150E333-8FDC-42A3-9474-1A3956D46DE8}") = "lib", "lib", "{80EFE3A1-1414-42EA-949B-1B5370A1B2EA}"
EndProject
Project("{2150E333-8FDC-42A3-9474-1A3956D46DE8}") = "dev", "dev", "{61683064-A120-44A7-A174-E19154F6D84F}"
EndProject
Project("{9A19103F-16F7-4668-BE54-9A1E7A4F7556}") = "Playground", "Playground\Playground.csproj", "{CFDA4685-B2AF-46FE-81C1-55A291B9B1B0}"
EndProject
Project("{9A19103F-16F7-4668-BE54-9A1E7A4F7556}") = "ApiCompare", "ApiCompare\ApiCompare.csproj", "{792093F9-83E4-4630-9652-4328FDAED15F}"
EndProject
Project("{9A19103F-16F7-4668-BE54-9A1E7A4F7556}") = "System.Linq.Async.Tests", "System.Linq.Async.Tests\System.Linq.Async.Tests.csproj", "{2E23D7AD-0B21-4725-87C4-BD43271260A1}"
EndProject
Project("{9A19103F-16F7-4668-BE54-9A1E7A4F7556}") = "System.Linq.Async.Queryable.Tests", "System.Linq.Async.Queryable.Tests\System.Linq.Async.Queryable.Tests.csproj", "{134E9066-6217-4AF0-B408-47D92AB595BD}"
EndProject
Project("{9A19103F-16F7-4668-BE54-9A1E7A4F7556}") = "System.Interactive.Async.Providers.Tests", "System.Interactive.Async.Providers.Tests\System.Interactive.Async.Providers.Tests.csproj", "{974056C0-91BD-4EB6-8431-E30A614FD1D4}"
EndProject
Project("{9A19103F-16F7-4668-BE54-9A1E7A4F7556}") = "FasterLinq", "FasterLinq\FasterLinq.csproj", "{1C966C34-0AA1-44D8-9E7D-C7866958F2D6}"
EndProject
Project("{2150E333-8FDC-42A3-9474-1A3956D46DE8}") = "Refs", "Refs", "{A3D72E6E-4ADA-42E0-8B2A-055B1F244281}"
	ProjectSection(SolutionItems) = preProject
		refs\Directory.build.props = refs\Directory.build.props
	EndProjectSection
EndProject
Project("{9A19103F-16F7-4668-BE54-9A1E7A4F7556}") = "System.Interactive.Ref", "refs\System.Interactive.Ref\System.Interactive.Ref.csproj", "{2EC0C302-B029-4DDB-AC91-000BF11006AD}"
EndProject
Project("{9A19103F-16F7-4668-BE54-9A1E7A4F7556}") = "System.Interactive.Providers.Ref", "refs\System.Interactive.Providers.Ref\System.Interactive.Providers.Ref.csproj", "{5DF341BE-B369-4250-AFD4-604DE8C95E45}"
EndProject
Project("{9A19103F-16F7-4668-BE54-9A1E7A4F7556}") = "Benchmarks.System.Interactive", "Benchmarks.System.Interactive\Benchmarks.System.Interactive.csproj", "{3285529A-8227-4D40-B524-1A1F919F0E7B}"
EndProject
Project("{9A19103F-16F7-4668-BE54-9A1E7A4F7556}") = "System.Linq.Async.Ref", "refs\System.Linq.Async.Ref\System.Linq.Async.Ref.csproj", "{1754B36C-D0DB-4E5D-8C30-1F116046DC0F}"
EndProject
Global
	GlobalSection(SolutionConfigurationPlatforms) = preSolution
		Debug|Any CPU = Debug|Any CPU
		Release|Any CPU = Release|Any CPU
	EndGlobalSection
	GlobalSection(ProjectConfigurationPlatforms) = postSolution
		{FF97CD0F-8108-4B66-8A34-42190B459180}.Debug|Any CPU.ActiveCfg = Debug|Any CPU
		{FF97CD0F-8108-4B66-8A34-42190B459180}.Debug|Any CPU.Build.0 = Debug|Any CPU
		{FF97CD0F-8108-4B66-8A34-42190B459180}.Release|Any CPU.ActiveCfg = Release|Any CPU
		{FF97CD0F-8108-4B66-8A34-42190B459180}.Release|Any CPU.Build.0 = Release|Any CPU
		{A9F6D09B-15B9-4CE8-867F-6F3383C5F247}.Debug|Any CPU.ActiveCfg = Debug|Any CPU
		{A9F6D09B-15B9-4CE8-867F-6F3383C5F247}.Debug|Any CPU.Build.0 = Debug|Any CPU
		{A9F6D09B-15B9-4CE8-867F-6F3383C5F247}.Release|Any CPU.ActiveCfg = Release|Any CPU
		{A9F6D09B-15B9-4CE8-867F-6F3383C5F247}.Release|Any CPU.Build.0 = Release|Any CPU
		{CA7B7136-13EE-4F01-BC22-722875EE8569}.Debug|Any CPU.ActiveCfg = Debug|Any CPU
		{CA7B7136-13EE-4F01-BC22-722875EE8569}.Debug|Any CPU.Build.0 = Debug|Any CPU
		{CA7B7136-13EE-4F01-BC22-722875EE8569}.Release|Any CPU.ActiveCfg = Release|Any CPU
		{CA7B7136-13EE-4F01-BC22-722875EE8569}.Release|Any CPU.Build.0 = Release|Any CPU
		{33691BB5-DD5B-4FED-8EE3-52CEE0DE2550}.Debug|Any CPU.ActiveCfg = Debug|Any CPU
		{33691BB5-DD5B-4FED-8EE3-52CEE0DE2550}.Debug|Any CPU.Build.0 = Debug|Any CPU
		{33691BB5-DD5B-4FED-8EE3-52CEE0DE2550}.Release|Any CPU.ActiveCfg = Release|Any CPU
		{33691BB5-DD5B-4FED-8EE3-52CEE0DE2550}.Release|Any CPU.Build.0 = Release|Any CPU
		{AFD2E6EC-C5B0-4276-A14A-467D786D0DDA}.Debug|Any CPU.ActiveCfg = Debug|Any CPU
		{AFD2E6EC-C5B0-4276-A14A-467D786D0DDA}.Debug|Any CPU.Build.0 = Debug|Any CPU
		{AFD2E6EC-C5B0-4276-A14A-467D786D0DDA}.Release|Any CPU.ActiveCfg = Release|Any CPU
		{AFD2E6EC-C5B0-4276-A14A-467D786D0DDA}.Release|Any CPU.Build.0 = Release|Any CPU
		{172BD8C4-5C3E-4928-9D3F-746CF336FFEC}.Debug|Any CPU.ActiveCfg = Debug|Any CPU
		{172BD8C4-5C3E-4928-9D3F-746CF336FFEC}.Debug|Any CPU.Build.0 = Debug|Any CPU
		{172BD8C4-5C3E-4928-9D3F-746CF336FFEC}.Release|Any CPU.ActiveCfg = Release|Any CPU
		{172BD8C4-5C3E-4928-9D3F-746CF336FFEC}.Release|Any CPU.Build.0 = Release|Any CPU
		{9B1E5420-E8F3-4B5F-A11A-4D18578F50CE}.Debug|Any CPU.ActiveCfg = Debug|Any CPU
		{9B1E5420-E8F3-4B5F-A11A-4D18578F50CE}.Debug|Any CPU.Build.0 = Debug|Any CPU
		{9B1E5420-E8F3-4B5F-A11A-4D18578F50CE}.Release|Any CPU.ActiveCfg = Release|Any CPU
		{9B1E5420-E8F3-4B5F-A11A-4D18578F50CE}.Release|Any CPU.Build.0 = Release|Any CPU
		{513F9ABD-4FB8-4AC1-89DA-C3300399F34C}.Debug|Any CPU.ActiveCfg = Debug|Any CPU
		{513F9ABD-4FB8-4AC1-89DA-C3300399F34C}.Debug|Any CPU.Build.0 = Debug|Any CPU
		{513F9ABD-4FB8-4AC1-89DA-C3300399F34C}.Release|Any CPU.ActiveCfg = Release|Any CPU
		{513F9ABD-4FB8-4AC1-89DA-C3300399F34C}.Release|Any CPU.Build.0 = Release|Any CPU
		{CFDA4685-B2AF-46FE-81C1-55A291B9B1B0}.Debug|Any CPU.ActiveCfg = Debug|Any CPU
		{CFDA4685-B2AF-46FE-81C1-55A291B9B1B0}.Debug|Any CPU.Build.0 = Debug|Any CPU
		{CFDA4685-B2AF-46FE-81C1-55A291B9B1B0}.Release|Any CPU.ActiveCfg = Release|Any CPU
		{CFDA4685-B2AF-46FE-81C1-55A291B9B1B0}.Release|Any CPU.Build.0 = Release|Any CPU
		{792093F9-83E4-4630-9652-4328FDAED15F}.Debug|Any CPU.ActiveCfg = Debug|Any CPU
		{792093F9-83E4-4630-9652-4328FDAED15F}.Debug|Any CPU.Build.0 = Debug|Any CPU
		{792093F9-83E4-4630-9652-4328FDAED15F}.Release|Any CPU.ActiveCfg = Release|Any CPU
		{792093F9-83E4-4630-9652-4328FDAED15F}.Release|Any CPU.Build.0 = Release|Any CPU
		{2E23D7AD-0B21-4725-87C4-BD43271260A1}.Debug|Any CPU.ActiveCfg = Debug|Any CPU
		{2E23D7AD-0B21-4725-87C4-BD43271260A1}.Debug|Any CPU.Build.0 = Debug|Any CPU
		{2E23D7AD-0B21-4725-87C4-BD43271260A1}.Release|Any CPU.ActiveCfg = Release|Any CPU
		{2E23D7AD-0B21-4725-87C4-BD43271260A1}.Release|Any CPU.Build.0 = Release|Any CPU
		{134E9066-6217-4AF0-B408-47D92AB595BD}.Debug|Any CPU.ActiveCfg = Debug|Any CPU
		{134E9066-6217-4AF0-B408-47D92AB595BD}.Debug|Any CPU.Build.0 = Debug|Any CPU
		{134E9066-6217-4AF0-B408-47D92AB595BD}.Release|Any CPU.ActiveCfg = Release|Any CPU
		{134E9066-6217-4AF0-B408-47D92AB595BD}.Release|Any CPU.Build.0 = Release|Any CPU
		{974056C0-91BD-4EB6-8431-E30A614FD1D4}.Debug|Any CPU.ActiveCfg = Debug|Any CPU
		{974056C0-91BD-4EB6-8431-E30A614FD1D4}.Debug|Any CPU.Build.0 = Debug|Any CPU
		{974056C0-91BD-4EB6-8431-E30A614FD1D4}.Release|Any CPU.ActiveCfg = Release|Any CPU
		{974056C0-91BD-4EB6-8431-E30A614FD1D4}.Release|Any CPU.Build.0 = Release|Any CPU
		{1C966C34-0AA1-44D8-9E7D-C7866958F2D6}.Debug|Any CPU.ActiveCfg = Debug|Any CPU
		{1C966C34-0AA1-44D8-9E7D-C7866958F2D6}.Debug|Any CPU.Build.0 = Debug|Any CPU
		{1C966C34-0AA1-44D8-9E7D-C7866958F2D6}.Release|Any CPU.ActiveCfg = Release|Any CPU
		{1C966C34-0AA1-44D8-9E7D-C7866958F2D6}.Release|Any CPU.Build.0 = Release|Any CPU
		{2EC0C302-B029-4DDB-AC91-000BF11006AD}.Debug|Any CPU.ActiveCfg = Debug|Any CPU
		{2EC0C302-B029-4DDB-AC91-000BF11006AD}.Release|Any CPU.ActiveCfg = Release|Any CPU
		{5DF341BE-B369-4250-AFD4-604DE8C95E45}.Debug|Any CPU.ActiveCfg = Debug|Any CPU
		{5DF341BE-B369-4250-AFD4-604DE8C95E45}.Release|Any CPU.ActiveCfg = Release|Any CPU
		{3285529A-8227-4D40-B524-1A1F919F0E7B}.Debug|Any CPU.ActiveCfg = Current Sources|Any CPU
		{3285529A-8227-4D40-B524-1A1F919F0E7B}.Debug|Any CPU.Build.0 = Current Sources|Any CPU
		{3285529A-8227-4D40-B524-1A1F919F0E7B}.Release|Any CPU.ActiveCfg = Current Sources|Any CPU
		{3285529A-8227-4D40-B524-1A1F919F0E7B}.Release|Any CPU.Build.0 = Current Sources|Any CPU
		{1754B36C-D0DB-4E5D-8C30-1F116046DC0F}.Debug|Any CPU.ActiveCfg = Debug|Any CPU
		{1754B36C-D0DB-4E5D-8C30-1F116046DC0F}.Debug|Any CPU.Build.0 = Debug|Any CPU
		{1754B36C-D0DB-4E5D-8C30-1F116046DC0F}.Release|Any CPU.ActiveCfg = Release|Any CPU
		{1754B36C-D0DB-4E5D-8C30-1F116046DC0F}.Release|Any CPU.Build.0 = Release|Any CPU
	EndGlobalSection
	GlobalSection(SolutionProperties) = preSolution
		HideSolutionNode = FALSE
	EndGlobalSection
	GlobalSection(NestedProjects) = preSolution
		{FF97CD0F-8108-4B66-8A34-42190B459180} = {80EFE3A1-1414-42EA-949B-1B5370A1B2EA}
		{A9F6D09B-15B9-4CE8-867F-6F3383C5F247} = {80EFE3A1-1414-42EA-949B-1B5370A1B2EA}
		{CA7B7136-13EE-4F01-BC22-722875EE8569} = {80EFE3A1-1414-42EA-949B-1B5370A1B2EA}
		{33691BB5-DD5B-4FED-8EE3-52CEE0DE2550} = {80EFE3A1-1414-42EA-949B-1B5370A1B2EA}
		{AFD2E6EC-C5B0-4276-A14A-467D786D0DDA} = {87534290-A7A6-47A4-9A3A-D0D21A9AD1D4}
		{172BD8C4-5C3E-4928-9D3F-746CF336FFEC} = {87534290-A7A6-47A4-9A3A-D0D21A9AD1D4}
		{9B1E5420-E8F3-4B5F-A11A-4D18578F50CE} = {80EFE3A1-1414-42EA-949B-1B5370A1B2EA}
		{513F9ABD-4FB8-4AC1-89DA-C3300399F34C} = {80EFE3A1-1414-42EA-949B-1B5370A1B2EA}
		{CFDA4685-B2AF-46FE-81C1-55A291B9B1B0} = {61683064-A120-44A7-A174-E19154F6D84F}
		{792093F9-83E4-4630-9652-4328FDAED15F} = {61683064-A120-44A7-A174-E19154F6D84F}
		{2E23D7AD-0B21-4725-87C4-BD43271260A1} = {87534290-A7A6-47A4-9A3A-D0D21A9AD1D4}
		{134E9066-6217-4AF0-B408-47D92AB595BD} = {87534290-A7A6-47A4-9A3A-D0D21A9AD1D4}
		{974056C0-91BD-4EB6-8431-E30A614FD1D4} = {87534290-A7A6-47A4-9A3A-D0D21A9AD1D4}
		{1C966C34-0AA1-44D8-9E7D-C7866958F2D6} = {61683064-A120-44A7-A174-E19154F6D84F}
		{2EC0C302-B029-4DDB-AC91-000BF11006AD} = {A3D72E6E-4ADA-42E0-8B2A-055B1F244281}
		{5DF341BE-B369-4250-AFD4-604DE8C95E45} = {A3D72E6E-4ADA-42E0-8B2A-055B1F244281}
		{1754B36C-D0DB-4E5D-8C30-1F116046DC0F} = {A3D72E6E-4ADA-42E0-8B2A-055B1F244281}
	EndGlobalSection
	GlobalSection(ExtensibilityGlobals) = postSolution
		SolutionGuid = {AF70B0C6-C9D9-43B1-9BE4-08720EC1B7B7}
	EndGlobalSection
EndGlobal
