
Microsoft Visual Studio Solution File, Format Version 12.00
# Visual Studio 14
VisualStudioVersion = 14.0.25402.0
MinimumVisualStudioVersion = 10.0.40219.1
Project("{FAE04EC0-301F-11D3-BF4B-00C04F79EFBC}") = "Net45", "Net45\Net45.csproj", "{79A3DEC1-C4C3-4EA4-BE08-6811FAA7EC7D}"
EndProject
Project("{FAE04EC0-301F-11D3-BF4B-00C04F79EFBC}") = "Net461", "Net461\Net461.csproj", "{6374B8BA-D560-4FB1-A9E6-7B03F6A20D72}"
EndProject
Project("{8BB2217D-0F2D-49D1-97BC-3654ED321F3B}") = "NetStandard14", "NetStandard14\NetStandard14.xproj", "{699731BA-0EAD-4DA8-B531-6721D4D72AD1}"
EndProject
Project("{FAE04EC0-301F-11D3-BF4B-00C04F79EFBC}") = "Uwp", "Uwp\Uwp.csproj", "{3E357D66-39EF-435A-AB53-A221FEF1352C}"
EndProject
Project("{FAE04EC0-301F-11D3-BF4B-00C04F79EFBC}") = "Win81Wpa81", "Win81Wpa81\Win81Wpa81.csproj", "{4B8CA6CB-9C25-4D35-9868-5274A553AA0B}"
EndProject
Project("{FAE04EC0-301F-11D3-BF4B-00C04F79EFBC}") = "Pcl259", "Pcl259\Pcl259.csproj", "{7E07BDAD-0A64-4479-8A72-8E0113DBB5F5}"
EndProject
Project("{FAE04EC0-301F-11D3-BF4B-00C04F79EFBC}") = "Win81", "Win81\Win81.csproj", "{F76A709E-8F1E-4BB4-B121-F333B201C091}"
EndProject
Project("{FAE04EC0-301F-11D3-BF4B-00C04F79EFBC}") = "Wpa81", "Wpa81\Wpa81.csproj", "{24F636C6-31F2-4559-AE3F-B3A162810987}"
EndProject
Project("{FAE04EC0-301F-11D3-BF4B-00C04F79EFBC}") = "Wp8", "Wp8\Wp8.csproj", "{470362D5-90CB-4703-9ECB-9A7970A0F1B5}"
EndProject
Project("{2150E333-8FDC-42A3-9474-1A3956D46DE8}") = "Desktop", "Desktop", "{619FDB34-2AF1-4822-AA9E-BF66F138614D}"
EndProject
Project("{2150E333-8FDC-42A3-9474-1A3956D46DE8}") = "Windows", "Windows", "{E06812BE-C482-46E0-A26F-5742CF5094D8}"
EndProject
Project("{2150E333-8FDC-42A3-9474-1A3956D46DE8}") = "Xamarin", "Xamarin", "{F392CEB2-99FE-4E23-961A-B3D801B0C177}"
EndProject
Project("{FAE04EC0-301F-11D3-BF4B-00C04F79EFBC}") = "tvOS", "tvOS\tvOS.csproj", "{7D91441D-E5DD-4966-8FC5-D25BF22EA897}"
EndProject
Project("{FAE04EC0-301F-11D3-BF4B-00C04F79EFBC}") = "Android", "Android\Android.csproj", "{A12D3C3F-79E3-4146-B0C8-F04C92685AC7}"
EndProject
Project("{FAE04EC0-301F-11D3-BF4B-00C04F79EFBC}") = "iOS", "iOS\iOS.csproj", "{E7CA116A-E8DF-4419-A27E-E586E42D0D7F}"
EndProject
Project("{8BB2217D-0F2D-49D1-97BC-3654ED321F3B}") = "NetCoreApp", "NetCoreApp\NetCoreApp.xproj", "{F793AC58-21D9-4187-8F2E-FE413FE4A831}"
EndProject
Global
	GlobalSection(SolutionConfigurationPlatforms) = preSolution
		Debug|Any CPU = Debug|Any CPU
		Debug|ARM = Debug|ARM
		Debug|x64 = Debug|x64
		Debug|x86 = Debug|x86
		Release|Any CPU = Release|Any CPU
		Release|ARM = Release|ARM
		Release|x64 = Release|x64
		Release|x86 = Release|x86
	EndGlobalSection
	GlobalSection(ProjectConfigurationPlatforms) = postSolution
		{79A3DEC1-C4C3-4EA4-BE08-6811FAA7EC7D}.Debug|Any CPU.ActiveCfg = Debug|Any CPU
		{79A3DEC1-C4C3-4EA4-BE08-6811FAA7EC7D}.Debug|Any CPU.Build.0 = Debug|Any CPU
		{79A3DEC1-C4C3-4EA4-BE08-6811FAA7EC7D}.Debug|ARM.ActiveCfg = Debug|Any CPU
		{79A3DEC1-C4C3-4EA4-BE08-6811FAA7EC7D}.Debug|ARM.Build.0 = Debug|Any CPU
		{79A3DEC1-C4C3-4EA4-BE08-6811FAA7EC7D}.Debug|x64.ActiveCfg = Debug|Any CPU
		{79A3DEC1-C4C3-4EA4-BE08-6811FAA7EC7D}.Debug|x64.Build.0 = Debug|Any CPU
		{79A3DEC1-C4C3-4EA4-BE08-6811FAA7EC7D}.Debug|x86.ActiveCfg = Debug|Any CPU
		{79A3DEC1-C4C3-4EA4-BE08-6811FAA7EC7D}.Debug|x86.Build.0 = Debug|Any CPU
		{79A3DEC1-C4C3-4EA4-BE08-6811FAA7EC7D}.Release|Any CPU.ActiveCfg = Release|Any CPU
		{79A3DEC1-C4C3-4EA4-BE08-6811FAA7EC7D}.Release|Any CPU.Build.0 = Release|Any CPU
		{79A3DEC1-C4C3-4EA4-BE08-6811FAA7EC7D}.Release|ARM.ActiveCfg = Release|Any CPU
		{79A3DEC1-C4C3-4EA4-BE08-6811FAA7EC7D}.Release|ARM.Build.0 = Release|Any CPU
		{79A3DEC1-C4C3-4EA4-BE08-6811FAA7EC7D}.Release|x64.ActiveCfg = Release|Any CPU
		{79A3DEC1-C4C3-4EA4-BE08-6811FAA7EC7D}.Release|x64.Build.0 = Release|Any CPU
		{79A3DEC1-C4C3-4EA4-BE08-6811FAA7EC7D}.Release|x86.ActiveCfg = Release|Any CPU
		{79A3DEC1-C4C3-4EA4-BE08-6811FAA7EC7D}.Release|x86.Build.0 = Release|Any CPU
		{6374B8BA-D560-4FB1-A9E6-7B03F6A20D72}.Debug|Any CPU.ActiveCfg = Debug|Any CPU
		{6374B8BA-D560-4FB1-A9E6-7B03F6A20D72}.Debug|Any CPU.Build.0 = Debug|Any CPU
		{6374B8BA-D560-4FB1-A9E6-7B03F6A20D72}.Debug|ARM.ActiveCfg = Debug|Any CPU
		{6374B8BA-D560-4FB1-A9E6-7B03F6A20D72}.Debug|ARM.Build.0 = Debug|Any CPU
		{6374B8BA-D560-4FB1-A9E6-7B03F6A20D72}.Debug|x64.ActiveCfg = Debug|Any CPU
		{6374B8BA-D560-4FB1-A9E6-7B03F6A20D72}.Debug|x64.Build.0 = Debug|Any CPU
		{6374B8BA-D560-4FB1-A9E6-7B03F6A20D72}.Debug|x86.ActiveCfg = Debug|Any CPU
		{6374B8BA-D560-4FB1-A9E6-7B03F6A20D72}.Debug|x86.Build.0 = Debug|Any CPU
		{6374B8BA-D560-4FB1-A9E6-7B03F6A20D72}.Release|Any CPU.ActiveCfg = Release|Any CPU
		{6374B8BA-D560-4FB1-A9E6-7B03F6A20D72}.Release|Any CPU.Build.0 = Release|Any CPU
		{6374B8BA-D560-4FB1-A9E6-7B03F6A20D72}.Release|ARM.ActiveCfg = Release|Any CPU
		{6374B8BA-D560-4FB1-A9E6-7B03F6A20D72}.Release|ARM.Build.0 = Release|Any CPU
		{6374B8BA-D560-4FB1-A9E6-7B03F6A20D72}.Release|x64.ActiveCfg = Release|Any CPU
		{6374B8BA-D560-4FB1-A9E6-7B03F6A20D72}.Release|x64.Build.0 = Release|Any CPU
		{6374B8BA-D560-4FB1-A9E6-7B03F6A20D72}.Release|x86.ActiveCfg = Release|Any CPU
		{6374B8BA-D560-4FB1-A9E6-7B03F6A20D72}.Release|x86.Build.0 = Release|Any CPU
		{699731BA-0EAD-4DA8-B531-6721D4D72AD1}.Debug|Any CPU.ActiveCfg = Debug|Any CPU
		{699731BA-0EAD-4DA8-B531-6721D4D72AD1}.Debug|Any CPU.Build.0 = Debug|Any CPU
		{699731BA-0EAD-4DA8-B531-6721D4D72AD1}.Debug|ARM.ActiveCfg = Debug|Any CPU
		{699731BA-0EAD-4DA8-B531-6721D4D72AD1}.Debug|ARM.Build.0 = Debug|Any CPU
		{699731BA-0EAD-4DA8-B531-6721D4D72AD1}.Debug|x64.ActiveCfg = Debug|Any CPU
		{699731BA-0EAD-4DA8-B531-6721D4D72AD1}.Debug|x64.Build.0 = Debug|Any CPU
		{699731BA-0EAD-4DA8-B531-6721D4D72AD1}.Debug|x86.ActiveCfg = Debug|Any CPU
		{699731BA-0EAD-4DA8-B531-6721D4D72AD1}.Debug|x86.Build.0 = Debug|Any CPU
		{699731BA-0EAD-4DA8-B531-6721D4D72AD1}.Release|Any CPU.ActiveCfg = Release|Any CPU
		{699731BA-0EAD-4DA8-B531-6721D4D72AD1}.Release|Any CPU.Build.0 = Release|Any CPU
		{699731BA-0EAD-4DA8-B531-6721D4D72AD1}.Release|ARM.ActiveCfg = Release|Any CPU
		{699731BA-0EAD-4DA8-B531-6721D4D72AD1}.Release|ARM.Build.0 = Release|Any CPU
		{699731BA-0EAD-4DA8-B531-6721D4D72AD1}.Release|x64.ActiveCfg = Release|Any CPU
		{699731BA-0EAD-4DA8-B531-6721D4D72AD1}.Release|x64.Build.0 = Release|Any CPU
		{699731BA-0EAD-4DA8-B531-6721D4D72AD1}.Release|x86.ActiveCfg = Release|Any CPU
		{699731BA-0EAD-4DA8-B531-6721D4D72AD1}.Release|x86.Build.0 = Release|Any CPU
		{3E357D66-39EF-435A-AB53-A221FEF1352C}.Debug|Any CPU.ActiveCfg = Debug|Any CPU
		{3E357D66-39EF-435A-AB53-A221FEF1352C}.Debug|Any CPU.Build.0 = Debug|Any CPU
		{3E357D66-39EF-435A-AB53-A221FEF1352C}.Debug|ARM.ActiveCfg = Debug|ARM
		{3E357D66-39EF-435A-AB53-A221FEF1352C}.Debug|ARM.Build.0 = Debug|ARM
		{3E357D66-39EF-435A-AB53-A221FEF1352C}.Debug|x64.ActiveCfg = Debug|x64
		{3E357D66-39EF-435A-AB53-A221FEF1352C}.Debug|x64.Build.0 = Debug|x64
		{3E357D66-39EF-435A-AB53-A221FEF1352C}.Debug|x86.ActiveCfg = Debug|x86
		{3E357D66-39EF-435A-AB53-A221FEF1352C}.Debug|x86.Build.0 = Debug|x86
		{3E357D66-39EF-435A-AB53-A221FEF1352C}.Release|Any CPU.ActiveCfg = Release|Any CPU
		{3E357D66-39EF-435A-AB53-A221FEF1352C}.Release|Any CPU.Build.0 = Release|Any CPU
		{3E357D66-39EF-435A-AB53-A221FEF1352C}.Release|ARM.ActiveCfg = Release|ARM
		{3E357D66-39EF-435A-AB53-A221FEF1352C}.Release|ARM.Build.0 = Release|ARM
		{3E357D66-39EF-435A-AB53-A221FEF1352C}.Release|x64.ActiveCfg = Release|x64
		{3E357D66-39EF-435A-AB53-A221FEF1352C}.Release|x64.Build.0 = Release|x64
		{3E357D66-39EF-435A-AB53-A221FEF1352C}.Release|x86.ActiveCfg = Release|x86
		{3E357D66-39EF-435A-AB53-A221FEF1352C}.Release|x86.Build.0 = Release|x86
		{4B8CA6CB-9C25-4D35-9868-5274A553AA0B}.Debug|Any CPU.ActiveCfg = Debug|Any CPU
		{4B8CA6CB-9C25-4D35-9868-5274A553AA0B}.Debug|Any CPU.Build.0 = Debug|Any CPU
		{4B8CA6CB-9C25-4D35-9868-5274A553AA0B}.Debug|ARM.ActiveCfg = Debug|Any CPU
		{4B8CA6CB-9C25-4D35-9868-5274A553AA0B}.Debug|ARM.Build.0 = Debug|Any CPU
		{4B8CA6CB-9C25-4D35-9868-5274A553AA0B}.Debug|x64.ActiveCfg = Debug|Any CPU
		{4B8CA6CB-9C25-4D35-9868-5274A553AA0B}.Debug|x64.Build.0 = Debug|Any CPU
		{4B8CA6CB-9C25-4D35-9868-5274A553AA0B}.Debug|x86.ActiveCfg = Debug|Any CPU
		{4B8CA6CB-9C25-4D35-9868-5274A553AA0B}.Debug|x86.Build.0 = Debug|Any CPU
		{4B8CA6CB-9C25-4D35-9868-5274A553AA0B}.Release|Any CPU.ActiveCfg = Release|Any CPU
		{4B8CA6CB-9C25-4D35-9868-5274A553AA0B}.Release|Any CPU.Build.0 = Release|Any CPU
		{4B8CA6CB-9C25-4D35-9868-5274A553AA0B}.Release|ARM.ActiveCfg = Release|Any CPU
		{4B8CA6CB-9C25-4D35-9868-5274A553AA0B}.Release|ARM.Build.0 = Release|Any CPU
		{4B8CA6CB-9C25-4D35-9868-5274A553AA0B}.Release|x64.ActiveCfg = Release|Any CPU
		{4B8CA6CB-9C25-4D35-9868-5274A553AA0B}.Release|x64.Build.0 = Release|Any CPU
		{4B8CA6CB-9C25-4D35-9868-5274A553AA0B}.Release|x86.ActiveCfg = Release|Any CPU
		{4B8CA6CB-9C25-4D35-9868-5274A553AA0B}.Release|x86.Build.0 = Release|Any CPU
		{7E07BDAD-0A64-4479-8A72-8E0113DBB5F5}.Debug|Any CPU.ActiveCfg = Debug|Any CPU
		{7E07BDAD-0A64-4479-8A72-8E0113DBB5F5}.Debug|Any CPU.Build.0 = Debug|Any CPU
		{7E07BDAD-0A64-4479-8A72-8E0113DBB5F5}.Debug|ARM.ActiveCfg = Debug|Any CPU
		{7E07BDAD-0A64-4479-8A72-8E0113DBB5F5}.Debug|ARM.Build.0 = Debug|Any CPU
		{7E07BDAD-0A64-4479-8A72-8E0113DBB5F5}.Debug|x64.ActiveCfg = Debug|Any CPU
		{7E07BDAD-0A64-4479-8A72-8E0113DBB5F5}.Debug|x64.Build.0 = Debug|Any CPU
		{7E07BDAD-0A64-4479-8A72-8E0113DBB5F5}.Debug|x86.ActiveCfg = Debug|Any CPU
		{7E07BDAD-0A64-4479-8A72-8E0113DBB5F5}.Debug|x86.Build.0 = Debug|Any CPU
		{7E07BDAD-0A64-4479-8A72-8E0113DBB5F5}.Release|Any CPU.ActiveCfg = Release|Any CPU
		{7E07BDAD-0A64-4479-8A72-8E0113DBB5F5}.Release|Any CPU.Build.0 = Release|Any CPU
		{7E07BDAD-0A64-4479-8A72-8E0113DBB5F5}.Release|ARM.ActiveCfg = Release|Any CPU
		{7E07BDAD-0A64-4479-8A72-8E0113DBB5F5}.Release|ARM.Build.0 = Release|Any CPU
		{7E07BDAD-0A64-4479-8A72-8E0113DBB5F5}.Release|x64.ActiveCfg = Release|Any CPU
		{7E07BDAD-0A64-4479-8A72-8E0113DBB5F5}.Release|x64.Build.0 = Release|Any CPU
		{7E07BDAD-0A64-4479-8A72-8E0113DBB5F5}.Release|x86.ActiveCfg = Release|Any CPU
		{7E07BDAD-0A64-4479-8A72-8E0113DBB5F5}.Release|x86.Build.0 = Release|Any CPU
		{F76A709E-8F1E-4BB4-B121-F333B201C091}.Debug|Any CPU.ActiveCfg = Debug|Any CPU
		{F76A709E-8F1E-4BB4-B121-F333B201C091}.Debug|Any CPU.Build.0 = Debug|Any CPU
		{F76A709E-8F1E-4BB4-B121-F333B201C091}.Debug|ARM.ActiveCfg = Debug|ARM
		{F76A709E-8F1E-4BB4-B121-F333B201C091}.Debug|ARM.Build.0 = Debug|ARM
		{F76A709E-8F1E-4BB4-B121-F333B201C091}.Debug|x64.ActiveCfg = Debug|x64
		{F76A709E-8F1E-4BB4-B121-F333B201C091}.Debug|x64.Build.0 = Debug|x64
		{F76A709E-8F1E-4BB4-B121-F333B201C091}.Debug|x86.ActiveCfg = Debug|x86
		{F76A709E-8F1E-4BB4-B121-F333B201C091}.Debug|x86.Build.0 = Debug|x86
		{F76A709E-8F1E-4BB4-B121-F333B201C091}.Release|Any CPU.ActiveCfg = Release|Any CPU
		{F76A709E-8F1E-4BB4-B121-F333B201C091}.Release|Any CPU.Build.0 = Release|Any CPU
		{F76A709E-8F1E-4BB4-B121-F333B201C091}.Release|ARM.ActiveCfg = Release|ARM
		{F76A709E-8F1E-4BB4-B121-F333B201C091}.Release|ARM.Build.0 = Release|ARM
		{F76A709E-8F1E-4BB4-B121-F333B201C091}.Release|x64.ActiveCfg = Release|x64
		{F76A709E-8F1E-4BB4-B121-F333B201C091}.Release|x64.Build.0 = Release|x64
		{F76A709E-8F1E-4BB4-B121-F333B201C091}.Release|x86.ActiveCfg = Release|x86
		{F76A709E-8F1E-4BB4-B121-F333B201C091}.Release|x86.Build.0 = Release|x86
		{24F636C6-31F2-4559-AE3F-B3A162810987}.Debug|Any CPU.ActiveCfg = Debug|Any CPU
		{24F636C6-31F2-4559-AE3F-B3A162810987}.Debug|Any CPU.Build.0 = Debug|Any CPU
		{24F636C6-31F2-4559-AE3F-B3A162810987}.Debug|ARM.ActiveCfg = Debug|ARM
		{24F636C6-31F2-4559-AE3F-B3A162810987}.Debug|ARM.Build.0 = Debug|ARM
		{24F636C6-31F2-4559-AE3F-B3A162810987}.Debug|x64.ActiveCfg = Debug|Any CPU
		{24F636C6-31F2-4559-AE3F-B3A162810987}.Debug|x64.Build.0 = Debug|Any CPU
		{24F636C6-31F2-4559-AE3F-B3A162810987}.Debug|x86.ActiveCfg = Debug|x86
		{24F636C6-31F2-4559-AE3F-B3A162810987}.Debug|x86.Build.0 = Debug|x86
		{24F636C6-31F2-4559-AE3F-B3A162810987}.Release|Any CPU.ActiveCfg = Release|Any CPU
		{24F636C6-31F2-4559-AE3F-B3A162810987}.Release|Any CPU.Build.0 = Release|Any CPU
		{24F636C6-31F2-4559-AE3F-B3A162810987}.Release|ARM.ActiveCfg = Release|ARM
		{24F636C6-31F2-4559-AE3F-B3A162810987}.Release|ARM.Build.0 = Release|ARM
		{24F636C6-31F2-4559-AE3F-B3A162810987}.Release|x64.ActiveCfg = Release|Any CPU
		{24F636C6-31F2-4559-AE3F-B3A162810987}.Release|x64.Build.0 = Release|Any CPU
		{24F636C6-31F2-4559-AE3F-B3A162810987}.Release|x86.ActiveCfg = Release|x86
		{24F636C6-31F2-4559-AE3F-B3A162810987}.Release|x86.Build.0 = Release|x86
		{470362D5-90CB-4703-9ECB-9A7970A0F1B5}.Debug|Any CPU.ActiveCfg = Debug|Any CPU
		{470362D5-90CB-4703-9ECB-9A7970A0F1B5}.Debug|Any CPU.Build.0 = Debug|Any CPU
		{470362D5-90CB-4703-9ECB-9A7970A0F1B5}.Debug|ARM.ActiveCfg = Debug|ARM
		{470362D5-90CB-4703-9ECB-9A7970A0F1B5}.Debug|ARM.Build.0 = Debug|ARM
		{470362D5-90CB-4703-9ECB-9A7970A0F1B5}.Debug|x64.ActiveCfg = Debug|Any CPU
		{470362D5-90CB-4703-9ECB-9A7970A0F1B5}.Debug|x64.Build.0 = Debug|Any CPU
		{470362D5-90CB-4703-9ECB-9A7970A0F1B5}.Debug|x86.ActiveCfg = Debug|x86
		{470362D5-90CB-4703-9ECB-9A7970A0F1B5}.Debug|x86.Build.0 = Debug|x86
		{470362D5-90CB-4703-9ECB-9A7970A0F1B5}.Release|Any CPU.ActiveCfg = Release|Any CPU
		{470362D5-90CB-4703-9ECB-9A7970A0F1B5}.Release|Any CPU.Build.0 = Release|Any CPU
		{470362D5-90CB-4703-9ECB-9A7970A0F1B5}.Release|ARM.ActiveCfg = Release|ARM
		{470362D5-90CB-4703-9ECB-9A7970A0F1B5}.Release|ARM.Build.0 = Release|ARM
		{470362D5-90CB-4703-9ECB-9A7970A0F1B5}.Release|x64.ActiveCfg = Release|Any CPU
		{470362D5-90CB-4703-9ECB-9A7970A0F1B5}.Release|x64.Build.0 = Release|Any CPU
		{470362D5-90CB-4703-9ECB-9A7970A0F1B5}.Release|x86.ActiveCfg = Release|x86
		{470362D5-90CB-4703-9ECB-9A7970A0F1B5}.Release|x86.Build.0 = Release|x86
		{7D91441D-E5DD-4966-8FC5-D25BF22EA897}.Debug|Any CPU.ActiveCfg = Debug|Any CPU
		{7D91441D-E5DD-4966-8FC5-D25BF22EA897}.Debug|Any CPU.Build.0 = Debug|Any CPU
		{7D91441D-E5DD-4966-8FC5-D25BF22EA897}.Debug|ARM.ActiveCfg = Debug|Any CPU
		{7D91441D-E5DD-4966-8FC5-D25BF22EA897}.Debug|ARM.Build.0 = Debug|Any CPU
		{7D91441D-E5DD-4966-8FC5-D25BF22EA897}.Debug|x64.ActiveCfg = Debug|Any CPU
		{7D91441D-E5DD-4966-8FC5-D25BF22EA897}.Debug|x64.Build.0 = Debug|Any CPU
		{7D91441D-E5DD-4966-8FC5-D25BF22EA897}.Debug|x86.ActiveCfg = Debug|Any CPU
		{7D91441D-E5DD-4966-8FC5-D25BF22EA897}.Debug|x86.Build.0 = Debug|Any CPU
		{7D91441D-E5DD-4966-8FC5-D25BF22EA897}.Release|Any CPU.ActiveCfg = Release|Any CPU
		{7D91441D-E5DD-4966-8FC5-D25BF22EA897}.Release|Any CPU.Build.0 = Release|Any CPU
		{7D91441D-E5DD-4966-8FC5-D25BF22EA897}.Release|ARM.ActiveCfg = Release|Any CPU
		{7D91441D-E5DD-4966-8FC5-D25BF22EA897}.Release|ARM.Build.0 = Release|Any CPU
		{7D91441D-E5DD-4966-8FC5-D25BF22EA897}.Release|x64.ActiveCfg = Release|Any CPU
		{7D91441D-E5DD-4966-8FC5-D25BF22EA897}.Release|x64.Build.0 = Release|Any CPU
		{7D91441D-E5DD-4966-8FC5-D25BF22EA897}.Release|x86.ActiveCfg = Release|Any CPU
		{7D91441D-E5DD-4966-8FC5-D25BF22EA897}.Release|x86.Build.0 = Release|Any CPU
		{A12D3C3F-79E3-4146-B0C8-F04C92685AC7}.Debug|Any CPU.ActiveCfg = Debug|Any CPU
		{A12D3C3F-79E3-4146-B0C8-F04C92685AC7}.Debug|Any CPU.Build.0 = Debug|Any CPU
		{A12D3C3F-79E3-4146-B0C8-F04C92685AC7}.Debug|ARM.ActiveCfg = Debug|Any CPU
		{A12D3C3F-79E3-4146-B0C8-F04C92685AC7}.Debug|ARM.Build.0 = Debug|Any CPU
		{A12D3C3F-79E3-4146-B0C8-F04C92685AC7}.Debug|x64.ActiveCfg = Debug|Any CPU
		{A12D3C3F-79E3-4146-B0C8-F04C92685AC7}.Debug|x64.Build.0 = Debug|Any CPU
		{A12D3C3F-79E3-4146-B0C8-F04C92685AC7}.Debug|x86.ActiveCfg = Debug|Any CPU
		{A12D3C3F-79E3-4146-B0C8-F04C92685AC7}.Debug|x86.Build.0 = Debug|Any CPU
		{A12D3C3F-79E3-4146-B0C8-F04C92685AC7}.Release|Any CPU.ActiveCfg = Release|Any CPU
		{A12D3C3F-79E3-4146-B0C8-F04C92685AC7}.Release|Any CPU.Build.0 = Release|Any CPU
		{A12D3C3F-79E3-4146-B0C8-F04C92685AC7}.Release|ARM.ActiveCfg = Release|Any CPU
		{A12D3C3F-79E3-4146-B0C8-F04C92685AC7}.Release|ARM.Build.0 = Release|Any CPU
		{A12D3C3F-79E3-4146-B0C8-F04C92685AC7}.Release|x64.ActiveCfg = Release|Any CPU
		{A12D3C3F-79E3-4146-B0C8-F04C92685AC7}.Release|x64.Build.0 = Release|Any CPU
		{A12D3C3F-79E3-4146-B0C8-F04C92685AC7}.Release|x86.ActiveCfg = Release|Any CPU
		{A12D3C3F-79E3-4146-B0C8-F04C92685AC7}.Release|x86.Build.0 = Release|Any CPU
		{E7CA116A-E8DF-4419-A27E-E586E42D0D7F}.Debug|Any CPU.ActiveCfg = Debug|Any CPU
		{E7CA116A-E8DF-4419-A27E-E586E42D0D7F}.Debug|Any CPU.Build.0 = Debug|Any CPU
		{E7CA116A-E8DF-4419-A27E-E586E42D0D7F}.Debug|ARM.ActiveCfg = Debug|Any CPU
		{E7CA116A-E8DF-4419-A27E-E586E42D0D7F}.Debug|ARM.Build.0 = Debug|Any CPU
		{E7CA116A-E8DF-4419-A27E-E586E42D0D7F}.Debug|x64.ActiveCfg = Debug|Any CPU
		{E7CA116A-E8DF-4419-A27E-E586E42D0D7F}.Debug|x64.Build.0 = Debug|Any CPU
		{E7CA116A-E8DF-4419-A27E-E586E42D0D7F}.Debug|x86.ActiveCfg = Debug|Any CPU
		{E7CA116A-E8DF-4419-A27E-E586E42D0D7F}.Debug|x86.Build.0 = Debug|Any CPU
		{E7CA116A-E8DF-4419-A27E-E586E42D0D7F}.Release|Any CPU.ActiveCfg = Release|Any CPU
		{E7CA116A-E8DF-4419-A27E-E586E42D0D7F}.Release|Any CPU.Build.0 = Release|Any CPU
		{E7CA116A-E8DF-4419-A27E-E586E42D0D7F}.Release|ARM.ActiveCfg = Release|Any CPU
		{E7CA116A-E8DF-4419-A27E-E586E42D0D7F}.Release|ARM.Build.0 = Release|Any CPU
		{E7CA116A-E8DF-4419-A27E-E586E42D0D7F}.Release|x64.ActiveCfg = Release|Any CPU
		{E7CA116A-E8DF-4419-A27E-E586E42D0D7F}.Release|x64.Build.0 = Release|Any CPU
		{E7CA116A-E8DF-4419-A27E-E586E42D0D7F}.Release|x86.ActiveCfg = Release|Any CPU
		{E7CA116A-E8DF-4419-A27E-E586E42D0D7F}.Release|x86.Build.0 = Release|Any CPU
		{F793AC58-21D9-4187-8F2E-FE413FE4A831}.Debug|Any CPU.ActiveCfg = Debug|Any CPU
		{F793AC58-21D9-4187-8F2E-FE413FE4A831}.Debug|Any CPU.Build.0 = Debug|Any CPU
		{F793AC58-21D9-4187-8F2E-FE413FE4A831}.Debug|ARM.ActiveCfg = Debug|Any CPU
		{F793AC58-21D9-4187-8F2E-FE413FE4A831}.Debug|ARM.Build.0 = Debug|Any CPU
		{F793AC58-21D9-4187-8F2E-FE413FE4A831}.Debug|x64.ActiveCfg = Debug|Any CPU
		{F793AC58-21D9-4187-8F2E-FE413FE4A831}.Debug|x64.Build.0 = Debug|Any CPU
		{F793AC58-21D9-4187-8F2E-FE413FE4A831}.Debug|x86.ActiveCfg = Debug|Any CPU
		{F793AC58-21D9-4187-8F2E-FE413FE4A831}.Debug|x86.Build.0 = Debug|Any CPU
		{F793AC58-21D9-4187-8F2E-FE413FE4A831}.Release|Any CPU.ActiveCfg = Release|Any CPU
		{F793AC58-21D9-4187-8F2E-FE413FE4A831}.Release|Any CPU.Build.0 = Release|Any CPU
		{F793AC58-21D9-4187-8F2E-FE413FE4A831}.Release|ARM.ActiveCfg = Release|Any CPU
		{F793AC58-21D9-4187-8F2E-FE413FE4A831}.Release|ARM.Build.0 = Release|Any CPU
		{F793AC58-21D9-4187-8F2E-FE413FE4A831}.Release|x64.ActiveCfg = Release|Any CPU
		{F793AC58-21D9-4187-8F2E-FE413FE4A831}.Release|x64.Build.0 = Release|Any CPU
		{F793AC58-21D9-4187-8F2E-FE413FE4A831}.Release|x86.ActiveCfg = Release|Any CPU
		{F793AC58-21D9-4187-8F2E-FE413FE4A831}.Release|x86.Build.0 = Release|Any CPU
	EndGlobalSection
	GlobalSection(SolutionProperties) = preSolution
		HideSolutionNode = FALSE
	EndGlobalSection
	GlobalSection(NestedProjects) = preSolution
		{79A3DEC1-C4C3-4EA4-BE08-6811FAA7EC7D} = {619FDB34-2AF1-4822-AA9E-BF66F138614D}
		{6374B8BA-D560-4FB1-A9E6-7B03F6A20D72} = {619FDB34-2AF1-4822-AA9E-BF66F138614D}
		{699731BA-0EAD-4DA8-B531-6721D4D72AD1} = {619FDB34-2AF1-4822-AA9E-BF66F138614D}
		{3E357D66-39EF-435A-AB53-A221FEF1352C} = {E06812BE-C482-46E0-A26F-5742CF5094D8}
		{4B8CA6CB-9C25-4D35-9868-5274A553AA0B} = {E06812BE-C482-46E0-A26F-5742CF5094D8}
		{7E07BDAD-0A64-4479-8A72-8E0113DBB5F5} = {619FDB34-2AF1-4822-AA9E-BF66F138614D}
		{F76A709E-8F1E-4BB4-B121-F333B201C091} = {E06812BE-C482-46E0-A26F-5742CF5094D8}
		{24F636C6-31F2-4559-AE3F-B3A162810987} = {E06812BE-C482-46E0-A26F-5742CF5094D8}
		{470362D5-90CB-4703-9ECB-9A7970A0F1B5} = {E06812BE-C482-46E0-A26F-5742CF5094D8}
		{7D91441D-E5DD-4966-8FC5-D25BF22EA897} = {F392CEB2-99FE-4E23-961A-B3D801B0C177}
		{A12D3C3F-79E3-4146-B0C8-F04C92685AC7} = {F392CEB2-99FE-4E23-961A-B3D801B0C177}
		{E7CA116A-E8DF-4419-A27E-E586E42D0D7F} = {F392CEB2-99FE-4E23-961A-B3D801B0C177}
		{F793AC58-21D9-4187-8F2E-FE413FE4A831} = {619FDB34-2AF1-4822-AA9E-BF66F138614D}
	EndGlobalSection
EndGlobal
